PODS:
  - WBCategoryKit (1.1.0):
    - WBCategoryKit/Foundation (= 1.1.0)
    - WBCategoryKit/Macro (= 1.1.0)
    - WBCategoryKit/QuartzCore (= 1.1.0)
    - WBCategoryKit/UIKit (= 1.1.0)
  - WBCategoryKit/Foundation (1.1.0):
    - WBCategoryKit/Foundation/NSArray (= 1.1.0)
    - WBCategoryKit/Foundation/NSData (= 1.1.0)
    - WBCategoryKit/Foundation/NSDate (= 1.1.0)
    - WBCategoryKit/Foundation/NSDictionary (= 1.1.0)
    - WBCategoryKit/Foundation/NSMutableAttributedString (= 1.1.0)
    - WBCategoryKit/Foundation/NSObject (= 1.1.0)
    - WBCategoryKit/Foundation/NSString (= 1.1.0)
    - WBCategoryKit/Foundation/NSUserDefaults (= 1.1.0)
    - WBCategoryKit/Foundation/Swizzle (= 1.1.0)
  - WBCategoryKit/Foundation/NSArray (1.1.0)
  - WBCategoryKit/Foundation/NSData (1.1.0)
  - WBCategoryKit/Foundation/NSDate (1.1.0)
  - WBCategoryKit/Foundation/NSDictionary (1.1.0):
    - WBCategoryKit/Foundation/NSString
  - WBCategoryKit/Foundation/NSMutableAttributedString (1.1.0)
  - WBCategoryKit/Foundation/NSObject (1.1.0)
  - WBCategoryKit/Foundation/NSString (1.1.0)
  - WBCategoryKit/Foundation/NSUserDefaults (1.1.0)
  - WBCategoryKit/Foundation/Swizzle (1.1.0)
  - WBCategoryKit/Macro (1.1.0)
  - WBCategoryKit/QuartzCore (1.1.0)
  - WBCategoryKit/UIKit (1.1.0):
    - WBCategoryKit/UIKit/UIAlertController (= 1.1.0)
    - WBCategoryKit/UIKit/UIApplication (= 1.1.0)
    - WBCategoryKit/UIKit/UIBarButtonItem (= 1.1.0)
    - WBCategoryKit/UIKit/UIButton (= 1.1.0)
    - WBCategoryKit/UIKit/UICollectionView (= 1.1.0)
    - WBCategoryKit/UIKit/UIColor (= 1.1.0)
    - WBCategoryKit/UIKit/UIControl (= 1.1.0)
    - WBCategoryKit/UIKit/UIFont (= 1.1.0)
    - WBCategoryKit/UIKit/UIImage (= 1.1.0)
    - WBCategoryKit/UIKit/UIImagePickerController (= 1.1.0)
    - WBCategoryKit/UIKit/UINavigationBar (= 1.1.0)
    - WBCategoryKit/UIKit/UINavigationItem (= 1.1.0)
    - WBCategoryKit/UIKit/UIScreen (= 1.1.0)
    - WBCategoryKit/UIKit/UIScrollView (= 1.1.0)
    - WBCategoryKit/UIKit/UISearchBar (= 1.1.0)
    - WBCategoryKit/UIKit/UITableViewCell (= 1.1.0)
    - WBCategoryKit/UIKit/UITextView (= 1.1.0)
    - WBCategoryKit/UIKit/UIView (= 1.1.0)
    - WBCategoryKit/UIKit/UIViewController (= 1.1.0)
    - WBCategoryKit/UIKit/UIWindow (= 1.1.0)
    - WBCategoryKit/UIKit/WKWebView (= 1.1.0)
  - WBCategoryKit/UIKit/UIAlertController (1.1.0)
  - WBCategoryKit/UIKit/UIApplication (1.1.0)
  - WBCategoryKit/UIKit/UIBarButtonItem (1.1.0)
  - WBCategoryKit/UIKit/UIButton (1.1.0)
  - WBCategoryKit/UIKit/UICollectionView (1.1.0)
  - WBCategoryKit/UIKit/UIColor (1.1.0)
  - WBCategoryKit/UIKit/UIControl (1.1.0)
  - WBCategoryKit/UIKit/UIFont (1.1.0):
    - WBCategoryKit/Foundation/Swizzle
    - WBCategoryKit/Macro
  - WBCategoryKit/UIKit/UIImage (1.1.0)
  - WBCategoryKit/UIKit/UIImagePickerController (1.1.0):
    - WBCategoryKit/Foundation/NSDate
  - WBCategoryKit/UIKit/UINavigationBar (1.1.0)
  - WBCategoryKit/UIKit/UINavigationItem (1.1.0)
  - WBCategoryKit/UIKit/UIScreen (1.1.0)
  - WBCategoryKit/UIKit/UIScrollView (1.1.0)
  - WBCategoryKit/UIKit/UISearchBar (1.1.0)
  - WBCategoryKit/UIKit/UITableViewCell (1.1.0)
  - WBCategoryKit/UIKit/UITextView (1.1.0)
  - WBCategoryKit/UIKit/UIView (1.1.0)
  - WBCategoryKit/UIKit/UIViewController (1.1.0)
  - WBCategoryKit/UIKit/UIWindow (1.1.0)
  - WBCategoryKit/UIKit/WKWebView (1.1.0)

DEPENDENCIES:
  - WBCategoryKit (from `../`)

EXTERNAL SOURCES:
  WBCategoryKit:
    :path: "../"

SPEC CHECKSUMS:
  WBCategoryKit: c710c5d008af1016cc24db0e04fe3e26f46275b6

PODFILE CHECKSUM: 180cbe0af866ca384d38b76103e292232f21f862

COCOAPODS: 1.8.4
