// !$*UTF8*$!
{
	archiveVersion = 1;
	classes = {
	};
	objectVersion = 48;
	objects = {

/* Begin PBXBuildFile section */
		84E35FAC2029889200E4683F /* AppDelegate.m in Sources */ = {isa = PBXBuildFile; fileRef = 84E35FAB2029889200E4683F /* AppDelegate.m */; };
		84E35FAF2029889200E4683F /* ViewController.m in Sources */ = {isa = PBXBuildFile; fileRef = 84E35FAE2029889200E4683F /* ViewController.m */; };
		84E35FB22029889200E4683F /* Main.storyboard in Resources */ = {isa = PBXBuildFile; fileRef = 84E35FB02029889200E4683F /* Main.storyboard */; };
		84E35FB42029889200E4683F /* Assets.xcassets in Resources */ = {isa = PBXBuildFile; fileRef = 84E35FB32029889200E4683F /* Assets.xcassets */; };
		84E35FB72029889200E4683F /* LaunchScreen.storyboard in Resources */ = {isa = PBXBuildFile; fileRef = 84E35FB52029889200E4683F /* LaunchScreen.storyboard */; };
		84E35FBA2029889200E4683F /* main.m in Sources */ = {isa = PBXBuildFile; fileRef = 84E35FB92029889200E4683F /* main.m */; };
		C52B07F3213ECE6F008E9013 /* UIImage+WBAdditional.m in Sources */ = {isa = PBXBuildFile; fileRef = C52B0727213ECE6F008E9013 /* UIImage+WBAdditional.m */; };
		C52B07F4213ECE6F008E9013 /* UIImage+WBRotate.m in Sources */ = {isa = PBXBuildFile; fileRef = C52B072B213ECE6F008E9013 /* UIImage+WBRotate.m */; };
		C52B07F5213ECE6F008E9013 /* UIImage+WBCompress.m in Sources */ = {isa = PBXBuildFile; fileRef = C52B072D213ECE6F008E9013 /* UIImage+WBCompress.m */; };
		C52B07F6213ECE6F008E9013 /* UIImage+WBEffect.m in Sources */ = {isa = PBXBuildFile; fileRef = C52B072E213ECE6F008E9013 /* UIImage+WBEffect.m */; };
		C52B07F7213ECE6F008E9013 /* UIScrollView+WBAdditional.m in Sources */ = {isa = PBXBuildFile; fileRef = C52B0730213ECE6F008E9013 /* UIScrollView+WBAdditional.m */; };
		C52B07F8213ECE6F008E9013 /* UIScreen+WBFrame.m in Sources */ = {isa = PBXBuildFile; fileRef = C52B0734213ECE6F008E9013 /* UIScreen+WBFrame.m */; };
		C52B07F9213ECE6F008E9013 /* UIWindow+WBHierarchy.m in Sources */ = {isa = PBXBuildFile; fileRef = C52B0736213ECE6F008E9013 /* UIWindow+WBHierarchy.m */; };
		C52B07FA213ECE6F008E9013 /* UIApplication+WBNetworkActivityIndicator.m in Sources */ = {isa = PBXBuildFile; fileRef = C52B073C213ECE6F008E9013 /* UIApplication+WBNetworkActivityIndicator.m */; };
		C52B07FB213ECE6F008E9013 /* UIApplication+WBKeyBoardFrame.m in Sources */ = {isa = PBXBuildFile; fileRef = C52B073D213ECE6F008E9013 /* UIApplication+WBKeyBoardFrame.m */; };
		C52B07FC213ECE6F008E9013 /* UIApplication+WBApplicationSize.m in Sources */ = {isa = PBXBuildFile; fileRef = C52B073E213ECE6F008E9013 /* UIApplication+WBApplicationSize.m */; };
		C52B07FD213ECE6F008E9013 /* UITableViewCell+FindUITableView.m in Sources */ = {isa = PBXBuildFile; fileRef = C52B0741213ECE6F008E9013 /* UITableViewCell+FindUITableView.m */; };
		C52B07FE213ECE6F008E9013 /* UIButton+WBAdjustPosition.m in Sources */ = {isa = PBXBuildFile; fileRef = C52B0745213ECE6F008E9013 /* UIButton+WBAdjustPosition.m */; };
		C52B07FF213ECE6F008E9013 /* UIButton+WBBlock.m in Sources */ = {isa = PBXBuildFile; fileRef = C52B0747213ECE6F008E9013 /* UIButton+WBBlock.m */; };
		C52B0800213ECE6F008E9013 /* UIButton+WBEnlargeTouchAreas.m in Sources */ = {isa = PBXBuildFile; fileRef = C52B074A213ECE6F008E9013 /* UIButton+WBEnlargeTouchAreas.m */; };
		C52B0801213ECE6F008E9013 /* UIButton+WBImagePosition.m in Sources */ = {isa = PBXBuildFile; fileRef = C52B074B213ECE6F008E9013 /* UIButton+WBImagePosition.m */; };
		C52B0802213ECE6F008E9013 /* UIButton+WBCountDown.m in Sources */ = {isa = PBXBuildFile; fileRef = C52B074E213ECE6F008E9013 /* UIButton+WBCountDown.m */; };
		C52B0803213ECE6F008E9013 /* UIButton+WBMiddleAlign.m in Sources */ = {isa = PBXBuildFile; fileRef = C52B074F213ECE6F008E9013 /* UIButton+WBMiddleAlign.m */; };
		C52B0804213ECE6F008E9013 /* UIButton+WBShowIndicator.m in Sources */ = {isa = PBXBuildFile; fileRef = C52B0751213ECE6F008E9013 /* UIButton+WBShowIndicator.m */; };
		C52B0805213ECE6F008E9013 /* UIButton+WBAdditional.m in Sources */ = {isa = PBXBuildFile; fileRef = C52B0752213ECE6F008E9013 /* UIButton+WBAdditional.m */; };
		C52B0806213ECE6F008E9013 /* UIColor+WBCommonColor.m in Sources */ = {isa = PBXBuildFile; fileRef = C52B0754213ECE6F008E9013 /* UIColor+WBCommonColor.m */; };
		C52B0807213ECE6F008E9013 /* UIColor+WBAdditional.m in Sources */ = {isa = PBXBuildFile; fileRef = C52B0757213ECE6F008E9013 /* UIColor+WBAdditional.m */; };
		C52B0808213ECE6F008E9013 /* UIAlertController+WBAdditional.m in Sources */ = {isa = PBXBuildFile; fileRef = C52B075A213ECE6F008E9013 /* UIAlertController+WBAdditional.m */; };
		C52B0809213ECE6F008E9013 /* UIView+WBBlockGesture.m in Sources */ = {isa = PBXBuildFile; fileRef = C52B075D213ECE6F008E9013 /* UIView+WBBlockGesture.m */; };
		C52B080A213ECE6F008E9013 /* UIView+WBBlurEffect.m in Sources */ = {isa = PBXBuildFile; fileRef = C52B075E213ECE6F008E9013 /* UIView+WBBlurEffect.m */; };
		C52B080B213ECE6F008E9013 /* UIView+WBBasicAnimation.m in Sources */ = {isa = PBXBuildFile; fileRef = C52B075F213ECE6F008E9013 /* UIView+WBBasicAnimation.m */; };
		C52B080D213ECE6F008E9013 /* UIView+WBShake.m in Sources */ = {isa = PBXBuildFile; fileRef = C52B0767213ECE6F008E9013 /* UIView+WBShake.m */; };
		C52B080E213ECE6F008E9013 /* UIView+WBConstraints.m in Sources */ = {isa = PBXBuildFile; fileRef = C52B0768213ECE6F008E9013 /* UIView+WBConstraints.m */; };
		C52B080F213ECE6F008E9013 /* UIView+WBFind.m in Sources */ = {isa = PBXBuildFile; fileRef = C52B076B213ECE6F008E9013 /* UIView+WBFind.m */; };
		C52B0810213ECE6F008E9013 /* UIView+WBAdditional.m in Sources */ = {isa = PBXBuildFile; fileRef = C52B076D213ECE6F008E9013 /* UIView+WBAdditional.m */; };
		C52B0811213ECE6F008E9013 /* UIView+WBDraggable.m in Sources */ = {isa = PBXBuildFile; fileRef = C52B076E213ECE6F008E9013 /* UIView+WBDraggable.m */; };
		C52B0812213ECE6F008E9013 /* UIView+WBFrame.m in Sources */ = {isa = PBXBuildFile; fileRef = C52B076F213ECE6F008E9013 /* UIView+WBFrame.m */; };
		C52B0813213ECE6F008E9013 /* UIView+WBRecursion.m in Sources */ = {isa = PBXBuildFile; fileRef = C52B0770213ECE6F008E9013 /* UIView+WBRecursion.m */; };
		C52B0814213ECE6F008E9013 /* UIView+WBDismissKeyboard.m in Sources */ = {isa = PBXBuildFile; fileRef = C52B0772213ECE6F008E9013 /* UIView+WBDismissKeyboard.m */; };
		C52B0815213ECE6F008E9013 /* UIView+WBExtension.m in Sources */ = {isa = PBXBuildFile; fileRef = C52B0773213ECE6F008E9013 /* UIView+WBExtension.m */; };
		C52B0816213ECE6F008E9013 /* UIFont+WBRuntimeSize.m in Sources */ = {isa = PBXBuildFile; fileRef = C52B0777213ECE6F008E9013 /* UIFont+WBRuntimeSize.m */; };
		C52B0817213ECE6F008E9013 /* UINavigationBarContentView+Margin.m in Sources */ = {isa = PBXBuildFile; fileRef = C52B077D213ECE6F008E9013 /* UINavigationBarContentView+Margin.m */; };
		C52B0818213ECE6F008E9013 /* UINavigationBarContentViewLayout+Margin.m in Sources */ = {isa = PBXBuildFile; fileRef = C52B0780213ECE6F008E9013 /* UINavigationBarContentViewLayout+Margin.m */; };
		C52B0819213ECE6F008E9013 /* UINavigationItem+Margin.m in Sources */ = {isa = PBXBuildFile; fileRef = C52B0781213ECE6F008E9013 /* UINavigationItem+Margin.m */; };
		C52B081A213ECE6F008E9013 /* Swizzle.m in Sources */ = {isa = PBXBuildFile; fileRef = C52B0782213ECE6F008E9013 /* Swizzle.m */; };
		C52B081B213ECE6F008E9013 /* UINavigationItem+WBLock.m in Sources */ = {isa = PBXBuildFile; fileRef = C52B0785213ECE6F008E9013 /* UINavigationItem+WBLock.m */; };
		C52B081C213ECE6F008E9013 /* UINavigationItem+WBLoading.m in Sources */ = {isa = PBXBuildFile; fileRef = C52B0786213ECE6F008E9013 /* UINavigationItem+WBLoading.m */; };
		C52B081D213ECE6F008E9013 /* WKWebView+WBAdditional.m in Sources */ = {isa = PBXBuildFile; fileRef = C52B078D213ECE6F008E9013 /* WKWebView+WBAdditional.m */; };
		C52B081E213ECE6F008E9013 /* WKWebView+WBCapture.m in Sources */ = {isa = PBXBuildFile; fileRef = C52B078E213ECE6F008E9013 /* WKWebView+WBCapture.m */; };
		C52B081F213ECE6F008E9013 /* WKWebView+WBLoadInfo.m in Sources */ = {isa = PBXBuildFile; fileRef = C52B078F213ECE6F008E9013 /* WKWebView+WBLoadInfo.m */; };
		C52B0820213ECE6F008E9013 /* WKWebView+WBJavaScript.m in Sources */ = {isa = PBXBuildFile; fileRef = C52B0790213ECE6F008E9013 /* WKWebView+WBJavaScript.m */; };
		C52B0821213ECE6F008E9013 /* WKWebView+WBMetaParser.m in Sources */ = {isa = PBXBuildFile; fileRef = C52B0791213ECE6F008E9013 /* WKWebView+WBMetaParser.m */; };
		C52B0822213ECE6F008E9013 /* UITextView+Placeholder.m in Sources */ = {isa = PBXBuildFile; fileRef = C52B0793213ECE6F008E9013 /* UITextView+Placeholder.m */; };
		C52B0823213ECE6F008E9013 /* WBUUID.m in Sources */ = {isa = PBXBuildFile; fileRef = C52B0798213ECE6F008E9013 /* WBUUID.m */; };
		C52B0824213ECE6F008E9013 /* UIDevice+WBUUID.m in Sources */ = {isa = PBXBuildFile; fileRef = C52B0799213ECE6F008E9013 /* UIDevice+WBUUID.m */; };
		C52B0825213ECE6F008E9013 /* UICollectionView+WBReload.m in Sources */ = {isa = PBXBuildFile; fileRef = C52B079C213ECE6F008E9013 /* UICollectionView+WBReload.m */; };
		C52B0826213ECE6F008E9013 /* UIImagePickerController+WBAdditional.m in Sources */ = {isa = PBXBuildFile; fileRef = C52B079F213ECE6F008E9013 /* UIImagePickerController+WBAdditional.m */; };
		C52B0827213ECE6F008E9013 /* UIBarButtonItem+WBBadge.m in Sources */ = {isa = PBXBuildFile; fileRef = C52B07A1213ECE6F008E9013 /* UIBarButtonItem+WBBadge.m */; };
		C52B0828213ECE6F008E9013 /* UIBarButtonItem+WBActionBlock.m in Sources */ = {isa = PBXBuildFile; fileRef = C52B07A4213ECE6F008E9013 /* UIBarButtonItem+WBActionBlock.m */; };
		C52B0829213ECE6F008E9013 /* UIImageView+WBWebCache.m in Sources */ = {isa = PBXBuildFile; fileRef = C52B07A6213ECE6F008E9013 /* UIImageView+WBWebCache.m */; };
		C52B082A213ECE6F008E9013 /* UINavigationBar+WBBarStyle.m in Sources */ = {isa = PBXBuildFile; fileRef = C52B07AA213ECE6F008E9013 /* UINavigationBar+WBBarStyle.m */; };
		C52B082B213ECE6F008E9013 /* UIViewController+WBRemoveTabbarButton.m in Sources */ = {isa = PBXBuildFile; fileRef = C52B07AC213ECE6F008E9013 /* UIViewController+WBRemoveTabbarButton.m */; };
		C52B082C213ECE6F008E9013 /* UIViewController+WBTransition.m in Sources */ = {isa = PBXBuildFile; fileRef = C52B07AD213ECE6F008E9013 /* UIViewController+WBTransition.m */; };
		C52B082D213ECE6F008E9013 /* UIViewController+WBAdditional.m in Sources */ = {isa = PBXBuildFile; fileRef = C52B07B1213ECE6F008E9013 /* UIViewController+WBAdditional.m */; };
		C52B082F213ECE6F008E9013 /* UITableView+WBiOS7Style.m in Sources */ = {isa = PBXBuildFile; fileRef = C52B07B6213ECE6F008E9013 /* UITableView+WBiOS7Style.m */; };
		C52B0830213ECE6F008E9013 /* UISearchBar+WBAddition.m in Sources */ = {isa = PBXBuildFile; fileRef = C52B07BA213ECE6F008E9013 /* UISearchBar+WBAddition.m */; };
		C52B0831213ECE6F008E9013 /* UIControl+WBSound.m in Sources */ = {isa = PBXBuildFile; fileRef = C52B07BC213ECE6F008E9013 /* UIControl+WBSound.m */; };
		C52B0832213ECE6F008E9013 /* UIControl+WBAcitonBlock.m in Sources */ = {isa = PBXBuildFile; fileRef = C52B07BF213ECE6F008E9013 /* UIControl+WBAcitonBlock.m */; };
		C52B0833213ECE6F008E9013 /* UIControl+WBBlock.m in Sources */ = {isa = PBXBuildFile; fileRef = C52B07C1213ECE6F008E9013 /* UIControl+WBBlock.m */; };
		C52B0834213ECE6F008E9013 /* UIControl+WBIgnoreMutiple.m in Sources */ = {isa = PBXBuildFile; fileRef = C52B07C2213ECE6F008E9013 /* UIControl+WBIgnoreMutiple.m */; };
		C52B0835213ECE6F008E9013 /* NSDictionary+WBAdditional.m in Sources */ = {isa = PBXBuildFile; fileRef = C52B07C6213ECE6F008E9013 /* NSDictionary+WBAdditional.m */; };
		C52B0836213ECE6F008E9013 /* NSData+WBFragment.m in Sources */ = {isa = PBXBuildFile; fileRef = C52B07CA213ECE6F008E9013 /* NSData+WBFragment.m */; };
		C52B0837213ECE6F008E9013 /* NSString+WBDeviceInfo.m in Sources */ = {isa = PBXBuildFile; fileRef = C52B07CE213ECE6F008E9013 /* NSString+WBDeviceInfo.m */; };
		C52B0838213ECE6F008E9013 /* NSString+WBCreateFileName.m in Sources */ = {isa = PBXBuildFile; fileRef = C52B07CF213ECE6F008E9013 /* NSString+WBCreateFileName.m */; };
		C52B0839213ECE6F008E9013 /* NSString+WBAddtional.m in Sources */ = {isa = PBXBuildFile; fileRef = C52B07D1213ECE6F008E9013 /* NSString+WBAddtional.m */; };
		C52B083A213ECE6F008E9013 /* NSString+WBJavaScript.m in Sources */ = {isa = PBXBuildFile; fileRef = C52B07D2213ECE6F008E9013 /* NSString+WBJavaScript.m */; };
		C52B083B213ECE6F008E9013 /* NSString+WBPredicate.m in Sources */ = {isa = PBXBuildFile; fileRef = C52B07D5213ECE6F008E9013 /* NSString+WBPredicate.m */; };
		C52B083C213ECE6F008E9013 /* NSArray+WBAdditional.m in Sources */ = {isa = PBXBuildFile; fileRef = C52B07D7213ECE6F008E9013 /* NSArray+WBAdditional.m */; };
		C52B083D213ECE6F008E9013 /* NSUserDefaults+WBAdditional.m in Sources */ = {isa = PBXBuildFile; fileRef = C52B07DB213ECE6F008E9013 /* NSUserDefaults+WBAdditional.m */; };
		C52B083E213ECE6F008E9013 /* NSObject+WBJSON.m in Sources */ = {isa = PBXBuildFile; fileRef = C52B07DE213ECE6F008E9013 /* NSObject+WBJSON.m */; };
		C52B083F213ECE6F008E9013 /* NSObject+WBRuntime.m in Sources */ = {isa = PBXBuildFile; fileRef = C52B07DF213ECE6F008E9013 /* NSObject+WBRuntime.m */; };
		C52B0840213ECE6F008E9013 /* NSDate+WBAddtional.m in Sources */ = {isa = PBXBuildFile; fileRef = C52B07E4213ECE6F008E9013 /* NSDate+WBAddtional.m */; };
		C52B0841213ECE6F008E9013 /* NSDate+WBTimePredicate.m in Sources */ = {isa = PBXBuildFile; fileRef = C52B07E5213ECE6F008E9013 /* NSDate+WBTimePredicate.m */; };
		C52B0842213ECE6F008E9013 /* NSDate+WBDisplayTime.m in Sources */ = {isa = PBXBuildFile; fileRef = C52B07E6213ECE6F008E9013 /* NSDate+WBDisplayTime.m */; };
		C52B0843213ECE6F008E9013 /* WBDateFormatterPool.m in Sources */ = {isa = PBXBuildFile; fileRef = C52B07E7213ECE6F008E9013 /* WBDateFormatterPool.m */; };
		C52B0844213ECE6F008E9013 /* UIView+WBCoreAnimation.m in Sources */ = {isa = PBXBuildFile; fileRef = C52B07F1213ECE6F008E9013 /* UIView+WBCoreAnimation.m */; };
		C52B0848213ED9AC008E9013 /* WBFoundation.h in Sources */ = {isa = PBXBuildFile; fileRef = C52B0847213ED9AC008E9013 /* WBFoundation.h */; };
		C52B084A213EDD63008E9013 /* WBUIKit.h in Sources */ = {isa = PBXBuildFile; fileRef = C52B0849213EDD63008E9013 /* WBUIKit.h */; };
		EC710CE97B7D940C77F25DB8 /* libPods-WBCategories.a in Frameworks */ = {isa = PBXBuildFile; fileRef = E5BA29418AFB0FD4A2DB97B8 /* libPods-WBCategories.a */; };
/* End PBXBuildFile section */

/* Begin PBXFileReference section */
		702FEF5FA833A2FFAA60CB42 /* Pods-WBCategories.release.xcconfig */ = {isa = PBXFileReference; includeInIndex = 1; lastKnownFileType = text.xcconfig; name = "Pods-WBCategories.release.xcconfig"; path = "Pods/Target Support Files/Pods-WBCategories/Pods-WBCategories.release.xcconfig"; sourceTree = "<group>"; };
		84E35FA72029889200E4683F /* WBCategories.app */ = {isa = PBXFileReference; explicitFileType = wrapper.application; includeInIndex = 0; path = WBCategories.app; sourceTree = BUILT_PRODUCTS_DIR; };
		84E35FAA2029889200E4683F /* AppDelegate.h */ = {isa = PBXFileReference; lastKnownFileType = sourcecode.c.h; path = AppDelegate.h; sourceTree = "<group>"; };
		84E35FAB2029889200E4683F /* AppDelegate.m */ = {isa = PBXFileReference; lastKnownFileType = sourcecode.c.objc; path = AppDelegate.m; sourceTree = "<group>"; };
		84E35FAD2029889200E4683F /* ViewController.h */ = {isa = PBXFileReference; lastKnownFileType = sourcecode.c.h; path = ViewController.h; sourceTree = "<group>"; };
		84E35FAE2029889200E4683F /* ViewController.m */ = {isa = PBXFileReference; lastKnownFileType = sourcecode.c.objc; path = ViewController.m; sourceTree = "<group>"; };
		84E35FB12029889200E4683F /* Base */ = {isa = PBXFileReference; lastKnownFileType = file.storyboard; name = Base; path = Base.lproj/Main.storyboard; sourceTree = "<group>"; };
		84E35FB32029889200E4683F /* Assets.xcassets */ = {isa = PBXFileReference; lastKnownFileType = folder.assetcatalog; path = Assets.xcassets; sourceTree = "<group>"; };
		84E35FB62029889200E4683F /* Base */ = {isa = PBXFileReference; lastKnownFileType = file.storyboard; name = Base; path = Base.lproj/LaunchScreen.storyboard; sourceTree = "<group>"; };
		84E35FB82029889200E4683F /* Info.plist */ = {isa = PBXFileReference; lastKnownFileType = text.plist.xml; path = Info.plist; sourceTree = "<group>"; };
		84E35FB92029889200E4683F /* main.m */ = {isa = PBXFileReference; lastKnownFileType = sourcecode.c.objc; path = main.m; sourceTree = "<group>"; };
		C52B0727213ECE6F008E9013 /* UIImage+WBAdditional.m */ = {isa = PBXFileReference; fileEncoding = 4; lastKnownFileType = sourcecode.c.objc; path = "UIImage+WBAdditional.m"; sourceTree = "<group>"; };
		C52B0728213ECE6F008E9013 /* UIImage+WBRotate.h */ = {isa = PBXFileReference; fileEncoding = 4; lastKnownFileType = sourcecode.c.h; path = "UIImage+WBRotate.h"; sourceTree = "<group>"; };
		C52B0729213ECE6F008E9013 /* UIImage+WBCompress.h */ = {isa = PBXFileReference; fileEncoding = 4; lastKnownFileType = sourcecode.c.h; path = "UIImage+WBCompress.h"; sourceTree = "<group>"; };
		C52B072A213ECE6F008E9013 /* UIImage+WBEffect.h */ = {isa = PBXFileReference; fileEncoding = 4; lastKnownFileType = sourcecode.c.h; path = "UIImage+WBEffect.h"; sourceTree = "<group>"; };
		C52B072B213ECE6F008E9013 /* UIImage+WBRotate.m */ = {isa = PBXFileReference; fileEncoding = 4; lastKnownFileType = sourcecode.c.objc; path = "UIImage+WBRotate.m"; sourceTree = "<group>"; };
		C52B072C213ECE6F008E9013 /* UIImage+WBAdditional.h */ = {isa = PBXFileReference; fileEncoding = 4; lastKnownFileType = sourcecode.c.h; path = "UIImage+WBAdditional.h"; sourceTree = "<group>"; };
		C52B072D213ECE6F008E9013 /* UIImage+WBCompress.m */ = {isa = PBXFileReference; fileEncoding = 4; lastKnownFileType = sourcecode.c.objc; path = "UIImage+WBCompress.m"; sourceTree = "<group>"; };
		C52B072E213ECE6F008E9013 /* UIImage+WBEffect.m */ = {isa = PBXFileReference; fileEncoding = 4; lastKnownFileType = sourcecode.c.objc; path = "UIImage+WBEffect.m"; sourceTree = "<group>"; };
		C52B0730213ECE6F008E9013 /* UIScrollView+WBAdditional.m */ = {isa = PBXFileReference; fileEncoding = 4; lastKnownFileType = sourcecode.c.objc; path = "UIScrollView+WBAdditional.m"; sourceTree = "<group>"; };
		C52B0731213ECE6F008E9013 /* UIScrollView+WBAdditional.h */ = {isa = PBXFileReference; fileEncoding = 4; lastKnownFileType = sourcecode.c.h; path = "UIScrollView+WBAdditional.h"; sourceTree = "<group>"; };
		C52B0733213ECE6F008E9013 /* UIScreen+WBFrame.h */ = {isa = PBXFileReference; fileEncoding = 4; lastKnownFileType = sourcecode.c.h; path = "UIScreen+WBFrame.h"; sourceTree = "<group>"; };
		C52B0734213ECE6F008E9013 /* UIScreen+WBFrame.m */ = {isa = PBXFileReference; fileEncoding = 4; lastKnownFileType = sourcecode.c.objc; path = "UIScreen+WBFrame.m"; sourceTree = "<group>"; };
		C52B0736213ECE6F008E9013 /* UIWindow+WBHierarchy.m */ = {isa = PBXFileReference; fileEncoding = 4; lastKnownFileType = sourcecode.c.objc; path = "UIWindow+WBHierarchy.m"; sourceTree = "<group>"; };
		C52B0737213ECE6F008E9013 /* UIWindow+WBHierarchy.h */ = {isa = PBXFileReference; fileEncoding = 4; lastKnownFileType = sourcecode.c.h; path = "UIWindow+WBHierarchy.h"; sourceTree = "<group>"; };
		C52B0739213ECE6F008E9013 /* UIApplication+WBKeyBoardFrame.h */ = {isa = PBXFileReference; fileEncoding = 4; lastKnownFileType = sourcecode.c.h; path = "UIApplication+WBKeyBoardFrame.h"; sourceTree = "<group>"; };
		C52B073A213ECE6F008E9013 /* UIApplication+WBNetworkActivityIndicator.h */ = {isa = PBXFileReference; fileEncoding = 4; lastKnownFileType = sourcecode.c.h; path = "UIApplication+WBNetworkActivityIndicator.h"; sourceTree = "<group>"; };
		C52B073B213ECE6F008E9013 /* UIApplication+WBApplicationSize.h */ = {isa = PBXFileReference; fileEncoding = 4; lastKnownFileType = sourcecode.c.h; path = "UIApplication+WBApplicationSize.h"; sourceTree = "<group>"; };
		C52B073C213ECE6F008E9013 /* UIApplication+WBNetworkActivityIndicator.m */ = {isa = PBXFileReference; fileEncoding = 4; lastKnownFileType = sourcecode.c.objc; path = "UIApplication+WBNetworkActivityIndicator.m"; sourceTree = "<group>"; };
		C52B073D213ECE6F008E9013 /* UIApplication+WBKeyBoardFrame.m */ = {isa = PBXFileReference; fileEncoding = 4; lastKnownFileType = sourcecode.c.objc; path = "UIApplication+WBKeyBoardFrame.m"; sourceTree = "<group>"; };
		C52B073E213ECE6F008E9013 /* UIApplication+WBApplicationSize.m */ = {isa = PBXFileReference; fileEncoding = 4; lastKnownFileType = sourcecode.c.objc; path = "UIApplication+WBApplicationSize.m"; sourceTree = "<group>"; };
		C52B0740213ECE6F008E9013 /* UITableViewCell+FindUITableView.h */ = {isa = PBXFileReference; fileEncoding = 4; lastKnownFileType = sourcecode.c.h; path = "UITableViewCell+FindUITableView.h"; sourceTree = "<group>"; };
		C52B0741213ECE6F008E9013 /* UITableViewCell+FindUITableView.m */ = {isa = PBXFileReference; fileEncoding = 4; lastKnownFileType = sourcecode.c.objc; path = "UITableViewCell+FindUITableView.m"; sourceTree = "<group>"; };
		C52B0743213ECE6F008E9013 /* UIButton+WBMiddleAlign.h */ = {isa = PBXFileReference; fileEncoding = 4; lastKnownFileType = sourcecode.c.h; path = "UIButton+WBMiddleAlign.h"; sourceTree = "<group>"; };
		C52B0744213ECE6F008E9013 /* UIButton+WBCountDown.h */ = {isa = PBXFileReference; fileEncoding = 4; lastKnownFileType = sourcecode.c.h; path = "UIButton+WBCountDown.h"; sourceTree = "<group>"; };
		C52B0745213ECE6F008E9013 /* UIButton+WBAdjustPosition.m */ = {isa = PBXFileReference; fileEncoding = 4; lastKnownFileType = sourcecode.c.objc; path = "UIButton+WBAdjustPosition.m"; sourceTree = "<group>"; };
		C52B0746213ECE6F008E9013 /* UIButton+WBImagePosition.h */ = {isa = PBXFileReference; fileEncoding = 4; lastKnownFileType = sourcecode.c.h; path = "UIButton+WBImagePosition.h"; sourceTree = "<group>"; };
		C52B0747213ECE6F008E9013 /* UIButton+WBBlock.m */ = {isa = PBXFileReference; fileEncoding = 4; lastKnownFileType = sourcecode.c.objc; path = "UIButton+WBBlock.m"; sourceTree = "<group>"; };
		C52B0748213ECE6F008E9013 /* UIButton+WBAdditional.h */ = {isa = PBXFileReference; fileEncoding = 4; lastKnownFileType = sourcecode.c.h; path = "UIButton+WBAdditional.h"; sourceTree = "<group>"; };
		C52B0749213ECE6F008E9013 /* UIButton+WBShowIndicator.h */ = {isa = PBXFileReference; fileEncoding = 4; lastKnownFileType = sourcecode.c.h; path = "UIButton+WBShowIndicator.h"; sourceTree = "<group>"; };
		C52B074A213ECE6F008E9013 /* UIButton+WBEnlargeTouchAreas.m */ = {isa = PBXFileReference; fileEncoding = 4; lastKnownFileType = sourcecode.c.objc; path = "UIButton+WBEnlargeTouchAreas.m"; sourceTree = "<group>"; };
		C52B074B213ECE6F008E9013 /* UIButton+WBImagePosition.m */ = {isa = PBXFileReference; fileEncoding = 4; lastKnownFileType = sourcecode.c.objc; path = "UIButton+WBImagePosition.m"; sourceTree = "<group>"; };
		C52B074C213ECE6F008E9013 /* UIButton+WBBlock.h */ = {isa = PBXFileReference; fileEncoding = 4; lastKnownFileType = sourcecode.c.h; path = "UIButton+WBBlock.h"; sourceTree = "<group>"; };
		C52B074D213ECE6F008E9013 /* UIButton+WBAdjustPosition.h */ = {isa = PBXFileReference; fileEncoding = 4; lastKnownFileType = sourcecode.c.h; path = "UIButton+WBAdjustPosition.h"; sourceTree = "<group>"; };
		C52B074E213ECE6F008E9013 /* UIButton+WBCountDown.m */ = {isa = PBXFileReference; fileEncoding = 4; lastKnownFileType = sourcecode.c.objc; path = "UIButton+WBCountDown.m"; sourceTree = "<group>"; };
		C52B074F213ECE6F008E9013 /* UIButton+WBMiddleAlign.m */ = {isa = PBXFileReference; fileEncoding = 4; lastKnownFileType = sourcecode.c.objc; path = "UIButton+WBMiddleAlign.m"; sourceTree = "<group>"; };
		C52B0750213ECE6F008E9013 /* UIButton+WBEnlargeTouchAreas.h */ = {isa = PBXFileReference; fileEncoding = 4; lastKnownFileType = sourcecode.c.h; path = "UIButton+WBEnlargeTouchAreas.h"; sourceTree = "<group>"; };
		C52B0751213ECE6F008E9013 /* UIButton+WBShowIndicator.m */ = {isa = PBXFileReference; fileEncoding = 4; lastKnownFileType = sourcecode.c.objc; path = "UIButton+WBShowIndicator.m"; sourceTree = "<group>"; };
		C52B0752213ECE6F008E9013 /* UIButton+WBAdditional.m */ = {isa = PBXFileReference; fileEncoding = 4; lastKnownFileType = sourcecode.c.objc; path = "UIButton+WBAdditional.m"; sourceTree = "<group>"; };
		C52B0754213ECE6F008E9013 /* UIColor+WBCommonColor.m */ = {isa = PBXFileReference; fileEncoding = 4; lastKnownFileType = sourcecode.c.objc; path = "UIColor+WBCommonColor.m"; sourceTree = "<group>"; };
		C52B0755213ECE6F008E9013 /* UIColor+WBAdditional.h */ = {isa = PBXFileReference; fileEncoding = 4; lastKnownFileType = sourcecode.c.h; path = "UIColor+WBAdditional.h"; sourceTree = "<group>"; };
		C52B0756213ECE6F008E9013 /* UIColor+WBCommonColor.h */ = {isa = PBXFileReference; fileEncoding = 4; lastKnownFileType = sourcecode.c.h; path = "UIColor+WBCommonColor.h"; sourceTree = "<group>"; };
		C52B0757213ECE6F008E9013 /* UIColor+WBAdditional.m */ = {isa = PBXFileReference; fileEncoding = 4; lastKnownFileType = sourcecode.c.objc; path = "UIColor+WBAdditional.m"; sourceTree = "<group>"; };
		C52B0759213ECE6F008E9013 /* UIAlertController+WBAdditional.h */ = {isa = PBXFileReference; fileEncoding = 4; lastKnownFileType = sourcecode.c.h; path = "UIAlertController+WBAdditional.h"; sourceTree = "<group>"; };
		C52B075A213ECE6F008E9013 /* UIAlertController+WBAdditional.m */ = {isa = PBXFileReference; fileEncoding = 4; lastKnownFileType = sourcecode.c.objc; path = "UIAlertController+WBAdditional.m"; sourceTree = "<group>"; };
		C52B075C213ECE6F008E9013 /* UIView+WBFind.h */ = {isa = PBXFileReference; fileEncoding = 4; lastKnownFileType = sourcecode.c.h; path = "UIView+WBFind.h"; sourceTree = "<group>"; };
		C52B075D213ECE6F008E9013 /* UIView+WBBlockGesture.m */ = {isa = PBXFileReference; fileEncoding = 4; lastKnownFileType = sourcecode.c.objc; path = "UIView+WBBlockGesture.m"; sourceTree = "<group>"; };
		C52B075E213ECE6F008E9013 /* UIView+WBBlurEffect.m */ = {isa = PBXFileReference; fileEncoding = 4; lastKnownFileType = sourcecode.c.objc; path = "UIView+WBBlurEffect.m"; sourceTree = "<group>"; };
		C52B075F213ECE6F008E9013 /* UIView+WBBasicAnimation.m */ = {isa = PBXFileReference; fileEncoding = 4; lastKnownFileType = sourcecode.c.objc; path = "UIView+WBBasicAnimation.m"; sourceTree = "<group>"; };
		C52B0760213ECE6F008E9013 /* UIView+WBRecursion.h */ = {isa = PBXFileReference; fileEncoding = 4; lastKnownFileType = sourcecode.c.h; path = "UIView+WBRecursion.h"; sourceTree = "<group>"; };
		C52B0761213ECE6F008E9013 /* UIView+WBFrame.h */ = {isa = PBXFileReference; fileEncoding = 4; lastKnownFileType = sourcecode.c.h; path = "UIView+WBFrame.h"; sourceTree = "<group>"; };
		C52B0762213ECE6F008E9013 /* UIView+WBDraggable.h */ = {isa = PBXFileReference; fileEncoding = 4; lastKnownFileType = sourcecode.c.h; path = "UIView+WBDraggable.h"; sourceTree = "<group>"; };
		C52B0763213ECE6F008E9013 /* UIView+WBAdditional.h */ = {isa = PBXFileReference; fileEncoding = 4; lastKnownFileType = sourcecode.c.h; path = "UIView+WBAdditional.h"; sourceTree = "<group>"; };
		C52B0765213ECE6F008E9013 /* UIView+WBExtension.h */ = {isa = PBXFileReference; fileEncoding = 4; lastKnownFileType = sourcecode.c.h; path = "UIView+WBExtension.h"; sourceTree = "<group>"; };
		C52B0766213ECE6F008E9013 /* UIView+WBDismissKeyboard.h */ = {isa = PBXFileReference; fileEncoding = 4; lastKnownFileType = sourcecode.c.h; path = "UIView+WBDismissKeyboard.h"; sourceTree = "<group>"; };
		C52B0767213ECE6F008E9013 /* UIView+WBShake.m */ = {isa = PBXFileReference; fileEncoding = 4; lastKnownFileType = sourcecode.c.objc; path = "UIView+WBShake.m"; sourceTree = "<group>"; };
		C52B0768213ECE6F008E9013 /* UIView+WBConstraints.m */ = {isa = PBXFileReference; fileEncoding = 4; lastKnownFileType = sourcecode.c.objc; path = "UIView+WBConstraints.m"; sourceTree = "<group>"; };
		C52B0769213ECE6F008E9013 /* UIView+WBBlurEffect.h */ = {isa = PBXFileReference; fileEncoding = 4; lastKnownFileType = sourcecode.c.h; path = "UIView+WBBlurEffect.h"; sourceTree = "<group>"; };
		C52B076A213ECE6F008E9013 /* UIView+WBBlockGesture.h */ = {isa = PBXFileReference; fileEncoding = 4; lastKnownFileType = sourcecode.c.h; path = "UIView+WBBlockGesture.h"; sourceTree = "<group>"; };
		C52B076B213ECE6F008E9013 /* UIView+WBFind.m */ = {isa = PBXFileReference; fileEncoding = 4; lastKnownFileType = sourcecode.c.objc; path = "UIView+WBFind.m"; sourceTree = "<group>"; };
		C52B076D213ECE6F008E9013 /* UIView+WBAdditional.m */ = {isa = PBXFileReference; fileEncoding = 4; lastKnownFileType = sourcecode.c.objc; path = "UIView+WBAdditional.m"; sourceTree = "<group>"; };
		C52B076E213ECE6F008E9013 /* UIView+WBDraggable.m */ = {isa = PBXFileReference; fileEncoding = 4; lastKnownFileType = sourcecode.c.objc; path = "UIView+WBDraggable.m"; sourceTree = "<group>"; };
		C52B076F213ECE6F008E9013 /* UIView+WBFrame.m */ = {isa = PBXFileReference; fileEncoding = 4; lastKnownFileType = sourcecode.c.objc; path = "UIView+WBFrame.m"; sourceTree = "<group>"; };
		C52B0770213ECE6F008E9013 /* UIView+WBRecursion.m */ = {isa = PBXFileReference; fileEncoding = 4; lastKnownFileType = sourcecode.c.objc; path = "UIView+WBRecursion.m"; sourceTree = "<group>"; };
		C52B0771213ECE6F008E9013 /* UIView+WBBasicAnimation.h */ = {isa = PBXFileReference; fileEncoding = 4; lastKnownFileType = sourcecode.c.h; path = "UIView+WBBasicAnimation.h"; sourceTree = "<group>"; };
		C52B0772213ECE6F008E9013 /* UIView+WBDismissKeyboard.m */ = {isa = PBXFileReference; fileEncoding = 4; lastKnownFileType = sourcecode.c.objc; path = "UIView+WBDismissKeyboard.m"; sourceTree = "<group>"; };
		C52B0773213ECE6F008E9013 /* UIView+WBExtension.m */ = {isa = PBXFileReference; fileEncoding = 4; lastKnownFileType = sourcecode.c.objc; path = "UIView+WBExtension.m"; sourceTree = "<group>"; };
		C52B0774213ECE6F008E9013 /* UIView+WBShake.h */ = {isa = PBXFileReference; fileEncoding = 4; lastKnownFileType = sourcecode.c.h; path = "UIView+WBShake.h"; sourceTree = "<group>"; };
		C52B0775213ECE6F008E9013 /* UIView+WBConstraints.h */ = {isa = PBXFileReference; fileEncoding = 4; lastKnownFileType = sourcecode.c.h; path = "UIView+WBConstraints.h"; sourceTree = "<group>"; };
		C52B0777213ECE6F008E9013 /* UIFont+WBRuntimeSize.m */ = {isa = PBXFileReference; fileEncoding = 4; lastKnownFileType = sourcecode.c.objc; path = "UIFont+WBRuntimeSize.m"; sourceTree = "<group>"; };
		C52B0778213ECE6F008E9013 /* UIFont+WBRuntimeSize.h */ = {isa = PBXFileReference; fileEncoding = 4; lastKnownFileType = sourcecode.c.h; path = "UIFont+WBRuntimeSize.h"; sourceTree = "<group>"; };
		C52B077A213ECE6F008E9013 /* UINavigationItem+WBLoading.h */ = {isa = PBXFileReference; fileEncoding = 4; lastKnownFileType = sourcecode.c.h; path = "UINavigationItem+WBLoading.h"; sourceTree = "<group>"; };
		C52B077B213ECE6F008E9013 /* UINavigationItem+WBLock.h */ = {isa = PBXFileReference; fileEncoding = 4; lastKnownFileType = sourcecode.c.h; path = "UINavigationItem+WBLock.h"; sourceTree = "<group>"; };
		C52B077D213ECE6F008E9013 /* UINavigationBarContentView+Margin.m */ = {isa = PBXFileReference; fileEncoding = 4; lastKnownFileType = sourcecode.c.objc; path = "UINavigationBarContentView+Margin.m"; sourceTree = "<group>"; };
		C52B077E213ECE6F008E9013 /* UINavigationItem+Margin.h */ = {isa = PBXFileReference; fileEncoding = 4; lastKnownFileType = sourcecode.c.h; path = "UINavigationItem+Margin.h"; sourceTree = "<group>"; };
		C52B077F213ECE6F008E9013 /* Swizzle.h */ = {isa = PBXFileReference; fileEncoding = 4; lastKnownFileType = sourcecode.c.h; path = Swizzle.h; sourceTree = "<group>"; };
		C52B0780213ECE6F008E9013 /* UINavigationBarContentViewLayout+Margin.m */ = {isa = PBXFileReference; fileEncoding = 4; lastKnownFileType = sourcecode.c.objc; path = "UINavigationBarContentViewLayout+Margin.m"; sourceTree = "<group>"; };
		C52B0781213ECE6F008E9013 /* UINavigationItem+Margin.m */ = {isa = PBXFileReference; fileEncoding = 4; lastKnownFileType = sourcecode.c.objc; path = "UINavigationItem+Margin.m"; sourceTree = "<group>"; };
		C52B0782213ECE6F008E9013 /* Swizzle.m */ = {isa = PBXFileReference; fileEncoding = 4; lastKnownFileType = sourcecode.c.objc; path = Swizzle.m; sourceTree = "<group>"; };
		C52B0783213ECE6F008E9013 /* UINavigationBarContentView+Margin.h */ = {isa = PBXFileReference; fileEncoding = 4; lastKnownFileType = sourcecode.c.h; path = "UINavigationBarContentView+Margin.h"; sourceTree = "<group>"; };
		C52B0784213ECE6F008E9013 /* UINavigationBarContentViewLayout+Margin.h */ = {isa = PBXFileReference; fileEncoding = 4; lastKnownFileType = sourcecode.c.h; path = "UINavigationBarContentViewLayout+Margin.h"; sourceTree = "<group>"; };
		C52B0785213ECE6F008E9013 /* UINavigationItem+WBLock.m */ = {isa = PBXFileReference; fileEncoding = 4; lastKnownFileType = sourcecode.c.objc; path = "UINavigationItem+WBLock.m"; sourceTree = "<group>"; };
		C52B0786213ECE6F008E9013 /* UINavigationItem+WBLoading.m */ = {isa = PBXFileReference; fileEncoding = 4; lastKnownFileType = sourcecode.c.objc; path = "UINavigationItem+WBLoading.m"; sourceTree = "<group>"; };
		C52B0788213ECE6F008E9013 /* WKWebView+WBAdditional.h */ = {isa = PBXFileReference; fileEncoding = 4; lastKnownFileType = sourcecode.c.h; path = "WKWebView+WBAdditional.h"; sourceTree = "<group>"; };
		C52B0789213ECE6F008E9013 /* WKWebView+WBLoadInfo.h */ = {isa = PBXFileReference; fileEncoding = 4; lastKnownFileType = sourcecode.c.h; path = "WKWebView+WBLoadInfo.h"; sourceTree = "<group>"; };
		C52B078A213ECE6F008E9013 /* WKWebView+WBCapture.h */ = {isa = PBXFileReference; fileEncoding = 4; lastKnownFileType = sourcecode.c.h; path = "WKWebView+WBCapture.h"; sourceTree = "<group>"; };
		C52B078B213ECE6F008E9013 /* WKWebView+WBMetaParser.h */ = {isa = PBXFileReference; fileEncoding = 4; lastKnownFileType = sourcecode.c.h; path = "WKWebView+WBMetaParser.h"; sourceTree = "<group>"; };
		C52B078C213ECE6F008E9013 /* WKWebView+WBJavaScript.h */ = {isa = PBXFileReference; fileEncoding = 4; lastKnownFileType = sourcecode.c.h; path = "WKWebView+WBJavaScript.h"; sourceTree = "<group>"; };
		C52B078D213ECE6F008E9013 /* WKWebView+WBAdditional.m */ = {isa = PBXFileReference; fileEncoding = 4; lastKnownFileType = sourcecode.c.objc; path = "WKWebView+WBAdditional.m"; sourceTree = "<group>"; };
		C52B078E213ECE6F008E9013 /* WKWebView+WBCapture.m */ = {isa = PBXFileReference; fileEncoding = 4; lastKnownFileType = sourcecode.c.objc; path = "WKWebView+WBCapture.m"; sourceTree = "<group>"; };
		C52B078F213ECE6F008E9013 /* WKWebView+WBLoadInfo.m */ = {isa = PBXFileReference; fileEncoding = 4; lastKnownFileType = sourcecode.c.objc; path = "WKWebView+WBLoadInfo.m"; sourceTree = "<group>"; };
		C52B0790213ECE6F008E9013 /* WKWebView+WBJavaScript.m */ = {isa = PBXFileReference; fileEncoding = 4; lastKnownFileType = sourcecode.c.objc; path = "WKWebView+WBJavaScript.m"; sourceTree = "<group>"; };
		C52B0791213ECE6F008E9013 /* WKWebView+WBMetaParser.m */ = {isa = PBXFileReference; fileEncoding = 4; lastKnownFileType = sourcecode.c.objc; path = "WKWebView+WBMetaParser.m"; sourceTree = "<group>"; };
		C52B0793213ECE6F008E9013 /* UITextView+Placeholder.m */ = {isa = PBXFileReference; fileEncoding = 4; lastKnownFileType = sourcecode.c.objc; path = "UITextView+Placeholder.m"; sourceTree = "<group>"; };
		C52B0794213ECE6F008E9013 /* UITextView+Placeholder.h */ = {isa = PBXFileReference; fileEncoding = 4; lastKnownFileType = sourcecode.c.h; path = "UITextView+Placeholder.h"; sourceTree = "<group>"; };
		C52B0796213ECE6F008E9013 /* WBUUID.h */ = {isa = PBXFileReference; fileEncoding = 4; lastKnownFileType = sourcecode.c.h; path = WBUUID.h; sourceTree = "<group>"; };
		C52B0797213ECE6F008E9013 /* UIDevice+WBUUID.h */ = {isa = PBXFileReference; fileEncoding = 4; lastKnownFileType = sourcecode.c.h; path = "UIDevice+WBUUID.h"; sourceTree = "<group>"; };
		C52B0798213ECE6F008E9013 /* WBUUID.m */ = {isa = PBXFileReference; fileEncoding = 4; lastKnownFileType = sourcecode.c.objc; path = WBUUID.m; sourceTree = "<group>"; };
		C52B0799213ECE6F008E9013 /* UIDevice+WBUUID.m */ = {isa = PBXFileReference; fileEncoding = 4; lastKnownFileType = sourcecode.c.objc; path = "UIDevice+WBUUID.m"; sourceTree = "<group>"; };
		C52B079B213ECE6F008E9013 /* UICollectionView+WBReload.h */ = {isa = PBXFileReference; fileEncoding = 4; lastKnownFileType = sourcecode.c.h; path = "UICollectionView+WBReload.h"; sourceTree = "<group>"; };
		C52B079C213ECE6F008E9013 /* UICollectionView+WBReload.m */ = {isa = PBXFileReference; fileEncoding = 4; lastKnownFileType = sourcecode.c.objc; path = "UICollectionView+WBReload.m"; sourceTree = "<group>"; };
		C52B079E213ECE6F008E9013 /* UIImagePickerController+WBAdditional.h */ = {isa = PBXFileReference; fileEncoding = 4; lastKnownFileType = sourcecode.c.h; path = "UIImagePickerController+WBAdditional.h"; sourceTree = "<group>"; };
		C52B079F213ECE6F008E9013 /* UIImagePickerController+WBAdditional.m */ = {isa = PBXFileReference; fileEncoding = 4; lastKnownFileType = sourcecode.c.objc; path = "UIImagePickerController+WBAdditional.m"; sourceTree = "<group>"; };
		C52B07A1213ECE6F008E9013 /* UIBarButtonItem+WBBadge.m */ = {isa = PBXFileReference; fileEncoding = 4; lastKnownFileType = sourcecode.c.objc; path = "UIBarButtonItem+WBBadge.m"; sourceTree = "<group>"; };
		C52B07A2213ECE6F008E9013 /* UIBarButtonItem+WBActionBlock.h */ = {isa = PBXFileReference; fileEncoding = 4; lastKnownFileType = sourcecode.c.h; path = "UIBarButtonItem+WBActionBlock.h"; sourceTree = "<group>"; };
		C52B07A3213ECE6F008E9013 /* UIBarButtonItem+WBBadge.h */ = {isa = PBXFileReference; fileEncoding = 4; lastKnownFileType = sourcecode.c.h; path = "UIBarButtonItem+WBBadge.h"; sourceTree = "<group>"; };
		C52B07A4213ECE6F008E9013 /* UIBarButtonItem+WBActionBlock.m */ = {isa = PBXFileReference; fileEncoding = 4; lastKnownFileType = sourcecode.c.objc; path = "UIBarButtonItem+WBActionBlock.m"; sourceTree = "<group>"; };
		C52B07A6213ECE6F008E9013 /* UIImageView+WBWebCache.m */ = {isa = PBXFileReference; fileEncoding = 4; lastKnownFileType = sourcecode.c.objc; path = "UIImageView+WBWebCache.m"; sourceTree = "<group>"; };
		C52B07A7213ECE6F008E9013 /* UIImageView+WBWebCache.h */ = {isa = PBXFileReference; fileEncoding = 4; lastKnownFileType = sourcecode.c.h; path = "UIImageView+WBWebCache.h"; sourceTree = "<group>"; };
		C52B07A9213ECE6F008E9013 /* UINavigationBar+WBBarStyle.h */ = {isa = PBXFileReference; fileEncoding = 4; lastKnownFileType = sourcecode.c.h; path = "UINavigationBar+WBBarStyle.h"; sourceTree = "<group>"; };
		C52B07AA213ECE6F008E9013 /* UINavigationBar+WBBarStyle.m */ = {isa = PBXFileReference; fileEncoding = 4; lastKnownFileType = sourcecode.c.objc; path = "UINavigationBar+WBBarStyle.m"; sourceTree = "<group>"; };
		C52B07AC213ECE6F008E9013 /* UIViewController+WBRemoveTabbarButton.m */ = {isa = PBXFileReference; fileEncoding = 4; lastKnownFileType = sourcecode.c.objc; path = "UIViewController+WBRemoveTabbarButton.m"; sourceTree = "<group>"; };
		C52B07AD213ECE6F008E9013 /* UIViewController+WBTransition.m */ = {isa = PBXFileReference; fileEncoding = 4; lastKnownFileType = sourcecode.c.objc; path = "UIViewController+WBTransition.m"; sourceTree = "<group>"; };
		C52B07AE213ECE6F008E9013 /* UIViewController+WBAdditional.h */ = {isa = PBXFileReference; fileEncoding = 4; lastKnownFileType = sourcecode.c.h; path = "UIViewController+WBAdditional.h"; sourceTree = "<group>"; };
		C52B07AF213ECE6F008E9013 /* UIViewController+WBTransition.h */ = {isa = PBXFileReference; fileEncoding = 4; lastKnownFileType = sourcecode.c.h; path = "UIViewController+WBTransition.h"; sourceTree = "<group>"; };
		C52B07B0213ECE6F008E9013 /* UIViewController+WBRemoveTabbarButton.h */ = {isa = PBXFileReference; fileEncoding = 4; lastKnownFileType = sourcecode.c.h; path = "UIViewController+WBRemoveTabbarButton.h"; sourceTree = "<group>"; };
		C52B07B1213ECE6F008E9013 /* UIViewController+WBAdditional.m */ = {isa = PBXFileReference; fileEncoding = 4; lastKnownFileType = sourcecode.c.objc; path = "UIViewController+WBAdditional.m"; sourceTree = "<group>"; };
		C52B07B6213ECE6F008E9013 /* UITableView+WBiOS7Style.m */ = {isa = PBXFileReference; fileEncoding = 4; lastKnownFileType = sourcecode.c.objc; path = "UITableView+WBiOS7Style.m"; sourceTree = "<group>"; };
		C52B07B7213ECE6F008E9013 /* UITableView+WBiOS7Style.h */ = {isa = PBXFileReference; fileEncoding = 4; lastKnownFileType = sourcecode.c.h; path = "UITableView+WBiOS7Style.h"; sourceTree = "<group>"; };
		C52B07B9213ECE6F008E9013 /* UISearchBar+WBAddition.h */ = {isa = PBXFileReference; fileEncoding = 4; lastKnownFileType = sourcecode.c.h; path = "UISearchBar+WBAddition.h"; sourceTree = "<group>"; };
		C52B07BA213ECE6F008E9013 /* UISearchBar+WBAddition.m */ = {isa = PBXFileReference; fileEncoding = 4; lastKnownFileType = sourcecode.c.objc; path = "UISearchBar+WBAddition.m"; sourceTree = "<group>"; };
		C52B07BC213ECE6F008E9013 /* UIControl+WBSound.m */ = {isa = PBXFileReference; fileEncoding = 4; lastKnownFileType = sourcecode.c.objc; path = "UIControl+WBSound.m"; sourceTree = "<group>"; };
		C52B07BD213ECE6F008E9013 /* UIControl+WBIgnoreMutiple.h */ = {isa = PBXFileReference; fileEncoding = 4; lastKnownFileType = sourcecode.c.h; path = "UIControl+WBIgnoreMutiple.h"; sourceTree = "<group>"; };
		C52B07BE213ECE6F008E9013 /* UIControl+WBBlock.h */ = {isa = PBXFileReference; fileEncoding = 4; lastKnownFileType = sourcecode.c.h; path = "UIControl+WBBlock.h"; sourceTree = "<group>"; };
		C52B07BF213ECE6F008E9013 /* UIControl+WBAcitonBlock.m */ = {isa = PBXFileReference; fileEncoding = 4; lastKnownFileType = sourcecode.c.objc; path = "UIControl+WBAcitonBlock.m"; sourceTree = "<group>"; };
		C52B07C0213ECE6F008E9013 /* UIControl+WBSound.h */ = {isa = PBXFileReference; fileEncoding = 4; lastKnownFileType = sourcecode.c.h; path = "UIControl+WBSound.h"; sourceTree = "<group>"; };
		C52B07C1213ECE6F008E9013 /* UIControl+WBBlock.m */ = {isa = PBXFileReference; fileEncoding = 4; lastKnownFileType = sourcecode.c.objc; path = "UIControl+WBBlock.m"; sourceTree = "<group>"; };
		C52B07C2213ECE6F008E9013 /* UIControl+WBIgnoreMutiple.m */ = {isa = PBXFileReference; fileEncoding = 4; lastKnownFileType = sourcecode.c.objc; path = "UIControl+WBIgnoreMutiple.m"; sourceTree = "<group>"; };
		C52B07C3213ECE6F008E9013 /* UIControl+WBAcitonBlock.h */ = {isa = PBXFileReference; fileEncoding = 4; lastKnownFileType = sourcecode.c.h; path = "UIControl+WBAcitonBlock.h"; sourceTree = "<group>"; };
		C52B07C6213ECE6F008E9013 /* NSDictionary+WBAdditional.m */ = {isa = PBXFileReference; fileEncoding = 4; lastKnownFileType = sourcecode.c.objc; path = "NSDictionary+WBAdditional.m"; sourceTree = "<group>"; };
		C52B07C7213ECE6F008E9013 /* NSDictionary+WBAdditional.h */ = {isa = PBXFileReference; fileEncoding = 4; lastKnownFileType = sourcecode.c.h; path = "NSDictionary+WBAdditional.h"; sourceTree = "<group>"; };
		C52B07C9213ECE6F008E9013 /* NSData+WBFragment.h */ = {isa = PBXFileReference; fileEncoding = 4; lastKnownFileType = sourcecode.c.h; path = "NSData+WBFragment.h"; sourceTree = "<group>"; };
		C52B07CA213ECE6F008E9013 /* NSData+WBFragment.m */ = {isa = PBXFileReference; fileEncoding = 4; lastKnownFileType = sourcecode.c.objc; path = "NSData+WBFragment.m"; sourceTree = "<group>"; };
		C52B07CC213ECE6F008E9013 /* NSString+WBAddtional.h */ = {isa = PBXFileReference; fileEncoding = 4; lastKnownFileType = sourcecode.c.h; path = "NSString+WBAddtional.h"; sourceTree = "<group>"; };
		C52B07CD213ECE6F008E9013 /* NSString+WBJavaScript.h */ = {isa = PBXFileReference; fileEncoding = 4; lastKnownFileType = sourcecode.c.h; path = "NSString+WBJavaScript.h"; sourceTree = "<group>"; };
		C52B07CE213ECE6F008E9013 /* NSString+WBDeviceInfo.m */ = {isa = PBXFileReference; fileEncoding = 4; lastKnownFileType = sourcecode.c.objc; path = "NSString+WBDeviceInfo.m"; sourceTree = "<group>"; };
		C52B07CF213ECE6F008E9013 /* NSString+WBCreateFileName.m */ = {isa = PBXFileReference; fileEncoding = 4; lastKnownFileType = sourcecode.c.objc; path = "NSString+WBCreateFileName.m"; sourceTree = "<group>"; };
		C52B07D0213ECE6F008E9013 /* NSString+WBPredicate.h */ = {isa = PBXFileReference; fileEncoding = 4; lastKnownFileType = sourcecode.c.h; path = "NSString+WBPredicate.h"; sourceTree = "<group>"; };
		C52B07D1213ECE6F008E9013 /* NSString+WBAddtional.m */ = {isa = PBXFileReference; fileEncoding = 4; lastKnownFileType = sourcecode.c.objc; path = "NSString+WBAddtional.m"; sourceTree = "<group>"; };
		C52B07D2213ECE6F008E9013 /* NSString+WBJavaScript.m */ = {isa = PBXFileReference; fileEncoding = 4; lastKnownFileType = sourcecode.c.objc; path = "NSString+WBJavaScript.m"; sourceTree = "<group>"; };
		C52B07D3213ECE6F008E9013 /* NSString+WBCreateFileName.h */ = {isa = PBXFileReference; fileEncoding = 4; lastKnownFileType = sourcecode.c.h; path = "NSString+WBCreateFileName.h"; sourceTree = "<group>"; };
		C52B07D4213ECE6F008E9013 /* NSString+WBDeviceInfo.h */ = {isa = PBXFileReference; fileEncoding = 4; lastKnownFileType = sourcecode.c.h; path = "NSString+WBDeviceInfo.h"; sourceTree = "<group>"; };
		C52B07D5213ECE6F008E9013 /* NSString+WBPredicate.m */ = {isa = PBXFileReference; fileEncoding = 4; lastKnownFileType = sourcecode.c.objc; path = "NSString+WBPredicate.m"; sourceTree = "<group>"; };
		C52B07D7213ECE6F008E9013 /* NSArray+WBAdditional.m */ = {isa = PBXFileReference; fileEncoding = 4; lastKnownFileType = sourcecode.c.objc; path = "NSArray+WBAdditional.m"; sourceTree = "<group>"; };
		C52B07D8213ECE6F008E9013 /* NSArray+WBAdditional.h */ = {isa = PBXFileReference; fileEncoding = 4; lastKnownFileType = sourcecode.c.h; path = "NSArray+WBAdditional.h"; sourceTree = "<group>"; };
		C52B07DA213ECE6F008E9013 /* NSUserDefaults+WBAdditional.h */ = {isa = PBXFileReference; fileEncoding = 4; lastKnownFileType = sourcecode.c.h; path = "NSUserDefaults+WBAdditional.h"; sourceTree = "<group>"; };
		C52B07DB213ECE6F008E9013 /* NSUserDefaults+WBAdditional.m */ = {isa = PBXFileReference; fileEncoding = 4; lastKnownFileType = sourcecode.c.objc; path = "NSUserDefaults+WBAdditional.m"; sourceTree = "<group>"; };
		C52B07DD213ECE6F008E9013 /* NSObject+WBRuntime.h */ = {isa = PBXFileReference; fileEncoding = 4; lastKnownFileType = sourcecode.c.h; path = "NSObject+WBRuntime.h"; sourceTree = "<group>"; };
		C52B07DE213ECE6F008E9013 /* NSObject+WBJSON.m */ = {isa = PBXFileReference; fileEncoding = 4; lastKnownFileType = sourcecode.c.objc; path = "NSObject+WBJSON.m"; sourceTree = "<group>"; };
		C52B07DF213ECE6F008E9013 /* NSObject+WBRuntime.m */ = {isa = PBXFileReference; fileEncoding = 4; lastKnownFileType = sourcecode.c.objc; path = "NSObject+WBRuntime.m"; sourceTree = "<group>"; };
		C52B07E0213ECE6F008E9013 /* NSObject+WBJSON.h */ = {isa = PBXFileReference; fileEncoding = 4; lastKnownFileType = sourcecode.c.h; path = "NSObject+WBJSON.h"; sourceTree = "<group>"; };
		C52B07E2213ECE6F008E9013 /* WBDateHeaderFile.h */ = {isa = PBXFileReference; fileEncoding = 4; lastKnownFileType = sourcecode.c.h; path = WBDateHeaderFile.h; sourceTree = "<group>"; };
		C52B07E3213ECE6F008E9013 /* WBDateFormatterPool.h */ = {isa = PBXFileReference; fileEncoding = 4; lastKnownFileType = sourcecode.c.h; path = WBDateFormatterPool.h; sourceTree = "<group>"; };
		C52B07E4213ECE6F008E9013 /* NSDate+WBAddtional.m */ = {isa = PBXFileReference; fileEncoding = 4; lastKnownFileType = sourcecode.c.objc; path = "NSDate+WBAddtional.m"; sourceTree = "<group>"; };
		C52B07E5213ECE6F008E9013 /* NSDate+WBTimePredicate.m */ = {isa = PBXFileReference; fileEncoding = 4; lastKnownFileType = sourcecode.c.objc; path = "NSDate+WBTimePredicate.m"; sourceTree = "<group>"; };
		C52B07E6213ECE6F008E9013 /* NSDate+WBDisplayTime.m */ = {isa = PBXFileReference; fileEncoding = 4; lastKnownFileType = sourcecode.c.objc; path = "NSDate+WBDisplayTime.m"; sourceTree = "<group>"; };
		C52B07E7213ECE6F008E9013 /* WBDateFormatterPool.m */ = {isa = PBXFileReference; fileEncoding = 4; lastKnownFileType = sourcecode.c.objc; path = WBDateFormatterPool.m; sourceTree = "<group>"; };
		C52B07E8213ECE6F008E9013 /* NSDate+WBAddtional.h */ = {isa = PBXFileReference; fileEncoding = 4; lastKnownFileType = sourcecode.c.h; path = "NSDate+WBAddtional.h"; sourceTree = "<group>"; };
		C52B07E9213ECE6F008E9013 /* NSDate+WBDisplayTime.h */ = {isa = PBXFileReference; fileEncoding = 4; lastKnownFileType = sourcecode.c.h; path = "NSDate+WBDisplayTime.h"; sourceTree = "<group>"; };
		C52B07EA213ECE6F008E9013 /* NSDate+WBTimePredicate.h */ = {isa = PBXFileReference; fileEncoding = 4; lastKnownFileType = sourcecode.c.h; path = "NSDate+WBTimePredicate.h"; sourceTree = "<group>"; };
		C52B07EC213ECE6F008E9013 /* WBMacroDefinition.h */ = {isa = PBXFileReference; fileEncoding = 4; lastKnownFileType = sourcecode.c.h; path = WBMacroDefinition.h; sourceTree = "<group>"; };
		C52B07ED213ECE6F008E9013 /* WBFontMacro.h */ = {isa = PBXFileReference; fileEncoding = 4; lastKnownFileType = sourcecode.c.h; path = WBFontMacro.h; sourceTree = "<group>"; };
		C52B07EE213ECE6F008E9013 /* WBSingletonMacro.h */ = {isa = PBXFileReference; fileEncoding = 4; lastKnownFileType = sourcecode.c.h; path = WBSingletonMacro.h; sourceTree = "<group>"; };
		C52B07EF213ECE6F008E9013 /* WBClearWarningMacro.h */ = {isa = PBXFileReference; fileEncoding = 4; lastKnownFileType = sourcecode.c.h; path = WBClearWarningMacro.h; sourceTree = "<group>"; };
		C52B07F1213ECE6F008E9013 /* UIView+WBCoreAnimation.m */ = {isa = PBXFileReference; fileEncoding = 4; lastKnownFileType = sourcecode.c.objc; path = "UIView+WBCoreAnimation.m"; sourceTree = "<group>"; };
		C52B07F2213ECE6F008E9013 /* UIView+WBCoreAnimation.h */ = {isa = PBXFileReference; fileEncoding = 4; lastKnownFileType = sourcecode.c.h; path = "UIView+WBCoreAnimation.h"; sourceTree = "<group>"; };
		C52B0845213ECE89008E9013 /* WBCategoryKit.h */ = {isa = PBXFileReference; lastKnownFileType = sourcecode.c.h; path = WBCategoryKit.h; sourceTree = "<group>"; };
		C52B0846213ED889008E9013 /* WBQuartzCore.h */ = {isa = PBXFileReference; lastKnownFileType = sourcecode.c.h; path = WBQuartzCore.h; sourceTree = "<group>"; };
		C52B0847213ED9AC008E9013 /* WBFoundation.h */ = {isa = PBXFileReference; lastKnownFileType = sourcecode.c.h; path = WBFoundation.h; sourceTree = "<group>"; };
		C52B0849213EDD63008E9013 /* WBUIKit.h */ = {isa = PBXFileReference; lastKnownFileType = sourcecode.c.h; path = WBUIKit.h; sourceTree = "<group>"; };
		CFB7BF25A8BDC4ABEBC4DA61 /* Pods-WBCategories.debug.xcconfig */ = {isa = PBXFileReference; includeInIndex = 1; lastKnownFileType = text.xcconfig; name = "Pods-WBCategories.debug.xcconfig"; path = "Pods/Target Support Files/Pods-WBCategories/Pods-WBCategories.debug.xcconfig"; sourceTree = "<group>"; };
		E5BA29418AFB0FD4A2DB97B8 /* libPods-WBCategories.a */ = {isa = PBXFileReference; explicitFileType = archive.ar; includeInIndex = 0; path = "libPods-WBCategories.a"; sourceTree = BUILT_PRODUCTS_DIR; };
/* End PBXFileReference section */

/* Begin PBXFrameworksBuildPhase section */
		84E35FA42029889200E4683F /* Frameworks */ = {
			isa = PBXFrameworksBuildPhase;
			buildActionMask = 2147483647;
			files = (
				EC710CE97B7D940C77F25DB8 /* libPods-WBCategories.a in Frameworks */,
			);
			runOnlyForDeploymentPostprocessing = 0;
		};
/* End PBXFrameworksBuildPhase section */

/* Begin PBXGroup section */
		667F5C34D4B29C0AFA0151E7 /* Pods */ = {
			isa = PBXGroup;
			children = (
				CFB7BF25A8BDC4ABEBC4DA61 /* Pods-WBCategories.debug.xcconfig */,
				702FEF5FA833A2FFAA60CB42 /* Pods-WBCategories.release.xcconfig */,
			);
			name = Pods;
			sourceTree = "<group>";
		};
		84E35F9E2029889200E4683F = {
			isa = PBXGroup;
			children = (
				84E35FA92029889200E4683F /* WBCategories */,
				84E35FA82029889200E4683F /* Products */,
				667F5C34D4B29C0AFA0151E7 /* Pods */,
				F854FB4B86213C37CD5ED6BD /* Frameworks */,
			);
			sourceTree = "<group>";
		};
		84E35FA82029889200E4683F /* Products */ = {
			isa = PBXGroup;
			children = (
				84E35FA72029889200E4683F /* WBCategories.app */,
			);
			name = Products;
			sourceTree = "<group>";
		};
		84E35FA92029889200E4683F /* WBCategories */ = {
			isa = PBXGroup;
			children = (
				C52B0724213ECE6F008E9013 /* WBCategoryKit */,
				84E35FAA2029889200E4683F /* AppDelegate.h */,
				84E35FAB2029889200E4683F /* AppDelegate.m */,
				84E35FAD2029889200E4683F /* ViewController.h */,
				84E35FAE2029889200E4683F /* ViewController.m */,
				84E35FB02029889200E4683F /* Main.storyboard */,
				84E35FB32029889200E4683F /* Assets.xcassets */,
				84E35FB52029889200E4683F /* LaunchScreen.storyboard */,
				84E35FB82029889200E4683F /* Info.plist */,
				84E35FB92029889200E4683F /* main.m */,
			);
			path = WBCategories;
			sourceTree = "<group>";
		};
		C52B0724213ECE6F008E9013 /* WBCategoryKit */ = {
			isa = PBXGroup;
			children = (
				C52B0725213ECE6F008E9013 /* UIKit */,
				C52B07C4213ECE6F008E9013 /* Foundation */,
				C52B07EB213ECE6F008E9013 /* Macro */,
				C52B07F0213ECE6F008E9013 /* QuartzCore */,
				C52B0845213ECE89008E9013 /* WBCategoryKit.h */,
			);
			path = WBCategoryKit;
			sourceTree = SOURCE_ROOT;
		};
		C52B0725213ECE6F008E9013 /* UIKit */ = {
			isa = PBXGroup;
			children = (
				C52B0726213ECE6F008E9013 /* UIImage */,
				C52B072F213ECE6F008E9013 /* UIScrollView */,
				C52B0732213ECE6F008E9013 /* UIScreen */,
				C52B0735213ECE6F008E9013 /* UIWindow */,
				C52B0738213ECE6F008E9013 /* UIApplication */,
				C52B073F213ECE6F008E9013 /* UITableViewCell */,
				C52B0742213ECE6F008E9013 /* UIButton */,
				C52B0753213ECE6F008E9013 /* UIColor */,
				C52B0758213ECE6F008E9013 /* UIAlertController */,
				C52B075B213ECE6F008E9013 /* UIView */,
				C52B0776213ECE6F008E9013 /* UIFont */,
				C52B0779213ECE6F008E9013 /* UINavigationItem */,
				C52B0787213ECE6F008E9013 /* WKWebView */,
				C52B0792213ECE6F008E9013 /* UITextView */,
				C52B0795213ECE6F008E9013 /* UIDevice */,
				C52B079A213ECE6F008E9013 /* UICollectionView */,
				C52B079D213ECE6F008E9013 /* UIImagePickerController */,
				C52B07A0213ECE6F008E9013 /* UIBarButtonItem */,
				C52B07A5213ECE6F008E9013 /* UIImageView */,
				C52B07A8213ECE6F008E9013 /* UINavigationBar */,
				C52B07AB213ECE6F008E9013 /* UIViewController */,
				C52B07B5213ECE6F008E9013 /* UITableView */,
				C52B07B8213ECE6F008E9013 /* UISearchBar */,
				C52B07BB213ECE6F008E9013 /* UIControl */,
				C52B0849213EDD63008E9013 /* WBUIKit.h */,
			);
			path = UIKit;
			sourceTree = "<group>";
		};
		C52B0726213ECE6F008E9013 /* UIImage */ = {
			isa = PBXGroup;
			children = (
				C52B072C213ECE6F008E9013 /* UIImage+WBAdditional.h */,
				C52B0727213ECE6F008E9013 /* UIImage+WBAdditional.m */,
				C52B0729213ECE6F008E9013 /* UIImage+WBCompress.h */,
				C52B072D213ECE6F008E9013 /* UIImage+WBCompress.m */,
				C52B072A213ECE6F008E9013 /* UIImage+WBEffect.h */,
				C52B072E213ECE6F008E9013 /* UIImage+WBEffect.m */,
				C52B0728213ECE6F008E9013 /* UIImage+WBRotate.h */,
				C52B072B213ECE6F008E9013 /* UIImage+WBRotate.m */,
			);
			path = UIImage;
			sourceTree = "<group>";
		};
		C52B072F213ECE6F008E9013 /* UIScrollView */ = {
			isa = PBXGroup;
			children = (
				C52B0731213ECE6F008E9013 /* UIScrollView+WBAdditional.h */,
				C52B0730213ECE6F008E9013 /* UIScrollView+WBAdditional.m */,
			);
			path = UIScrollView;
			sourceTree = "<group>";
		};
		C52B0732213ECE6F008E9013 /* UIScreen */ = {
			isa = PBXGroup;
			children = (
				C52B0733213ECE6F008E9013 /* UIScreen+WBFrame.h */,
				C52B0734213ECE6F008E9013 /* UIScreen+WBFrame.m */,
			);
			path = UIScreen;
			sourceTree = "<group>";
		};
		C52B0735213ECE6F008E9013 /* UIWindow */ = {
			isa = PBXGroup;
			children = (
				C52B0737213ECE6F008E9013 /* UIWindow+WBHierarchy.h */,
				C52B0736213ECE6F008E9013 /* UIWindow+WBHierarchy.m */,
			);
			path = UIWindow;
			sourceTree = "<group>";
		};
		C52B0738213ECE6F008E9013 /* UIApplication */ = {
			isa = PBXGroup;
			children = (
				C52B073B213ECE6F008E9013 /* UIApplication+WBApplicationSize.h */,
				C52B073E213ECE6F008E9013 /* UIApplication+WBApplicationSize.m */,
				C52B073A213ECE6F008E9013 /* UIApplication+WBNetworkActivityIndicator.h */,
				C52B073C213ECE6F008E9013 /* UIApplication+WBNetworkActivityIndicator.m */,
				C52B0739213ECE6F008E9013 /* UIApplication+WBKeyBoardFrame.h */,
				C52B073D213ECE6F008E9013 /* UIApplication+WBKeyBoardFrame.m */,
			);
			path = UIApplication;
			sourceTree = "<group>";
		};
		C52B073F213ECE6F008E9013 /* UITableViewCell */ = {
			isa = PBXGroup;
			children = (
				C52B0740213ECE6F008E9013 /* UITableViewCell+FindUITableView.h */,
				C52B0741213ECE6F008E9013 /* UITableViewCell+FindUITableView.m */,
			);
			path = UITableViewCell;
			sourceTree = "<group>";
		};
		C52B0742213ECE6F008E9013 /* UIButton */ = {
			isa = PBXGroup;
			children = (
				C52B0744213ECE6F008E9013 /* UIButton+WBCountDown.h */,
				C52B074D213ECE6F008E9013 /* UIButton+WBAdjustPosition.h */,
				C52B0745213ECE6F008E9013 /* UIButton+WBAdjustPosition.m */,
				C52B0748213ECE6F008E9013 /* UIButton+WBAdditional.h */,
				C52B0752213ECE6F008E9013 /* UIButton+WBAdditional.m */,
				C52B0750213ECE6F008E9013 /* UIButton+WBEnlargeTouchAreas.h */,
				C52B074A213ECE6F008E9013 /* UIButton+WBEnlargeTouchAreas.m */,
				C52B0746213ECE6F008E9013 /* UIButton+WBImagePosition.h */,
				C52B074B213ECE6F008E9013 /* UIButton+WBImagePosition.m */,
				C52B074C213ECE6F008E9013 /* UIButton+WBBlock.h */,
				C52B0747213ECE6F008E9013 /* UIButton+WBBlock.m */,
				C52B074E213ECE6F008E9013 /* UIButton+WBCountDown.m */,
				C52B0743213ECE6F008E9013 /* UIButton+WBMiddleAlign.h */,
				C52B074F213ECE6F008E9013 /* UIButton+WBMiddleAlign.m */,
				C52B0749213ECE6F008E9013 /* UIButton+WBShowIndicator.h */,
				C52B0751213ECE6F008E9013 /* UIButton+WBShowIndicator.m */,
			);
			path = UIButton;
			sourceTree = "<group>";
		};
		C52B0753213ECE6F008E9013 /* UIColor */ = {
			isa = PBXGroup;
			children = (
				C52B0756213ECE6F008E9013 /* UIColor+WBCommonColor.h */,
				C52B0754213ECE6F008E9013 /* UIColor+WBCommonColor.m */,
				C52B0755213ECE6F008E9013 /* UIColor+WBAdditional.h */,
				C52B0757213ECE6F008E9013 /* UIColor+WBAdditional.m */,
			);
			path = UIColor;
			sourceTree = "<group>";
		};
		C52B0758213ECE6F008E9013 /* UIAlertController */ = {
			isa = PBXGroup;
			children = (
				C52B0759213ECE6F008E9013 /* UIAlertController+WBAdditional.h */,
				C52B075A213ECE6F008E9013 /* UIAlertController+WBAdditional.m */,
			);
			path = UIAlertController;
			sourceTree = "<group>";
		};
		C52B075B213ECE6F008E9013 /* UIView */ = {
			isa = PBXGroup;
			children = (
				C52B0769213ECE6F008E9013 /* UIView+WBBlurEffect.h */,
				C52B075E213ECE6F008E9013 /* UIView+WBBlurEffect.m */,
				C52B0771213ECE6F008E9013 /* UIView+WBBasicAnimation.h */,
				C52B075F213ECE6F008E9013 /* UIView+WBBasicAnimation.m */,
				C52B0760213ECE6F008E9013 /* UIView+WBRecursion.h */,
				C52B0770213ECE6F008E9013 /* UIView+WBRecursion.m */,
				C52B0762213ECE6F008E9013 /* UIView+WBDraggable.h */,
				C52B076E213ECE6F008E9013 /* UIView+WBDraggable.m */,
				C52B0763213ECE6F008E9013 /* UIView+WBAdditional.h */,
				C52B076D213ECE6F008E9013 /* UIView+WBAdditional.m */,
				C52B0775213ECE6F008E9013 /* UIView+WBConstraints.h */,
				C52B0768213ECE6F008E9013 /* UIView+WBConstraints.m */,
				C52B076A213ECE6F008E9013 /* UIView+WBBlockGesture.h */,
				C52B075D213ECE6F008E9013 /* UIView+WBBlockGesture.m */,
				C52B075C213ECE6F008E9013 /* UIView+WBFind.h */,
				C52B076B213ECE6F008E9013 /* UIView+WBFind.m */,
				C52B0761213ECE6F008E9013 /* UIView+WBFrame.h */,
				C52B076F213ECE6F008E9013 /* UIView+WBFrame.m */,
				C52B0766213ECE6F008E9013 /* UIView+WBDismissKeyboard.h */,
				C52B0772213ECE6F008E9013 /* UIView+WBDismissKeyboard.m */,
				C52B0765213ECE6F008E9013 /* UIView+WBExtension.h */,
				C52B0773213ECE6F008E9013 /* UIView+WBExtension.m */,
				C52B0774213ECE6F008E9013 /* UIView+WBShake.h */,
				C52B0767213ECE6F008E9013 /* UIView+WBShake.m */,
			);
			path = UIView;
			sourceTree = "<group>";
		};
		C52B0776213ECE6F008E9013 /* UIFont */ = {
			isa = PBXGroup;
			children = (
				C52B0778213ECE6F008E9013 /* UIFont+WBRuntimeSize.h */,
				C52B0777213ECE6F008E9013 /* UIFont+WBRuntimeSize.m */,
			);
			path = UIFont;
			sourceTree = "<group>";
		};
		C52B0779213ECE6F008E9013 /* UINavigationItem */ = {
			isa = PBXGroup;
			children = (
				C52B077B213ECE6F008E9013 /* UINavigationItem+WBLock.h */,
				C52B0785213ECE6F008E9013 /* UINavigationItem+WBLock.m */,
				C52B077C213ECE6F008E9013 /* UINavigationItem+Margin */,
				C52B077A213ECE6F008E9013 /* UINavigationItem+WBLoading.h */,
				C52B0786213ECE6F008E9013 /* UINavigationItem+WBLoading.m */,
			);
			path = UINavigationItem;
			sourceTree = "<group>";
		};
		C52B077C213ECE6F008E9013 /* UINavigationItem+Margin */ = {
			isa = PBXGroup;
			children = (
				C52B077D213ECE6F008E9013 /* UINavigationBarContentView+Margin.m */,
				C52B077E213ECE6F008E9013 /* UINavigationItem+Margin.h */,
				C52B077F213ECE6F008E9013 /* Swizzle.h */,
				C52B0782213ECE6F008E9013 /* Swizzle.m */,
				C52B0780213ECE6F008E9013 /* UINavigationBarContentViewLayout+Margin.m */,
				C52B0781213ECE6F008E9013 /* UINavigationItem+Margin.m */,
				C52B0783213ECE6F008E9013 /* UINavigationBarContentView+Margin.h */,
				C52B0784213ECE6F008E9013 /* UINavigationBarContentViewLayout+Margin.h */,
			);
			path = "UINavigationItem+Margin";
			sourceTree = "<group>";
		};
		C52B0787213ECE6F008E9013 /* WKWebView */ = {
			isa = PBXGroup;
			children = (
				C52B0788213ECE6F008E9013 /* WKWebView+WBAdditional.h */,
				C52B078D213ECE6F008E9013 /* WKWebView+WBAdditional.m */,
				C52B078A213ECE6F008E9013 /* WKWebView+WBCapture.h */,
				C52B078E213ECE6F008E9013 /* WKWebView+WBCapture.m */,
				C52B078B213ECE6F008E9013 /* WKWebView+WBMetaParser.h */,
				C52B0791213ECE6F008E9013 /* WKWebView+WBMetaParser.m */,
				C52B078C213ECE6F008E9013 /* WKWebView+WBJavaScript.h */,
				C52B0790213ECE6F008E9013 /* WKWebView+WBJavaScript.m */,
				C52B0789213ECE6F008E9013 /* WKWebView+WBLoadInfo.h */,
				C52B078F213ECE6F008E9013 /* WKWebView+WBLoadInfo.m */,
			);
			path = WKWebView;
			sourceTree = "<group>";
		};
		C52B0792213ECE6F008E9013 /* UITextView */ = {
			isa = PBXGroup;
			children = (
				C52B0794213ECE6F008E9013 /* UITextView+Placeholder.h */,
				C52B0793213ECE6F008E9013 /* UITextView+Placeholder.m */,
			);
			path = UITextView;
			sourceTree = "<group>";
		};
		C52B0795213ECE6F008E9013 /* UIDevice */ = {
			isa = PBXGroup;
			children = (
				C52B0796213ECE6F008E9013 /* WBUUID.h */,
				C52B0798213ECE6F008E9013 /* WBUUID.m */,
				C52B0797213ECE6F008E9013 /* UIDevice+WBUUID.h */,
				C52B0799213ECE6F008E9013 /* UIDevice+WBUUID.m */,
			);
			path = UIDevice;
			sourceTree = "<group>";
		};
		C52B079A213ECE6F008E9013 /* UICollectionView */ = {
			isa = PBXGroup;
			children = (
				C52B079B213ECE6F008E9013 /* UICollectionView+WBReload.h */,
				C52B079C213ECE6F008E9013 /* UICollectionView+WBReload.m */,
			);
			path = UICollectionView;
			sourceTree = "<group>";
		};
		C52B079D213ECE6F008E9013 /* UIImagePickerController */ = {
			isa = PBXGroup;
			children = (
				C52B079E213ECE6F008E9013 /* UIImagePickerController+WBAdditional.h */,
				C52B079F213ECE6F008E9013 /* UIImagePickerController+WBAdditional.m */,
			);
			path = UIImagePickerController;
			sourceTree = "<group>";
		};
		C52B07A0213ECE6F008E9013 /* UIBarButtonItem */ = {
			isa = PBXGroup;
			children = (
				C52B07A2213ECE6F008E9013 /* UIBarButtonItem+WBActionBlock.h */,
				C52B07A4213ECE6F008E9013 /* UIBarButtonItem+WBActionBlock.m */,
				C52B07A3213ECE6F008E9013 /* UIBarButtonItem+WBBadge.h */,
				C52B07A1213ECE6F008E9013 /* UIBarButtonItem+WBBadge.m */,
			);
			path = UIBarButtonItem;
			sourceTree = "<group>";
		};
		C52B07A5213ECE6F008E9013 /* UIImageView */ = {
			isa = PBXGroup;
			children = (
				C52B07A7213ECE6F008E9013 /* UIImageView+WBWebCache.h */,
				C52B07A6213ECE6F008E9013 /* UIImageView+WBWebCache.m */,
			);
			path = UIImageView;
			sourceTree = "<group>";
		};
		C52B07A8213ECE6F008E9013 /* UINavigationBar */ = {
			isa = PBXGroup;
			children = (
				C52B07A9213ECE6F008E9013 /* UINavigationBar+WBBarStyle.h */,
				C52B07AA213ECE6F008E9013 /* UINavigationBar+WBBarStyle.m */,
			);
			path = UINavigationBar;
			sourceTree = "<group>";
		};
		C52B07AB213ECE6F008E9013 /* UIViewController */ = {
			isa = PBXGroup;
			children = (
				C52B07B0213ECE6F008E9013 /* UIViewController+WBRemoveTabbarButton.h */,
				C52B07AC213ECE6F008E9013 /* UIViewController+WBRemoveTabbarButton.m */,
				C52B07AE213ECE6F008E9013 /* UIViewController+WBAdditional.h */,
				C52B07B1213ECE6F008E9013 /* UIViewController+WBAdditional.m */,
				C52B07AF213ECE6F008E9013 /* UIViewController+WBTransition.h */,
				C52B07AD213ECE6F008E9013 /* UIViewController+WBTransition.m */,
			);
			path = UIViewController;
			sourceTree = "<group>";
		};
		C52B07B5213ECE6F008E9013 /* UITableView */ = {
			isa = PBXGroup;
			children = (
				C52B07B7213ECE6F008E9013 /* UITableView+WBiOS7Style.h */,
				C52B07B6213ECE6F008E9013 /* UITableView+WBiOS7Style.m */,
			);
			path = UITableView;
			sourceTree = "<group>";
		};
		C52B07B8213ECE6F008E9013 /* UISearchBar */ = {
			isa = PBXGroup;
			children = (
				C52B07B9213ECE6F008E9013 /* UISearchBar+WBAddition.h */,
				C52B07BA213ECE6F008E9013 /* UISearchBar+WBAddition.m */,
			);
			path = UISearchBar;
			sourceTree = "<group>";
		};
		C52B07BB213ECE6F008E9013 /* UIControl */ = {
			isa = PBXGroup;
			children = (
				C52B07C0213ECE6F008E9013 /* UIControl+WBSound.h */,
				C52B07BC213ECE6F008E9013 /* UIControl+WBSound.m */,
				C52B07BD213ECE6F008E9013 /* UIControl+WBIgnoreMutiple.h */,
				C52B07C2213ECE6F008E9013 /* UIControl+WBIgnoreMutiple.m */,
				C52B07C3213ECE6F008E9013 /* UIControl+WBAcitonBlock.h */,
				C52B07BF213ECE6F008E9013 /* UIControl+WBAcitonBlock.m */,
				C52B07BE213ECE6F008E9013 /* UIControl+WBBlock.h */,
				C52B07C1213ECE6F008E9013 /* UIControl+WBBlock.m */,
			);
			path = UIControl;
			sourceTree = "<group>";
		};
		C52B07C4213ECE6F008E9013 /* Foundation */ = {
			isa = PBXGroup;
			children = (
				C52B07C5213ECE6F008E9013 /* NSDictionary */,
				C52B07C8213ECE6F008E9013 /* NSData */,
				C52B07CB213ECE6F008E9013 /* NSString */,
				C52B07D6213ECE6F008E9013 /* NSArray */,
				C52B07D9213ECE6F008E9013 /* NSUserDefaults */,
				C52B07DC213ECE6F008E9013 /* NSObject */,
				C52B07E1213ECE6F008E9013 /* NSDate */,
				C52B0847213ED9AC008E9013 /* WBFoundation.h */,
			);
			path = Foundation;
			sourceTree = "<group>";
		};
		C52B07C5213ECE6F008E9013 /* NSDictionary */ = {
			isa = PBXGroup;
			children = (
				C52B07C7213ECE6F008E9013 /* NSDictionary+WBAdditional.h */,
				C52B07C6213ECE6F008E9013 /* NSDictionary+WBAdditional.m */,
			);
			path = NSDictionary;
			sourceTree = "<group>";
		};
		C52B07C8213ECE6F008E9013 /* NSData */ = {
			isa = PBXGroup;
			children = (
				C52B07C9213ECE6F008E9013 /* NSData+WBFragment.h */,
				C52B07CA213ECE6F008E9013 /* NSData+WBFragment.m */,
			);
			path = NSData;
			sourceTree = "<group>";
		};
		C52B07CB213ECE6F008E9013 /* NSString */ = {
			isa = PBXGroup;
			children = (
				C52B07CC213ECE6F008E9013 /* NSString+WBAddtional.h */,
				C52B07D1213ECE6F008E9013 /* NSString+WBAddtional.m */,
				C52B07D0213ECE6F008E9013 /* NSString+WBPredicate.h */,
				C52B07D5213ECE6F008E9013 /* NSString+WBPredicate.m */,
				C52B07CD213ECE6F008E9013 /* NSString+WBJavaScript.h */,
				C52B07D2213ECE6F008E9013 /* NSString+WBJavaScript.m */,
				C52B07D3213ECE6F008E9013 /* NSString+WBCreateFileName.h */,
				C52B07CF213ECE6F008E9013 /* NSString+WBCreateFileName.m */,
				C52B07D4213ECE6F008E9013 /* NSString+WBDeviceInfo.h */,
				C52B07CE213ECE6F008E9013 /* NSString+WBDeviceInfo.m */,
			);
			path = NSString;
			sourceTree = "<group>";
		};
		C52B07D6213ECE6F008E9013 /* NSArray */ = {
			isa = PBXGroup;
			children = (
				C52B07D8213ECE6F008E9013 /* NSArray+WBAdditional.h */,
				C52B07D7213ECE6F008E9013 /* NSArray+WBAdditional.m */,
			);
			path = NSArray;
			sourceTree = "<group>";
		};
		C52B07D9213ECE6F008E9013 /* NSUserDefaults */ = {
			isa = PBXGroup;
			children = (
				C52B07DA213ECE6F008E9013 /* NSUserDefaults+WBAdditional.h */,
				C52B07DB213ECE6F008E9013 /* NSUserDefaults+WBAdditional.m */,
			);
			path = NSUserDefaults;
			sourceTree = "<group>";
		};
		C52B07DC213ECE6F008E9013 /* NSObject */ = {
			isa = PBXGroup;
			children = (
				C52B07E0213ECE6F008E9013 /* NSObject+WBJSON.h */,
				C52B07DE213ECE6F008E9013 /* NSObject+WBJSON.m */,
				C52B07DD213ECE6F008E9013 /* NSObject+WBRuntime.h */,
				C52B07DF213ECE6F008E9013 /* NSObject+WBRuntime.m */,
			);
			path = NSObject;
			sourceTree = "<group>";
		};
		C52B07E1213ECE6F008E9013 /* NSDate */ = {
			isa = PBXGroup;
			children = (
				C52B07E2213ECE6F008E9013 /* WBDateHeaderFile.h */,
				C52B07EA213ECE6F008E9013 /* NSDate+WBTimePredicate.h */,
				C52B07E5213ECE6F008E9013 /* NSDate+WBTimePredicate.m */,
				C52B07E9213ECE6F008E9013 /* NSDate+WBDisplayTime.h */,
				C52B07E6213ECE6F008E9013 /* NSDate+WBDisplayTime.m */,
				C52B07E3213ECE6F008E9013 /* WBDateFormatterPool.h */,
				C52B07E7213ECE6F008E9013 /* WBDateFormatterPool.m */,
				C52B07E8213ECE6F008E9013 /* NSDate+WBAddtional.h */,
				C52B07E4213ECE6F008E9013 /* NSDate+WBAddtional.m */,
			);
			path = NSDate;
			sourceTree = "<group>";
		};
		C52B07EB213ECE6F008E9013 /* Macro */ = {
			isa = PBXGroup;
			children = (
				C52B07EC213ECE6F008E9013 /* WBMacroDefinition.h */,
				C52B07ED213ECE6F008E9013 /* WBFontMacro.h */,
				C52B07EE213ECE6F008E9013 /* WBSingletonMacro.h */,
				C52B07EF213ECE6F008E9013 /* WBClearWarningMacro.h */,
			);
			path = Macro;
			sourceTree = "<group>";
		};
		C52B07F0213ECE6F008E9013 /* QuartzCore */ = {
			isa = PBXGroup;
			children = (
				C52B07F2213ECE6F008E9013 /* UIView+WBCoreAnimation.h */,
				C52B07F1213ECE6F008E9013 /* UIView+WBCoreAnimation.m */,
				C52B0846213ED889008E9013 /* WBQuartzCore.h */,
			);
			path = QuartzCore;
			sourceTree = "<group>";
		};
		F854FB4B86213C37CD5ED6BD /* Frameworks */ = {
			isa = PBXGroup;
			children = (
				E5BA29418AFB0FD4A2DB97B8 /* libPods-WBCategories.a */,
			);
			name = Frameworks;
			sourceTree = "<group>";
		};
/* End PBXGroup section */

/* Begin PBXNativeTarget section */
		84E35FA62029889200E4683F /* WBCategories */ = {
			isa = PBXNativeTarget;
			buildConfigurationList = 84E35FBD2029889200E4683F /* Build configuration list for PBXNativeTarget "WBCategories" */;
			buildPhases = (
				EC6A4A52E123BC15E823E10E /* [CP] Check Pods Manifest.lock */,
				84E35FA32029889200E4683F /* Sources */,
				84E35FA42029889200E4683F /* Frameworks */,
				84E35FA52029889200E4683F /* Resources */,
			);
			buildRules = (
			);
			dependencies = (
			);
			name = WBCategories;
			productName = WBCategories;
			productReference = 84E35FA72029889200E4683F /* WBCategories.app */;
			productType = "com.apple.product-type.application";
		};
/* End PBXNativeTarget section */

/* Begin PBXProject section */
		84E35F9F2029889200E4683F /* Project object */ = {
			isa = PBXProject;
			attributes = {
				LastUpgradeCheck = 0940;
				ORGANIZATIONNAME = WENBO;
				TargetAttributes = {
					84E35FA62029889200E4683F = {
						CreatedOnToolsVersion = 9.2;
						ProvisioningStyle = Automatic;
					};
				};
			};
			buildConfigurationList = 84E35FA22029889200E4683F /* Build configuration list for PBXProject "WBCategories" */;
			compatibilityVersion = "Xcode 8.0";
			developmentRegion = en;
			hasScannedForEncodings = 0;
			knownRegions = (
				en,
				Base,
			);
			mainGroup = 84E35F9E2029889200E4683F;
			productRefGroup = 84E35FA82029889200E4683F /* Products */;
			projectDirPath = "";
			projectRoot = "";
			targets = (
				84E35FA62029889200E4683F /* WBCategories */,
			);
		};
/* End PBXProject section */

/* Begin PBXResourcesBuildPhase section */
		84E35FA52029889200E4683F /* Resources */ = {
			isa = PBXResourcesBuildPhase;
			buildActionMask = 2147483647;
			files = (
				84E35FB72029889200E4683F /* LaunchScreen.storyboard in Resources */,
				84E35FB42029889200E4683F /* Assets.xcassets in Resources */,
				84E35FB22029889200E4683F /* Main.storyboard in Resources */,
			);
			runOnlyForDeploymentPostprocessing = 0;
		};
/* End PBXResourcesBuildPhase section */

/* Begin PBXShellScriptBuildPhase section */
		EC6A4A52E123BC15E823E10E /* [CP] Check Pods Manifest.lock */ = {
			isa = PBXShellScriptBuildPhase;
			buildActionMask = 2147483647;
			files = (
			);
			inputPaths = (
				"${PODS_PODFILE_DIR_PATH}/Podfile.lock",
				"${PODS_ROOT}/Manifest.lock",
			);
			name = "[CP] Check Pods Manifest.lock";
			outputPaths = (
				"$(DERIVED_FILE_DIR)/Pods-WBCategories-checkManifestLockResult.txt",
			);
			runOnlyForDeploymentPostprocessing = 0;
			shellPath = /bin/sh;
			shellScript = "diff \"${PODS_PODFILE_DIR_PATH}/Podfile.lock\" \"${PODS_ROOT}/Manifest.lock\" > /dev/null\nif [ $? != 0 ] ; then\n    # print error to STDERR\n    echo \"error: The sandbox is not in sync with the Podfile.lock. Run 'pod install' or update your CocoaPods installation.\" >&2\n    exit 1\nfi\n# This output is used by Xcode 'outputs' to avoid re-running this script phase.\necho \"SUCCESS\" > \"${SCRIPT_OUTPUT_FILE_0}\"\n";
			showEnvVarsInLog = 0;
		};
/* End PBXShellScriptBuildPhase section */

/* Begin PBXSourcesBuildPhase section */
		84E35FA32029889200E4683F /* Sources */ = {
			isa = PBXSourcesBuildPhase;
			buildActionMask = 2147483647;
			files = (
				C52B07FB213ECE6F008E9013 /* UIApplication+WBKeyBoardFrame.m in Sources */,
				C52B0818213ECE6F008E9013 /* UINavigationBarContentViewLayout+Margin.m in Sources */,
				C52B0835213ECE6F008E9013 /* NSDictionary+WBAdditional.m in Sources */,
				C52B0801213ECE6F008E9013 /* UIButton+WBImagePosition.m in Sources */,
				C52B083E213ECE6F008E9013 /* NSObject+WBJSON.m in Sources */,
				C52B082C213ECE6F008E9013 /* UIViewController+WBTransition.m in Sources */,
				C52B0836213ECE6F008E9013 /* NSData+WBFragment.m in Sources */,
				C52B0823213ECE6F008E9013 /* WBUUID.m in Sources */,
				C52B07FC213ECE6F008E9013 /* UIApplication+WBApplicationSize.m in Sources */,
				C52B082D213ECE6F008E9013 /* UIViewController+WBAdditional.m in Sources */,
				C52B082B213ECE6F008E9013 /* UIViewController+WBRemoveTabbarButton.m in Sources */,
				C52B0814213ECE6F008E9013 /* UIView+WBDismissKeyboard.m in Sources */,
				C52B0840213ECE6F008E9013 /* NSDate+WBAddtional.m in Sources */,
				C52B0848213ED9AC008E9013 /* WBFoundation.h in Sources */,
				C52B0832213ECE6F008E9013 /* UIControl+WBAcitonBlock.m in Sources */,
				C52B0807213ECE6F008E9013 /* UIColor+WBAdditional.m in Sources */,
				C52B0842213ECE6F008E9013 /* NSDate+WBDisplayTime.m in Sources */,
				C52B0805213ECE6F008E9013 /* UIButton+WBAdditional.m in Sources */,
				C52B07F5213ECE6F008E9013 /* UIImage+WBCompress.m in Sources */,
				C52B07FE213ECE6F008E9013 /* UIButton+WBAdjustPosition.m in Sources */,
				C52B0824213ECE6F008E9013 /* UIDevice+WBUUID.m in Sources */,
				C52B0806213ECE6F008E9013 /* UIColor+WBCommonColor.m in Sources */,
				C52B083B213ECE6F008E9013 /* NSString+WBPredicate.m in Sources */,
				C52B081B213ECE6F008E9013 /* UINavigationItem+WBLock.m in Sources */,
				C52B080F213ECE6F008E9013 /* UIView+WBFind.m in Sources */,
				C52B0844213ECE6F008E9013 /* UIView+WBCoreAnimation.m in Sources */,
				C52B07F8213ECE6F008E9013 /* UIScreen+WBFrame.m in Sources */,
				C52B07F9213ECE6F008E9013 /* UIWindow+WBHierarchy.m in Sources */,
				C52B084A213EDD63008E9013 /* WBUIKit.h in Sources */,
				C52B07FF213ECE6F008E9013 /* UIButton+WBBlock.m in Sources */,
				C52B080B213ECE6F008E9013 /* UIView+WBBasicAnimation.m in Sources */,
				C52B0820213ECE6F008E9013 /* WKWebView+WBJavaScript.m in Sources */,
				C52B0828213ECE6F008E9013 /* UIBarButtonItem+WBActionBlock.m in Sources */,
				C52B0838213ECE6F008E9013 /* NSString+WBCreateFileName.m in Sources */,
				C52B083C213ECE6F008E9013 /* NSArray+WBAdditional.m in Sources */,
				C52B0811213ECE6F008E9013 /* UIView+WBDraggable.m in Sources */,
				C52B0843213ECE6F008E9013 /* WBDateFormatterPool.m in Sources */,
				C52B083F213ECE6F008E9013 /* NSObject+WBRuntime.m in Sources */,
				C52B081E213ECE6F008E9013 /* WKWebView+WBCapture.m in Sources */,
				C52B081D213ECE6F008E9013 /* WKWebView+WBAdditional.m in Sources */,
				C52B0830213ECE6F008E9013 /* UISearchBar+WBAddition.m in Sources */,
				C52B0813213ECE6F008E9013 /* UIView+WBRecursion.m in Sources */,
				C52B083A213ECE6F008E9013 /* NSString+WBJavaScript.m in Sources */,
				C52B0817213ECE6F008E9013 /* UINavigationBarContentView+Margin.m in Sources */,
				C52B0822213ECE6F008E9013 /* UITextView+Placeholder.m in Sources */,
				C52B0804213ECE6F008E9013 /* UIButton+WBShowIndicator.m in Sources */,
				C52B0834213ECE6F008E9013 /* UIControl+WBIgnoreMutiple.m in Sources */,
				C52B083D213ECE6F008E9013 /* NSUserDefaults+WBAdditional.m in Sources */,
				C52B0808213ECE6F008E9013 /* UIAlertController+WBAdditional.m in Sources */,
				C52B0800213ECE6F008E9013 /* UIButton+WBEnlargeTouchAreas.m in Sources */,
				84E35FAF2029889200E4683F /* ViewController.m in Sources */,
				C52B0809213ECE6F008E9013 /* UIView+WBBlockGesture.m in Sources */,
				C52B0829213ECE6F008E9013 /* UIImageView+WBWebCache.m in Sources */,
				C52B07FD213ECE6F008E9013 /* UITableViewCell+FindUITableView.m in Sources */,
				C52B0803213ECE6F008E9013 /* UIButton+WBMiddleAlign.m in Sources */,
				C52B0825213ECE6F008E9013 /* UICollectionView+WBReload.m in Sources */,
				C52B0831213ECE6F008E9013 /* UIControl+WBSound.m in Sources */,
				C52B0827213ECE6F008E9013 /* UIBarButtonItem+WBBadge.m in Sources */,
				C52B082A213ECE6F008E9013 /* UINavigationBar+WBBarStyle.m in Sources */,
				C52B0833213ECE6F008E9013 /* UIControl+WBBlock.m in Sources */,
				C52B0812213ECE6F008E9013 /* UIView+WBFrame.m in Sources */,
				C52B07FA213ECE6F008E9013 /* UIApplication+WBNetworkActivityIndicator.m in Sources */,
				C52B080E213ECE6F008E9013 /* UIView+WBConstraints.m in Sources */,
				C52B082F213ECE6F008E9013 /* UITableView+WBiOS7Style.m in Sources */,
				C52B080A213ECE6F008E9013 /* UIView+WBBlurEffect.m in Sources */,
				C52B07F4213ECE6F008E9013 /* UIImage+WBRotate.m in Sources */,
				C52B0816213ECE6F008E9013 /* UIFont+WBRuntimeSize.m in Sources */,
				C52B07F7213ECE6F008E9013 /* UIScrollView+WBAdditional.m in Sources */,
				C52B080D213ECE6F008E9013 /* UIView+WBShake.m in Sources */,
				C52B0837213ECE6F008E9013 /* NSString+WBDeviceInfo.m in Sources */,
				C52B0826213ECE6F008E9013 /* UIImagePickerController+WBAdditional.m in Sources */,
				C52B081A213ECE6F008E9013 /* Swizzle.m in Sources */,
				C52B0815213ECE6F008E9013 /* UIView+WBExtension.m in Sources */,
				C52B0839213ECE6F008E9013 /* NSString+WBAddtional.m in Sources */,
				C52B0802213ECE6F008E9013 /* UIButton+WBCountDown.m in Sources */,
				84E35FBA2029889200E4683F /* main.m in Sources */,
				C52B081C213ECE6F008E9013 /* UINavigationItem+WBLoading.m in Sources */,
				84E35FAC2029889200E4683F /* AppDelegate.m in Sources */,
				C52B0819213ECE6F008E9013 /* UINavigationItem+Margin.m in Sources */,
				C52B0841213ECE6F008E9013 /* NSDate+WBTimePredicate.m in Sources */,
				C52B081F213ECE6F008E9013 /* WKWebView+WBLoadInfo.m in Sources */,
				C52B07F3213ECE6F008E9013 /* UIImage+WBAdditional.m in Sources */,
				C52B0810213ECE6F008E9013 /* UIView+WBAdditional.m in Sources */,
				C52B0821213ECE6F008E9013 /* WKWebView+WBMetaParser.m in Sources */,
				C52B07F6213ECE6F008E9013 /* UIImage+WBEffect.m in Sources */,
			);
			runOnlyForDeploymentPostprocessing = 0;
		};
/* End PBXSourcesBuildPhase section */

/* Begin PBXVariantGroup section */
		84E35FB02029889200E4683F /* Main.storyboard */ = {
			isa = PBXVariantGroup;
			children = (
				84E35FB12029889200E4683F /* Base */,
			);
			name = Main.storyboard;
			sourceTree = "<group>";
		};
		84E35FB52029889200E4683F /* LaunchScreen.storyboard */ = {
			isa = PBXVariantGroup;
			children = (
				84E35FB62029889200E4683F /* Base */,
			);
			name = LaunchScreen.storyboard;
			sourceTree = "<group>";
		};
/* End PBXVariantGroup section */

/* Begin XCBuildConfiguration section */
		84E35FBB2029889200E4683F /* Debug */ = {
			isa = XCBuildConfiguration;
			buildSettings = {
				ALWAYS_SEARCH_USER_PATHS = NO;
				CLANG_ANALYZER_NONNULL = YES;
				CLANG_ANALYZER_NUMBER_OBJECT_CONVERSION = YES_AGGRESSIVE;
				CLANG_CXX_LANGUAGE_STANDARD = "gnu++14";
				CLANG_CXX_LIBRARY = "libc++";
				CLANG_ENABLE_MODULES = YES;
				CLANG_ENABLE_OBJC_ARC = YES;
				CLANG_WARN_BLOCK_CAPTURE_AUTORELEASING = YES;
				CLANG_WARN_BOOL_CONVERSION = YES;
				CLANG_WARN_COMMA = YES;
				CLANG_WARN_CONSTANT_CONVERSION = YES;
				CLANG_WARN_DEPRECATED_OBJC_IMPLEMENTATIONS = YES;
				CLANG_WARN_DIRECT_OBJC_ISA_USAGE = YES_ERROR;
				CLANG_WARN_DOCUMENTATION_COMMENTS = YES;
				CLANG_WARN_EMPTY_BODY = YES;
				CLANG_WARN_ENUM_CONVERSION = YES;
				CLANG_WARN_INFINITE_RECURSION = YES;
				CLANG_WARN_INT_CONVERSION = YES;
				CLANG_WARN_NON_LITERAL_NULL_CONVERSION = YES;
				CLANG_WARN_OBJC_IMPLICIT_RETAIN_SELF = YES;
				CLANG_WARN_OBJC_LITERAL_CONVERSION = YES;
				CLANG_WARN_OBJC_ROOT_CLASS = YES_ERROR;
				CLANG_WARN_RANGE_LOOP_ANALYSIS = YES;
				CLANG_WARN_STRICT_PROTOTYPES = YES;
				CLANG_WARN_SUSPICIOUS_MOVE = YES;
				CLANG_WARN_UNGUARDED_AVAILABILITY = YES_AGGRESSIVE;
				CLANG_WARN_UNREACHABLE_CODE = YES;
				CLANG_WARN__DUPLICATE_METHOD_MATCH = YES;
				CODE_SIGN_IDENTITY = "iPhone Developer";
				COPY_PHASE_STRIP = NO;
				DEBUG_INFORMATION_FORMAT = dwarf;
				ENABLE_STRICT_OBJC_MSGSEND = YES;
				ENABLE_TESTABILITY = YES;
				GCC_C_LANGUAGE_STANDARD = gnu11;
				GCC_DYNAMIC_NO_PIC = NO;
				GCC_NO_COMMON_BLOCKS = YES;
				GCC_OPTIMIZATION_LEVEL = 0;
				GCC_PREPROCESSOR_DEFINITIONS = (
					"DEBUG=1",
					"$(inherited)",
				);
				GCC_WARN_64_TO_32_BIT_CONVERSION = YES;
				GCC_WARN_ABOUT_RETURN_TYPE = YES_ERROR;
				GCC_WARN_UNDECLARED_SELECTOR = YES;
				GCC_WARN_UNINITIALIZED_AUTOS = YES_AGGRESSIVE;
				GCC_WARN_UNUSED_FUNCTION = YES;
				GCC_WARN_UNUSED_VARIABLE = YES;
				IPHONEOS_DEPLOYMENT_TARGET = 11.4;
				MTL_ENABLE_DEBUG_INFO = YES;
				ONLY_ACTIVE_ARCH = YES;
				SDKROOT = iphoneos;
			};
			name = Debug;
		};
		84E35FBC2029889200E4683F /* Release */ = {
			isa = XCBuildConfiguration;
			buildSettings = {
				ALWAYS_SEARCH_USER_PATHS = NO;
				CLANG_ANALYZER_NONNULL = YES;
				CLANG_ANALYZER_NUMBER_OBJECT_CONVERSION = YES_AGGRESSIVE;
				CLANG_CXX_LANGUAGE_STANDARD = "gnu++14";
				CLANG_CXX_LIBRARY = "libc++";
				CLANG_ENABLE_MODULES = YES;
				CLANG_ENABLE_OBJC_ARC = YES;
				CLANG_WARN_BLOCK_CAPTURE_AUTORELEASING = YES;
				CLANG_WARN_BOOL_CONVERSION = YES;
				CLANG_WARN_COMMA = YES;
				CLANG_WARN_CONSTANT_CONVERSION = YES;
				CLANG_WARN_DEPRECATED_OBJC_IMPLEMENTATIONS = YES;
				CLANG_WARN_DIRECT_OBJC_ISA_USAGE = YES_ERROR;
				CLANG_WARN_DOCUMENTATION_COMMENTS = YES;
				CLANG_WARN_EMPTY_BODY = YES;
				CLANG_WARN_ENUM_CONVERSION = YES;
				CLANG_WARN_INFINITE_RECURSION = YES;
				CLANG_WARN_INT_CONVERSION = YES;
				CLANG_WARN_NON_LITERAL_NULL_CONVERSION = YES;
				CLANG_WARN_OBJC_IMPLICIT_RETAIN_SELF = YES;
				CLANG_WARN_OBJC_LITERAL_CONVERSION = YES;
				CLANG_WARN_OBJC_ROOT_CLASS = YES_ERROR;
				CLANG_WARN_RANGE_LOOP_ANALYSIS = YES;
				CLANG_WARN_STRICT_PROTOTYPES = YES;
				CLANG_WARN_SUSPICIOUS_MOVE = YES;
				CLANG_WARN_UNGUARDED_AVAILABILITY = YES_AGGRESSIVE;
				CLANG_WARN_UNREACHABLE_CODE = YES;
				CLANG_WARN__DUPLICATE_METHOD_MATCH = YES;
				CODE_SIGN_IDENTITY = "iPhone Developer";
				COPY_PHASE_STRIP = NO;
				DEBUG_INFORMATION_FORMAT = "dwarf-with-dsym";
				ENABLE_NS_ASSERTIONS = NO;
				ENABLE_STRICT_OBJC_MSGSEND = YES;
				GCC_C_LANGUAGE_STANDARD = gnu11;
				GCC_NO_COMMON_BLOCKS = YES;
				GCC_WARN_64_TO_32_BIT_CONVERSION = YES;
				GCC_WARN_ABOUT_RETURN_TYPE = YES_ERROR;
				GCC_WARN_UNDECLARED_SELECTOR = YES;
				GCC_WARN_UNINITIALIZED_AUTOS = YES_AGGRESSIVE;
				GCC_WARN_UNUSED_FUNCTION = YES;
				GCC_WARN_UNUSED_VARIABLE = YES;
				IPHONEOS_DEPLOYMENT_TARGET = 11.4;
				MTL_ENABLE_DEBUG_INFO = NO;
				SDKROOT = iphoneos;
				VALIDATE_PRODUCT = YES;
			};
			name = Release;
		};
		84E35FBE2029889200E4683F /* Debug */ = {
			isa = XCBuildConfiguration;
			baseConfigurationReference = CFB7BF25A8BDC4ABEBC4DA61 /* Pods-WBCategories.debug.xcconfig */;
			buildSettings = {
				ASSETCATALOG_COMPILER_APPICON_NAME = AppIcon;
				CODE_SIGN_STYLE = Automatic;
				INFOPLIST_FILE = WBCategories/Info.plist;
				LD_RUNPATH_SEARCH_PATHS = "$(inherited) @executable_path/Frameworks";
				PRODUCT_BUNDLE_IDENTIFIER = WENBO.WBCategories;
				PRODUCT_NAME = "$(TARGET_NAME)";
				TARGETED_DEVICE_FAMILY = "1,2";
			};
			name = Debug;
		};
		84E35FBF2029889200E4683F /* Release */ = {
			isa = XCBuildConfiguration;
			baseConfigurationReference = 702FEF5FA833A2FFAA60CB42 /* Pods-WBCategories.release.xcconfig */;
			buildSettings = {
				ASSETCATALOG_COMPILER_APPICON_NAME = AppIcon;
				CODE_SIGN_STYLE = Automatic;
				INFOPLIST_FILE = WBCategories/Info.plist;
				LD_RUNPATH_SEARCH_PATHS = "$(inherited) @executable_path/Frameworks";
				PRODUCT_BUNDLE_IDENTIFIER = WENBO.WBCategories;
				PRODUCT_NAME = "$(TARGET_NAME)";
				TARGETED_DEVICE_FAMILY = "1,2";
			};
			name = Release;
		};
/* End XCBuildConfiguration section */

/* Begin XCConfigurationList section */
		84E35FA22029889200E4683F /* Build configuration list for PBXProject "WBCategories" */ = {
			isa = XCConfigurationList;
			buildConfigurations = (
				84E35FBB2029889200E4683F /* Debug */,
				84E35FBC2029889200E4683F /* Release */,
			);
			defaultConfigurationIsVisible = 0;
			defaultConfigurationName = Release;
		};
		84E35FBD2029889200E4683F /* Build configuration list for PBXNativeTarget "WBCategories" */ = {
			isa = XCConfigurationList;
			buildConfigurations = (
				84E35FBE2029889200E4683F /* Debug */,
				84E35FBF2029889200E4683F /* Release */,
			);
			defaultConfigurationIsVisible = 0;
			defaultConfigurationName = Release;
		};
/* End XCConfigurationList section */
	};
	rootObject = 84E35F9F2029889200E4683F /* Project object */;
}
