// !$*UTF8*$!
{
	archiveVersion = 1;
	classes = {
	};
	objectVersion = 48;
	objects = {

/* Begin PBXBuildFile section */
		841D7E5D202ED8FD00D70A07 /* UIApplication+WBApplicationSize.m in Sources */ = {isa = PBXBuildFile; fileRef = 841D7DA8202ED8FC00D70A07 /* UIApplication+WBApplicationSize.m */; };
		841D7E5E202ED8FD00D70A07 /* UIApplication+WBKeyBoardFrame.m in Sources */ = {isa = PBXBuildFile; fileRef = 841D7DAA202ED8FC00D70A07 /* UIApplication+WBKeyBoardFrame.m */; };
		841D7E5F202ED8FD00D70A07 /* UIApplication+WBNetworkActivityIndicator.m in Sources */ = {isa = PBXBuildFile; fileRef = 841D7DAC202ED8FC00D70A07 /* UIApplication+WBNetworkActivityIndicator.m */; };
		841D7E60202ED8FD00D70A07 /* UIBarButtonItem+WBActionBlock.m in Sources */ = {isa = PBXBuildFile; fileRef = 841D7DAF202ED8FC00D70A07 /* UIBarButtonItem+WBActionBlock.m */; };
		841D7E61202ED8FD00D70A07 /* UIBarButtonItem+WBBadge.m in Sources */ = {isa = PBXBuildFile; fileRef = 841D7DB1202ED8FC00D70A07 /* UIBarButtonItem+WBBadge.m */; };
		841D7E62202ED8FD00D70A07 /* UIButton+WBAdditional.m in Sources */ = {isa = PBXBuildFile; fileRef = 841D7DB4202ED8FC00D70A07 /* UIButton+WBAdditional.m */; };
		841D7E63202ED8FD00D70A07 /* UIButton+WBAdjustPosition.m in Sources */ = {isa = PBXBuildFile; fileRef = 841D7DB6202ED8FC00D70A07 /* UIButton+WBAdjustPosition.m */; };
		841D7E64202ED8FD00D70A07 /* UIButton+WBBlock.m in Sources */ = {isa = PBXBuildFile; fileRef = 841D7DB8202ED8FC00D70A07 /* UIButton+WBBlock.m */; };
		841D7E65202ED8FD00D70A07 /* UIButton+WBCountDown.m in Sources */ = {isa = PBXBuildFile; fileRef = 841D7DBA202ED8FC00D70A07 /* UIButton+WBCountDown.m */; };
		841D7E66202ED8FD00D70A07 /* UIButton+WBEnlargeTouchAreas.m in Sources */ = {isa = PBXBuildFile; fileRef = 841D7DBC202ED8FC00D70A07 /* UIButton+WBEnlargeTouchAreas.m */; };
		841D7E67202ED8FD00D70A07 /* UIButton+WBImagePosition.m in Sources */ = {isa = PBXBuildFile; fileRef = 841D7DBE202ED8FC00D70A07 /* UIButton+WBImagePosition.m */; };
		841D7E68202ED8FD00D70A07 /* UIButton+WBMiddleAlign.m in Sources */ = {isa = PBXBuildFile; fileRef = 841D7DC0202ED8FC00D70A07 /* UIButton+WBMiddleAlign.m */; };
		841D7E69202ED8FD00D70A07 /* UIButton+WBShowIndicator.m in Sources */ = {isa = PBXBuildFile; fileRef = 841D7DC2202ED8FC00D70A07 /* UIButton+WBShowIndicator.m */; };
		841D7E6A202ED8FD00D70A07 /* UICollectionView+WBReload.m in Sources */ = {isa = PBXBuildFile; fileRef = 841D7DC5202ED8FC00D70A07 /* UICollectionView+WBReload.m */; };
		841D7E6B202ED8FD00D70A07 /* UIColor+WBAdditional.m in Sources */ = {isa = PBXBuildFile; fileRef = 841D7DC8202ED8FC00D70A07 /* UIColor+WBAdditional.m */; };
		841D7E6C202ED8FD00D70A07 /* UIColor+WBCommonColor.m in Sources */ = {isa = PBXBuildFile; fileRef = 841D7DCA202ED8FC00D70A07 /* UIColor+WBCommonColor.m */; };
		841D7E6D202ED8FD00D70A07 /* UIControl+WBAcitonBlock.m in Sources */ = {isa = PBXBuildFile; fileRef = 841D7DCD202ED8FC00D70A07 /* UIControl+WBAcitonBlock.m */; };
		841D7E6E202ED8FD00D70A07 /* UIControl+WBBlock.m in Sources */ = {isa = PBXBuildFile; fileRef = 841D7DCF202ED8FC00D70A07 /* UIControl+WBBlock.m */; };
		841D7E6F202ED8FD00D70A07 /* UIControl+WBSound.m in Sources */ = {isa = PBXBuildFile; fileRef = 841D7DD1202ED8FC00D70A07 /* UIControl+WBSound.m */; };
		841D7E70202ED8FD00D70A07 /* UIDevice+WBUUID.m in Sources */ = {isa = PBXBuildFile; fileRef = 841D7DD4202ED8FC00D70A07 /* UIDevice+WBUUID.m */; };
		841D7E71202ED8FD00D70A07 /* WBUUID.m in Sources */ = {isa = PBXBuildFile; fileRef = 841D7DD6202ED8FC00D70A07 /* WBUUID.m */; };
		841D7E72202ED8FD00D70A07 /* UIFont+WBRuntimeSize.m in Sources */ = {isa = PBXBuildFile; fileRef = 841D7DD9202ED8FC00D70A07 /* UIFont+WBRuntimeSize.m */; };
		841D7E73202ED8FD00D70A07 /* UIImage+WBAdditional.m in Sources */ = {isa = PBXBuildFile; fileRef = 841D7DDC202ED8FC00D70A07 /* UIImage+WBAdditional.m */; };
		841D7E74202ED8FD00D70A07 /* UIImage+WBEffect.m in Sources */ = {isa = PBXBuildFile; fileRef = 841D7DDE202ED8FC00D70A07 /* UIImage+WBEffect.m */; };
		841D7E75202ED8FD00D70A07 /* UIImage+WBRotate.m in Sources */ = {isa = PBXBuildFile; fileRef = 841D7DE0202ED8FD00D70A07 /* UIImage+WBRotate.m */; };
		841D7E76202ED8FD00D70A07 /* UIImagePickerController+WBAdditional.m in Sources */ = {isa = PBXBuildFile; fileRef = 841D7DE3202ED8FD00D70A07 /* UIImagePickerController+WBAdditional.m */; };
		841D7E77202ED8FD00D70A07 /* UIImageView+WBWebCache.m in Sources */ = {isa = PBXBuildFile; fileRef = 841D7DE6202ED8FD00D70A07 /* UIImageView+WBWebCache.m */; };
		841D7E78202ED8FD00D70A07 /* UINavigationController+WBFullScreen.m in Sources */ = {isa = PBXBuildFile; fileRef = 841D7DE9202ED8FD00D70A07 /* UINavigationController+WBFullScreen.m */; };
		841D7E79202ED8FD00D70A07 /* Swizzle.m in Sources */ = {isa = PBXBuildFile; fileRef = 841D7DED202ED8FD00D70A07 /* Swizzle.m */; };
		841D7E7A202ED8FD00D70A07 /* UINavigationBarContentView+Margin.m in Sources */ = {isa = PBXBuildFile; fileRef = 841D7DEF202ED8FD00D70A07 /* UINavigationBarContentView+Margin.m */; };
		841D7E7B202ED8FD00D70A07 /* UINavigationBarContentViewLayout+Margin.m in Sources */ = {isa = PBXBuildFile; fileRef = 841D7DF1202ED8FD00D70A07 /* UINavigationBarContentViewLayout+Margin.m */; };
		841D7E7C202ED8FD00D70A07 /* UINavigationItem+Margin.m in Sources */ = {isa = PBXBuildFile; fileRef = 841D7DF3202ED8FD00D70A07 /* UINavigationItem+Margin.m */; };
		841D7E7D202ED8FD00D70A07 /* UINavigationItem+WBLoading.m in Sources */ = {isa = PBXBuildFile; fileRef = 841D7DF5202ED8FD00D70A07 /* UINavigationItem+WBLoading.m */; };
		841D7E7E202ED8FD00D70A07 /* UINavigationItem+WBLock.m in Sources */ = {isa = PBXBuildFile; fileRef = 841D7DF7202ED8FD00D70A07 /* UINavigationItem+WBLock.m */; };
		841D7E7F202ED8FD00D70A07 /* UIScreen+WBFrame.m in Sources */ = {isa = PBXBuildFile; fileRef = 841D7DFA202ED8FD00D70A07 /* UIScreen+WBFrame.m */; };
		841D7E80202ED8FD00D70A07 /* UIScrollView+WBAdditional.m in Sources */ = {isa = PBXBuildFile; fileRef = 841D7DFD202ED8FD00D70A07 /* UIScrollView+WBAdditional.m */; };
		841D7E81202ED8FD00D70A07 /* UISearchBar+WBAddition.m in Sources */ = {isa = PBXBuildFile; fileRef = 841D7E00202ED8FD00D70A07 /* UISearchBar+WBAddition.m */; };
		841D7E82202ED8FD00D70A07 /* UITableView+WBiOS7Style.m in Sources */ = {isa = PBXBuildFile; fileRef = 841D7E03202ED8FD00D70A07 /* UITableView+WBiOS7Style.m */; };
		841D7E83202ED8FD00D70A07 /* UITableViewCell+FindUITableView.m in Sources */ = {isa = PBXBuildFile; fileRef = 841D7E06202ED8FD00D70A07 /* UITableViewCell+FindUITableView.m */; };
		841D7E84202ED8FD00D70A07 /* UITextView+Placeholder.m in Sources */ = {isa = PBXBuildFile; fileRef = 841D7E09202ED8FD00D70A07 /* UITextView+Placeholder.m */; };
		841D7E85202ED8FD00D70A07 /* UIView+HGCorner.m in Sources */ = {isa = PBXBuildFile; fileRef = 841D7E0C202ED8FD00D70A07 /* UIView+HGCorner.m */; };
		841D7E86202ED8FD00D70A07 /* UIView+WBAdditional.m in Sources */ = {isa = PBXBuildFile; fileRef = 841D7E0E202ED8FD00D70A07 /* UIView+WBAdditional.m */; };
		841D7E87202ED8FD00D70A07 /* UIView+WBBasicAnimation.m in Sources */ = {isa = PBXBuildFile; fileRef = 841D7E10202ED8FD00D70A07 /* UIView+WBBasicAnimation.m */; };
		841D7E88202ED8FD00D70A07 /* UIView+WBBlockGesture.m in Sources */ = {isa = PBXBuildFile; fileRef = 841D7E12202ED8FD00D70A07 /* UIView+WBBlockGesture.m */; };
		841D7E89202ED8FD00D70A07 /* UIView+WBBlurEffect.m in Sources */ = {isa = PBXBuildFile; fileRef = 841D7E14202ED8FD00D70A07 /* UIView+WBBlurEffect.m */; };
		841D7E8A202ED8FD00D70A07 /* UIView+WBConstraints.m in Sources */ = {isa = PBXBuildFile; fileRef = 841D7E16202ED8FD00D70A07 /* UIView+WBConstraints.m */; };
		841D7E8B202ED8FD00D70A07 /* UIView+WBDismissKeyboard.m in Sources */ = {isa = PBXBuildFile; fileRef = 841D7E18202ED8FD00D70A07 /* UIView+WBDismissKeyboard.m */; };
		841D7E8C202ED8FD00D70A07 /* UIView+WBDraggable.m in Sources */ = {isa = PBXBuildFile; fileRef = 841D7E1A202ED8FD00D70A07 /* UIView+WBDraggable.m */; };
		841D7E8D202ED8FD00D70A07 /* UIView+WBExtension.m in Sources */ = {isa = PBXBuildFile; fileRef = 841D7E1C202ED8FD00D70A07 /* UIView+WBExtension.m */; };
		841D7E8E202ED8FD00D70A07 /* UIView+WBFind.m in Sources */ = {isa = PBXBuildFile; fileRef = 841D7E1E202ED8FD00D70A07 /* UIView+WBFind.m */; };
		841D7E8F202ED8FD00D70A07 /* UIView+WBFrame.m in Sources */ = {isa = PBXBuildFile; fileRef = 841D7E20202ED8FD00D70A07 /* UIView+WBFrame.m */; };
		841D7E90202ED8FD00D70A07 /* UIView+WBRecursion.m in Sources */ = {isa = PBXBuildFile; fileRef = 841D7E22202ED8FD00D70A07 /* UIView+WBRecursion.m */; };
		841D7E91202ED8FD00D70A07 /* UIView+WBShake.m in Sources */ = {isa = PBXBuildFile; fileRef = 841D7E24202ED8FD00D70A07 /* UIView+WBShake.m */; };
		841D7E92202ED8FD00D70A07 /* UIViewController+WBAdditional.m in Sources */ = {isa = PBXBuildFile; fileRef = 841D7E27202ED8FD00D70A07 /* UIViewController+WBAdditional.m */; };
		841D7E93202ED8FD00D70A07 /* UIViewController+WBRemoveTabbarButton.m in Sources */ = {isa = PBXBuildFile; fileRef = 841D7E29202ED8FD00D70A07 /* UIViewController+WBRemoveTabbarButton.m */; };
		841D7E94202ED8FD00D70A07 /* UIViewController+WBTransition.m in Sources */ = {isa = PBXBuildFile; fileRef = 841D7E2B202ED8FD00D70A07 /* UIViewController+WBTransition.m */; };
		841D7E95202ED8FD00D70A07 /* UIWindow+WBHierarchy.m in Sources */ = {isa = PBXBuildFile; fileRef = 841D7E2E202ED8FD00D70A07 /* UIWindow+WBHierarchy.m */; };
		841D7E96202ED8FD00D70A07 /* NSArray+WBAdditional.m in Sources */ = {isa = PBXBuildFile; fileRef = 841D7E32202ED8FD00D70A07 /* NSArray+WBAdditional.m */; };
		841D7E97202ED8FD00D70A07 /* NSMutableArray+WBSort.m in Sources */ = {isa = PBXBuildFile; fileRef = 841D7E34202ED8FD00D70A07 /* NSMutableArray+WBSort.m */; };
		841D7E98202ED8FD00D70A07 /* NSDate+WBAddtional.m in Sources */ = {isa = PBXBuildFile; fileRef = 841D7E37202ED8FD00D70A07 /* NSDate+WBAddtional.m */; };
		841D7E99202ED8FD00D70A07 /* NSDate+WBDisplayTime.m in Sources */ = {isa = PBXBuildFile; fileRef = 841D7E39202ED8FD00D70A07 /* NSDate+WBDisplayTime.m */; };
		841D7E9A202ED8FD00D70A07 /* NSDate+WBTimePredicate.m in Sources */ = {isa = PBXBuildFile; fileRef = 841D7E3B202ED8FD00D70A07 /* NSDate+WBTimePredicate.m */; };
		841D7E9C202ED8FD00D70A07 /* NSDictionary+WBAdditional.m in Sources */ = {isa = PBXBuildFile; fileRef = 841D7E41202ED8FD00D70A07 /* NSDictionary+WBAdditional.m */; };
		841D7E9D202ED8FD00D70A07 /* NSObject+WBJSON.m in Sources */ = {isa = PBXBuildFile; fileRef = 841D7E44202ED8FD00D70A07 /* NSObject+WBJSON.m */; };
		841D7E9E202ED8FD00D70A07 /* NSObject+WBRuntime.m in Sources */ = {isa = PBXBuildFile; fileRef = 841D7E46202ED8FD00D70A07 /* NSObject+WBRuntime.m */; };
		841D7E9F202ED8FD00D70A07 /* NSString+WBAddtional.m in Sources */ = {isa = PBXBuildFile; fileRef = 841D7E49202ED8FD00D70A07 /* NSString+WBAddtional.m */; };
		841D7EA0202ED8FD00D70A07 /* NSString+WBCreateFileName.m in Sources */ = {isa = PBXBuildFile; fileRef = 841D7E4B202ED8FD00D70A07 /* NSString+WBCreateFileName.m */; };
		841D7EA1202ED8FD00D70A07 /* NSString+WBDeviceInfo.m in Sources */ = {isa = PBXBuildFile; fileRef = 841D7E4D202ED8FD00D70A07 /* NSString+WBDeviceInfo.m */; };
		841D7EA2202ED8FD00D70A07 /* NSString+WBJavaScript.m in Sources */ = {isa = PBXBuildFile; fileRef = 841D7E4F202ED8FD00D70A07 /* NSString+WBJavaScript.m */; };
		841D7EA3202ED8FD00D70A07 /* NSString+WBPredicate.m in Sources */ = {isa = PBXBuildFile; fileRef = 841D7E51202ED8FD00D70A07 /* NSString+WBPredicate.m */; };
		841D7EA4202ED8FD00D70A07 /* NSUserDefaults+WBAdditional.m in Sources */ = {isa = PBXBuildFile; fileRef = 841D7E54202ED8FD00D70A07 /* NSUserDefaults+WBAdditional.m */; };
		841D7EA5202ED8FD00D70A07 /* UIView+WBCoreAnimation.m in Sources */ = {isa = PBXBuildFile; fileRef = 841D7E57202ED8FD00D70A07 /* UIView+WBCoreAnimation.m */; };
		84BE3E522030333800AC7B7B /* UIWebView+WBMetaParser.m in Sources */ = {isa = PBXBuildFile; fileRef = 84BE3E512030333800AC7B7B /* UIWebView+WBMetaParser.m */; };
		84BE3E55203033E400AC7B7B /* UIWebView+WBSwipeGesture.m in Sources */ = {isa = PBXBuildFile; fileRef = 84BE3E54203033E400AC7B7B /* UIWebView+WBSwipeGesture.m */; };
		84BE3E58203035DA00AC7B7B /* UIWebView+WBKeyValueStorage.m in Sources */ = {isa = PBXBuildFile; fileRef = 84BE3E57203035DA00AC7B7B /* UIWebView+WBKeyValueStorage.m */; };
		84BE3E5B203036B800AC7B7B /* UIWebView+WBJavaScript.m in Sources */ = {isa = PBXBuildFile; fileRef = 84BE3E5A203036B800AC7B7B /* UIWebView+WBJavaScript.m */; };
		84BE3E5E20303AE000AC7B7B /* UIColor+WBWeb.m in Sources */ = {isa = PBXBuildFile; fileRef = 84BE3E5D20303AE000AC7B7B /* UIColor+WBWeb.m */; };
		84E35FAC2029889200E4683F /* AppDelegate.m in Sources */ = {isa = PBXBuildFile; fileRef = 84E35FAB2029889200E4683F /* AppDelegate.m */; };
		84E35FAF2029889200E4683F /* ViewController.m in Sources */ = {isa = PBXBuildFile; fileRef = 84E35FAE2029889200E4683F /* ViewController.m */; };
		84E35FB22029889200E4683F /* Main.storyboard in Resources */ = {isa = PBXBuildFile; fileRef = 84E35FB02029889200E4683F /* Main.storyboard */; };
		84E35FB42029889200E4683F /* Assets.xcassets in Resources */ = {isa = PBXBuildFile; fileRef = 84E35FB32029889200E4683F /* Assets.xcassets */; };
		84E35FB72029889200E4683F /* LaunchScreen.storyboard in Resources */ = {isa = PBXBuildFile; fileRef = 84E35FB52029889200E4683F /* LaunchScreen.storyboard */; };
		84E35FBA2029889200E4683F /* main.m in Sources */ = {isa = PBXBuildFile; fileRef = 84E35FB92029889200E4683F /* main.m */; };
		C22FC87620D3A4D600222487 /* UIImage+WBCompress.m in Sources */ = {isa = PBXBuildFile; fileRef = C22FC87520D3A4D600222487 /* UIImage+WBCompress.m */; };
		C25FB1A820E9F18F00CB0FEC /* NSData+WBFragment.m in Sources */ = {isa = PBXBuildFile; fileRef = C25FB1A720E9F18F00CB0FEC /* NSData+WBFragment.m */; };
		C286B19320B3C6A2009DBDB9 /* UIAlertController+WBAdditional.m in Sources */ = {isa = PBXBuildFile; fileRef = C286B19220B3C6A2009DBDB9 /* UIAlertController+WBAdditional.m */; };
		C2C5D6A720A155C500DA8C54 /* NSArray+WBSafe.m in Sources */ = {isa = PBXBuildFile; fileRef = C2C5D6A620A155C500DA8C54 /* NSArray+WBSafe.m */; };
		C2C5D6AA20A1746500DA8C54 /* NSMutableArray+WBSafe.m in Sources */ = {isa = PBXBuildFile; fileRef = C2C5D6A920A1746500DA8C54 /* NSMutableArray+WBSafe.m */; };
		C2C5D6AD20A17C3900DA8C54 /* NSDictionary+WBSafe.m in Sources */ = {isa = PBXBuildFile; fileRef = C2C5D6AC20A17C3900DA8C54 /* NSDictionary+WBSafe.m */; };
		C2C5D6B020A180E200DA8C54 /* NSMutableDictionary+WBSafe.m in Sources */ = {isa = PBXBuildFile; fileRef = C2C5D6AF20A180E200DA8C54 /* NSMutableDictionary+WBSafe.m */; };
		C2C5D6B320A1849400DA8C54 /* NSMutableString+WBSafe.m in Sources */ = {isa = PBXBuildFile; fileRef = C2C5D6B220A1849400DA8C54 /* NSMutableString+WBSafe.m */; };
		C2D1C36520AD774E00D1EB39 /* WBDateFormatterPool.m in Sources */ = {isa = PBXBuildFile; fileRef = C2D1C36420AD774E00D1EB39 /* WBDateFormatterPool.m */; };
		C2F37BF120A92E5200577E00 /* UIControl+WBIgnoreMutiple.m in Sources */ = {isa = PBXBuildFile; fileRef = C2F37BF020A92E5200577E00 /* UIControl+WBIgnoreMutiple.m */; };
		C5F8F6EC210A258200FBDABB /* UINavigationController+WBStatusBarStyle.m in Sources */ = {isa = PBXBuildFile; fileRef = C5F8F6EA210A258100FBDABB /* UINavigationController+WBStatusBarStyle.m */; };
		EC710CE97B7D940C77F25DB8 /* libPods-WBCategories.a in Frameworks */ = {isa = PBXBuildFile; fileRef = E5BA29418AFB0FD4A2DB97B8 /* libPods-WBCategories.a */; };
/* End PBXBuildFile section */

/* Begin PBXFileReference section */
		702FEF5FA833A2FFAA60CB42 /* Pods-WBCategories.release.xcconfig */ = {isa = PBXFileReference; includeInIndex = 1; lastKnownFileType = text.xcconfig; name = "Pods-WBCategories.release.xcconfig"; path = "Pods/Target Support Files/Pods-WBCategories/Pods-WBCategories.release.xcconfig"; sourceTree = "<group>"; };
		841D7DA7202ED8FC00D70A07 /* UIApplication+WBApplicationSize.h */ = {isa = PBXFileReference; fileEncoding = 4; lastKnownFileType = sourcecode.c.h; path = "UIApplication+WBApplicationSize.h"; sourceTree = "<group>"; };
		841D7DA8202ED8FC00D70A07 /* UIApplication+WBApplicationSize.m */ = {isa = PBXFileReference; fileEncoding = 4; lastKnownFileType = sourcecode.c.objc; path = "UIApplication+WBApplicationSize.m"; sourceTree = "<group>"; };
		841D7DA9202ED8FC00D70A07 /* UIApplication+WBKeyBoardFrame.h */ = {isa = PBXFileReference; fileEncoding = 4; lastKnownFileType = sourcecode.c.h; path = "UIApplication+WBKeyBoardFrame.h"; sourceTree = "<group>"; };
		841D7DAA202ED8FC00D70A07 /* UIApplication+WBKeyBoardFrame.m */ = {isa = PBXFileReference; fileEncoding = 4; lastKnownFileType = sourcecode.c.objc; path = "UIApplication+WBKeyBoardFrame.m"; sourceTree = "<group>"; };
		841D7DAB202ED8FC00D70A07 /* UIApplication+WBNetworkActivityIndicator.h */ = {isa = PBXFileReference; fileEncoding = 4; lastKnownFileType = sourcecode.c.h; path = "UIApplication+WBNetworkActivityIndicator.h"; sourceTree = "<group>"; };
		841D7DAC202ED8FC00D70A07 /* UIApplication+WBNetworkActivityIndicator.m */ = {isa = PBXFileReference; fileEncoding = 4; lastKnownFileType = sourcecode.c.objc; path = "UIApplication+WBNetworkActivityIndicator.m"; sourceTree = "<group>"; };
		841D7DAE202ED8FC00D70A07 /* UIBarButtonItem+WBActionBlock.h */ = {isa = PBXFileReference; fileEncoding = 4; lastKnownFileType = sourcecode.c.h; path = "UIBarButtonItem+WBActionBlock.h"; sourceTree = "<group>"; };
		841D7DAF202ED8FC00D70A07 /* UIBarButtonItem+WBActionBlock.m */ = {isa = PBXFileReference; fileEncoding = 4; lastKnownFileType = sourcecode.c.objc; path = "UIBarButtonItem+WBActionBlock.m"; sourceTree = "<group>"; };
		841D7DB0202ED8FC00D70A07 /* UIBarButtonItem+WBBadge.h */ = {isa = PBXFileReference; fileEncoding = 4; lastKnownFileType = sourcecode.c.h; path = "UIBarButtonItem+WBBadge.h"; sourceTree = "<group>"; };
		841D7DB1202ED8FC00D70A07 /* UIBarButtonItem+WBBadge.m */ = {isa = PBXFileReference; fileEncoding = 4; lastKnownFileType = sourcecode.c.objc; path = "UIBarButtonItem+WBBadge.m"; sourceTree = "<group>"; };
		841D7DB3202ED8FC00D70A07 /* UIButton+WBAdditional.h */ = {isa = PBXFileReference; fileEncoding = 4; lastKnownFileType = sourcecode.c.h; path = "UIButton+WBAdditional.h"; sourceTree = "<group>"; };
		841D7DB4202ED8FC00D70A07 /* UIButton+WBAdditional.m */ = {isa = PBXFileReference; fileEncoding = 4; lastKnownFileType = sourcecode.c.objc; path = "UIButton+WBAdditional.m"; sourceTree = "<group>"; };
		841D7DB5202ED8FC00D70A07 /* UIButton+WBAdjustPosition.h */ = {isa = PBXFileReference; fileEncoding = 4; lastKnownFileType = sourcecode.c.h; path = "UIButton+WBAdjustPosition.h"; sourceTree = "<group>"; };
		841D7DB6202ED8FC00D70A07 /* UIButton+WBAdjustPosition.m */ = {isa = PBXFileReference; fileEncoding = 4; lastKnownFileType = sourcecode.c.objc; path = "UIButton+WBAdjustPosition.m"; sourceTree = "<group>"; };
		841D7DB7202ED8FC00D70A07 /* UIButton+WBBlock.h */ = {isa = PBXFileReference; fileEncoding = 4; lastKnownFileType = sourcecode.c.h; path = "UIButton+WBBlock.h"; sourceTree = "<group>"; };
		841D7DB8202ED8FC00D70A07 /* UIButton+WBBlock.m */ = {isa = PBXFileReference; fileEncoding = 4; lastKnownFileType = sourcecode.c.objc; path = "UIButton+WBBlock.m"; sourceTree = "<group>"; };
		841D7DB9202ED8FC00D70A07 /* UIButton+WBCountDown.h */ = {isa = PBXFileReference; fileEncoding = 4; lastKnownFileType = sourcecode.c.h; path = "UIButton+WBCountDown.h"; sourceTree = "<group>"; };
		841D7DBA202ED8FC00D70A07 /* UIButton+WBCountDown.m */ = {isa = PBXFileReference; fileEncoding = 4; lastKnownFileType = sourcecode.c.objc; path = "UIButton+WBCountDown.m"; sourceTree = "<group>"; };
		841D7DBB202ED8FC00D70A07 /* UIButton+WBEnlargeTouchAreas.h */ = {isa = PBXFileReference; fileEncoding = 4; lastKnownFileType = sourcecode.c.h; path = "UIButton+WBEnlargeTouchAreas.h"; sourceTree = "<group>"; };
		841D7DBC202ED8FC00D70A07 /* UIButton+WBEnlargeTouchAreas.m */ = {isa = PBXFileReference; fileEncoding = 4; lastKnownFileType = sourcecode.c.objc; path = "UIButton+WBEnlargeTouchAreas.m"; sourceTree = "<group>"; };
		841D7DBD202ED8FC00D70A07 /* UIButton+WBImagePosition.h */ = {isa = PBXFileReference; fileEncoding = 4; lastKnownFileType = sourcecode.c.h; path = "UIButton+WBImagePosition.h"; sourceTree = "<group>"; };
		841D7DBE202ED8FC00D70A07 /* UIButton+WBImagePosition.m */ = {isa = PBXFileReference; fileEncoding = 4; lastKnownFileType = sourcecode.c.objc; path = "UIButton+WBImagePosition.m"; sourceTree = "<group>"; };
		841D7DBF202ED8FC00D70A07 /* UIButton+WBMiddleAlign.h */ = {isa = PBXFileReference; fileEncoding = 4; lastKnownFileType = sourcecode.c.h; path = "UIButton+WBMiddleAlign.h"; sourceTree = "<group>"; };
		841D7DC0202ED8FC00D70A07 /* UIButton+WBMiddleAlign.m */ = {isa = PBXFileReference; fileEncoding = 4; lastKnownFileType = sourcecode.c.objc; path = "UIButton+WBMiddleAlign.m"; sourceTree = "<group>"; };
		841D7DC1202ED8FC00D70A07 /* UIButton+WBShowIndicator.h */ = {isa = PBXFileReference; fileEncoding = 4; lastKnownFileType = sourcecode.c.h; path = "UIButton+WBShowIndicator.h"; sourceTree = "<group>"; };
		841D7DC2202ED8FC00D70A07 /* UIButton+WBShowIndicator.m */ = {isa = PBXFileReference; fileEncoding = 4; lastKnownFileType = sourcecode.c.objc; path = "UIButton+WBShowIndicator.m"; sourceTree = "<group>"; };
		841D7DC4202ED8FC00D70A07 /* UICollectionView+WBReload.h */ = {isa = PBXFileReference; fileEncoding = 4; lastKnownFileType = sourcecode.c.h; path = "UICollectionView+WBReload.h"; sourceTree = "<group>"; };
		841D7DC5202ED8FC00D70A07 /* UICollectionView+WBReload.m */ = {isa = PBXFileReference; fileEncoding = 4; lastKnownFileType = sourcecode.c.objc; path = "UICollectionView+WBReload.m"; sourceTree = "<group>"; };
		841D7DC7202ED8FC00D70A07 /* UIColor+WBAdditional.h */ = {isa = PBXFileReference; fileEncoding = 4; lastKnownFileType = sourcecode.c.h; path = "UIColor+WBAdditional.h"; sourceTree = "<group>"; };
		841D7DC8202ED8FC00D70A07 /* UIColor+WBAdditional.m */ = {isa = PBXFileReference; fileEncoding = 4; lastKnownFileType = sourcecode.c.objc; path = "UIColor+WBAdditional.m"; sourceTree = "<group>"; };
		841D7DC9202ED8FC00D70A07 /* UIColor+WBCommonColor.h */ = {isa = PBXFileReference; fileEncoding = 4; lastKnownFileType = sourcecode.c.h; path = "UIColor+WBCommonColor.h"; sourceTree = "<group>"; };
		841D7DCA202ED8FC00D70A07 /* UIColor+WBCommonColor.m */ = {isa = PBXFileReference; fileEncoding = 4; lastKnownFileType = sourcecode.c.objc; path = "UIColor+WBCommonColor.m"; sourceTree = "<group>"; };
		841D7DCC202ED8FC00D70A07 /* UIControl+WBAcitonBlock.h */ = {isa = PBXFileReference; fileEncoding = 4; lastKnownFileType = sourcecode.c.h; path = "UIControl+WBAcitonBlock.h"; sourceTree = "<group>"; };
		841D7DCD202ED8FC00D70A07 /* UIControl+WBAcitonBlock.m */ = {isa = PBXFileReference; fileEncoding = 4; lastKnownFileType = sourcecode.c.objc; path = "UIControl+WBAcitonBlock.m"; sourceTree = "<group>"; };
		841D7DCE202ED8FC00D70A07 /* UIControl+WBBlock.h */ = {isa = PBXFileReference; fileEncoding = 4; lastKnownFileType = sourcecode.c.h; path = "UIControl+WBBlock.h"; sourceTree = "<group>"; };
		841D7DCF202ED8FC00D70A07 /* UIControl+WBBlock.m */ = {isa = PBXFileReference; fileEncoding = 4; lastKnownFileType = sourcecode.c.objc; path = "UIControl+WBBlock.m"; sourceTree = "<group>"; };
		841D7DD0202ED8FC00D70A07 /* UIControl+WBSound.h */ = {isa = PBXFileReference; fileEncoding = 4; lastKnownFileType = sourcecode.c.h; path = "UIControl+WBSound.h"; sourceTree = "<group>"; };
		841D7DD1202ED8FC00D70A07 /* UIControl+WBSound.m */ = {isa = PBXFileReference; fileEncoding = 4; lastKnownFileType = sourcecode.c.objc; path = "UIControl+WBSound.m"; sourceTree = "<group>"; };
		841D7DD3202ED8FC00D70A07 /* UIDevice+WBUUID.h */ = {isa = PBXFileReference; fileEncoding = 4; lastKnownFileType = sourcecode.c.h; path = "UIDevice+WBUUID.h"; sourceTree = "<group>"; };
		841D7DD4202ED8FC00D70A07 /* UIDevice+WBUUID.m */ = {isa = PBXFileReference; fileEncoding = 4; lastKnownFileType = sourcecode.c.objc; path = "UIDevice+WBUUID.m"; sourceTree = "<group>"; };
		841D7DD5202ED8FC00D70A07 /* WBUUID.h */ = {isa = PBXFileReference; fileEncoding = 4; lastKnownFileType = sourcecode.c.h; path = WBUUID.h; sourceTree = "<group>"; };
		841D7DD6202ED8FC00D70A07 /* WBUUID.m */ = {isa = PBXFileReference; fileEncoding = 4; lastKnownFileType = sourcecode.c.objc; path = WBUUID.m; sourceTree = "<group>"; };
		841D7DD8202ED8FC00D70A07 /* UIFont+WBRuntimeSize.h */ = {isa = PBXFileReference; fileEncoding = 4; lastKnownFileType = sourcecode.c.h; path = "UIFont+WBRuntimeSize.h"; sourceTree = "<group>"; };
		841D7DD9202ED8FC00D70A07 /* UIFont+WBRuntimeSize.m */ = {isa = PBXFileReference; fileEncoding = 4; lastKnownFileType = sourcecode.c.objc; path = "UIFont+WBRuntimeSize.m"; sourceTree = "<group>"; };
		841D7DDB202ED8FC00D70A07 /* UIImage+WBAdditional.h */ = {isa = PBXFileReference; fileEncoding = 4; lastKnownFileType = sourcecode.c.h; path = "UIImage+WBAdditional.h"; sourceTree = "<group>"; };
		841D7DDC202ED8FC00D70A07 /* UIImage+WBAdditional.m */ = {isa = PBXFileReference; fileEncoding = 4; lastKnownFileType = sourcecode.c.objc; path = "UIImage+WBAdditional.m"; sourceTree = "<group>"; };
		841D7DDD202ED8FC00D70A07 /* UIImage+WBEffect.h */ = {isa = PBXFileReference; fileEncoding = 4; lastKnownFileType = sourcecode.c.h; path = "UIImage+WBEffect.h"; sourceTree = "<group>"; };
		841D7DDE202ED8FC00D70A07 /* UIImage+WBEffect.m */ = {isa = PBXFileReference; fileEncoding = 4; lastKnownFileType = sourcecode.c.objc; path = "UIImage+WBEffect.m"; sourceTree = "<group>"; };
		841D7DDF202ED8FC00D70A07 /* UIImage+WBRotate.h */ = {isa = PBXFileReference; fileEncoding = 4; lastKnownFileType = sourcecode.c.h; path = "UIImage+WBRotate.h"; sourceTree = "<group>"; };
		841D7DE0202ED8FD00D70A07 /* UIImage+WBRotate.m */ = {isa = PBXFileReference; fileEncoding = 4; lastKnownFileType = sourcecode.c.objc; path = "UIImage+WBRotate.m"; sourceTree = "<group>"; };
		841D7DE2202ED8FD00D70A07 /* UIImagePickerController+WBAdditional.h */ = {isa = PBXFileReference; fileEncoding = 4; lastKnownFileType = sourcecode.c.h; path = "UIImagePickerController+WBAdditional.h"; sourceTree = "<group>"; };
		841D7DE3202ED8FD00D70A07 /* UIImagePickerController+WBAdditional.m */ = {isa = PBXFileReference; fileEncoding = 4; lastKnownFileType = sourcecode.c.objc; path = "UIImagePickerController+WBAdditional.m"; sourceTree = "<group>"; };
		841D7DE5202ED8FD00D70A07 /* UIImageView+WBWebCache.h */ = {isa = PBXFileReference; fileEncoding = 4; lastKnownFileType = sourcecode.c.h; path = "UIImageView+WBWebCache.h"; sourceTree = "<group>"; };
		841D7DE6202ED8FD00D70A07 /* UIImageView+WBWebCache.m */ = {isa = PBXFileReference; fileEncoding = 4; lastKnownFileType = sourcecode.c.objc; path = "UIImageView+WBWebCache.m"; sourceTree = "<group>"; };
		841D7DE8202ED8FD00D70A07 /* UINavigationController+WBFullScreen.h */ = {isa = PBXFileReference; fileEncoding = 4; lastKnownFileType = sourcecode.c.h; path = "UINavigationController+WBFullScreen.h"; sourceTree = "<group>"; };
		841D7DE9202ED8FD00D70A07 /* UINavigationController+WBFullScreen.m */ = {isa = PBXFileReference; fileEncoding = 4; lastKnownFileType = sourcecode.c.objc; path = "UINavigationController+WBFullScreen.m"; sourceTree = "<group>"; };
		841D7DEC202ED8FD00D70A07 /* Swizzle.h */ = {isa = PBXFileReference; fileEncoding = 4; lastKnownFileType = sourcecode.c.h; path = Swizzle.h; sourceTree = "<group>"; };
		841D7DED202ED8FD00D70A07 /* Swizzle.m */ = {isa = PBXFileReference; fileEncoding = 4; lastKnownFileType = sourcecode.c.objc; path = Swizzle.m; sourceTree = "<group>"; };
		841D7DEE202ED8FD00D70A07 /* UINavigationBarContentView+Margin.h */ = {isa = PBXFileReference; fileEncoding = 4; lastKnownFileType = sourcecode.c.h; path = "UINavigationBarContentView+Margin.h"; sourceTree = "<group>"; };
		841D7DEF202ED8FD00D70A07 /* UINavigationBarContentView+Margin.m */ = {isa = PBXFileReference; fileEncoding = 4; lastKnownFileType = sourcecode.c.objc; path = "UINavigationBarContentView+Margin.m"; sourceTree = "<group>"; };
		841D7DF0202ED8FD00D70A07 /* UINavigationBarContentViewLayout+Margin.h */ = {isa = PBXFileReference; fileEncoding = 4; lastKnownFileType = sourcecode.c.h; path = "UINavigationBarContentViewLayout+Margin.h"; sourceTree = "<group>"; };
		841D7DF1202ED8FD00D70A07 /* UINavigationBarContentViewLayout+Margin.m */ = {isa = PBXFileReference; fileEncoding = 4; lastKnownFileType = sourcecode.c.objc; path = "UINavigationBarContentViewLayout+Margin.m"; sourceTree = "<group>"; };
		841D7DF2202ED8FD00D70A07 /* UINavigationItem+Margin.h */ = {isa = PBXFileReference; fileEncoding = 4; lastKnownFileType = sourcecode.c.h; path = "UINavigationItem+Margin.h"; sourceTree = "<group>"; };
		841D7DF3202ED8FD00D70A07 /* UINavigationItem+Margin.m */ = {isa = PBXFileReference; fileEncoding = 4; lastKnownFileType = sourcecode.c.objc; path = "UINavigationItem+Margin.m"; sourceTree = "<group>"; };
		841D7DF4202ED8FD00D70A07 /* UINavigationItem+WBLoading.h */ = {isa = PBXFileReference; fileEncoding = 4; lastKnownFileType = sourcecode.c.h; path = "UINavigationItem+WBLoading.h"; sourceTree = "<group>"; };
		841D7DF5202ED8FD00D70A07 /* UINavigationItem+WBLoading.m */ = {isa = PBXFileReference; fileEncoding = 4; lastKnownFileType = sourcecode.c.objc; path = "UINavigationItem+WBLoading.m"; sourceTree = "<group>"; };
		841D7DF6202ED8FD00D70A07 /* UINavigationItem+WBLock.h */ = {isa = PBXFileReference; fileEncoding = 4; lastKnownFileType = sourcecode.c.h; path = "UINavigationItem+WBLock.h"; sourceTree = "<group>"; };
		841D7DF7202ED8FD00D70A07 /* UINavigationItem+WBLock.m */ = {isa = PBXFileReference; fileEncoding = 4; lastKnownFileType = sourcecode.c.objc; path = "UINavigationItem+WBLock.m"; sourceTree = "<group>"; };
		841D7DF9202ED8FD00D70A07 /* UIScreen+WBFrame.h */ = {isa = PBXFileReference; fileEncoding = 4; lastKnownFileType = sourcecode.c.h; path = "UIScreen+WBFrame.h"; sourceTree = "<group>"; };
		841D7DFA202ED8FD00D70A07 /* UIScreen+WBFrame.m */ = {isa = PBXFileReference; fileEncoding = 4; lastKnownFileType = sourcecode.c.objc; path = "UIScreen+WBFrame.m"; sourceTree = "<group>"; };
		841D7DFC202ED8FD00D70A07 /* UIScrollView+WBAdditional.h */ = {isa = PBXFileReference; fileEncoding = 4; lastKnownFileType = sourcecode.c.h; path = "UIScrollView+WBAdditional.h"; sourceTree = "<group>"; };
		841D7DFD202ED8FD00D70A07 /* UIScrollView+WBAdditional.m */ = {isa = PBXFileReference; fileEncoding = 4; lastKnownFileType = sourcecode.c.objc; path = "UIScrollView+WBAdditional.m"; sourceTree = "<group>"; };
		841D7DFF202ED8FD00D70A07 /* UISearchBar+WBAddition.h */ = {isa = PBXFileReference; fileEncoding = 4; lastKnownFileType = sourcecode.c.h; path = "UISearchBar+WBAddition.h"; sourceTree = "<group>"; };
		841D7E00202ED8FD00D70A07 /* UISearchBar+WBAddition.m */ = {isa = PBXFileReference; fileEncoding = 4; lastKnownFileType = sourcecode.c.objc; path = "UISearchBar+WBAddition.m"; sourceTree = "<group>"; };
		841D7E02202ED8FD00D70A07 /* UITableView+WBiOS7Style.h */ = {isa = PBXFileReference; fileEncoding = 4; lastKnownFileType = sourcecode.c.h; path = "UITableView+WBiOS7Style.h"; sourceTree = "<group>"; };
		841D7E03202ED8FD00D70A07 /* UITableView+WBiOS7Style.m */ = {isa = PBXFileReference; fileEncoding = 4; lastKnownFileType = sourcecode.c.objc; path = "UITableView+WBiOS7Style.m"; sourceTree = "<group>"; };
		841D7E05202ED8FD00D70A07 /* UITableViewCell+FindUITableView.h */ = {isa = PBXFileReference; fileEncoding = 4; lastKnownFileType = sourcecode.c.h; path = "UITableViewCell+FindUITableView.h"; sourceTree = "<group>"; };
		841D7E06202ED8FD00D70A07 /* UITableViewCell+FindUITableView.m */ = {isa = PBXFileReference; fileEncoding = 4; lastKnownFileType = sourcecode.c.objc; path = "UITableViewCell+FindUITableView.m"; sourceTree = "<group>"; };
		841D7E08202ED8FD00D70A07 /* UITextView+Placeholder.h */ = {isa = PBXFileReference; fileEncoding = 4; lastKnownFileType = sourcecode.c.h; path = "UITextView+Placeholder.h"; sourceTree = "<group>"; };
		841D7E09202ED8FD00D70A07 /* UITextView+Placeholder.m */ = {isa = PBXFileReference; fileEncoding = 4; lastKnownFileType = sourcecode.c.objc; path = "UITextView+Placeholder.m"; sourceTree = "<group>"; };
		841D7E0B202ED8FD00D70A07 /* UIView+HGCorner.h */ = {isa = PBXFileReference; fileEncoding = 4; lastKnownFileType = sourcecode.c.h; path = "UIView+HGCorner.h"; sourceTree = "<group>"; };
		841D7E0C202ED8FD00D70A07 /* UIView+HGCorner.m */ = {isa = PBXFileReference; fileEncoding = 4; lastKnownFileType = sourcecode.c.objc; path = "UIView+HGCorner.m"; sourceTree = "<group>"; };
		841D7E0D202ED8FD00D70A07 /* UIView+WBAdditional.h */ = {isa = PBXFileReference; fileEncoding = 4; lastKnownFileType = sourcecode.c.h; path = "UIView+WBAdditional.h"; sourceTree = "<group>"; };
		841D7E0E202ED8FD00D70A07 /* UIView+WBAdditional.m */ = {isa = PBXFileReference; fileEncoding = 4; lastKnownFileType = sourcecode.c.objc; path = "UIView+WBAdditional.m"; sourceTree = "<group>"; };
		841D7E0F202ED8FD00D70A07 /* UIView+WBBasicAnimation.h */ = {isa = PBXFileReference; fileEncoding = 4; lastKnownFileType = sourcecode.c.h; path = "UIView+WBBasicAnimation.h"; sourceTree = "<group>"; };
		841D7E10202ED8FD00D70A07 /* UIView+WBBasicAnimation.m */ = {isa = PBXFileReference; fileEncoding = 4; lastKnownFileType = sourcecode.c.objc; path = "UIView+WBBasicAnimation.m"; sourceTree = "<group>"; };
		841D7E11202ED8FD00D70A07 /* UIView+WBBlockGesture.h */ = {isa = PBXFileReference; fileEncoding = 4; lastKnownFileType = sourcecode.c.h; path = "UIView+WBBlockGesture.h"; sourceTree = "<group>"; };
		841D7E12202ED8FD00D70A07 /* UIView+WBBlockGesture.m */ = {isa = PBXFileReference; fileEncoding = 4; lastKnownFileType = sourcecode.c.objc; path = "UIView+WBBlockGesture.m"; sourceTree = "<group>"; };
		841D7E13202ED8FD00D70A07 /* UIView+WBBlurEffect.h */ = {isa = PBXFileReference; fileEncoding = 4; lastKnownFileType = sourcecode.c.h; path = "UIView+WBBlurEffect.h"; sourceTree = "<group>"; };
		841D7E14202ED8FD00D70A07 /* UIView+WBBlurEffect.m */ = {isa = PBXFileReference; fileEncoding = 4; lastKnownFileType = sourcecode.c.objc; path = "UIView+WBBlurEffect.m"; sourceTree = "<group>"; };
		841D7E15202ED8FD00D70A07 /* UIView+WBConstraints.h */ = {isa = PBXFileReference; fileEncoding = 4; lastKnownFileType = sourcecode.c.h; path = "UIView+WBConstraints.h"; sourceTree = "<group>"; };
		841D7E16202ED8FD00D70A07 /* UIView+WBConstraints.m */ = {isa = PBXFileReference; fileEncoding = 4; lastKnownFileType = sourcecode.c.objc; path = "UIView+WBConstraints.m"; sourceTree = "<group>"; };
		841D7E17202ED8FD00D70A07 /* UIView+WBDismissKeyboard.h */ = {isa = PBXFileReference; fileEncoding = 4; lastKnownFileType = sourcecode.c.h; path = "UIView+WBDismissKeyboard.h"; sourceTree = "<group>"; };
		841D7E18202ED8FD00D70A07 /* UIView+WBDismissKeyboard.m */ = {isa = PBXFileReference; fileEncoding = 4; lastKnownFileType = sourcecode.c.objc; path = "UIView+WBDismissKeyboard.m"; sourceTree = "<group>"; };
		841D7E19202ED8FD00D70A07 /* UIView+WBDraggable.h */ = {isa = PBXFileReference; fileEncoding = 4; lastKnownFileType = sourcecode.c.h; path = "UIView+WBDraggable.h"; sourceTree = "<group>"; };
		841D7E1A202ED8FD00D70A07 /* UIView+WBDraggable.m */ = {isa = PBXFileReference; fileEncoding = 4; lastKnownFileType = sourcecode.c.objc; path = "UIView+WBDraggable.m"; sourceTree = "<group>"; };
		841D7E1B202ED8FD00D70A07 /* UIView+WBExtension.h */ = {isa = PBXFileReference; fileEncoding = 4; lastKnownFileType = sourcecode.c.h; path = "UIView+WBExtension.h"; sourceTree = "<group>"; };
		841D7E1C202ED8FD00D70A07 /* UIView+WBExtension.m */ = {isa = PBXFileReference; fileEncoding = 4; lastKnownFileType = sourcecode.c.objc; path = "UIView+WBExtension.m"; sourceTree = "<group>"; };
		841D7E1D202ED8FD00D70A07 /* UIView+WBFind.h */ = {isa = PBXFileReference; fileEncoding = 4; lastKnownFileType = sourcecode.c.h; path = "UIView+WBFind.h"; sourceTree = "<group>"; };
		841D7E1E202ED8FD00D70A07 /* UIView+WBFind.m */ = {isa = PBXFileReference; fileEncoding = 4; lastKnownFileType = sourcecode.c.objc; path = "UIView+WBFind.m"; sourceTree = "<group>"; };
		841D7E1F202ED8FD00D70A07 /* UIView+WBFrame.h */ = {isa = PBXFileReference; fileEncoding = 4; lastKnownFileType = sourcecode.c.h; path = "UIView+WBFrame.h"; sourceTree = "<group>"; };
		841D7E20202ED8FD00D70A07 /* UIView+WBFrame.m */ = {isa = PBXFileReference; fileEncoding = 4; lastKnownFileType = sourcecode.c.objc; path = "UIView+WBFrame.m"; sourceTree = "<group>"; };
		841D7E21202ED8FD00D70A07 /* UIView+WBRecursion.h */ = {isa = PBXFileReference; fileEncoding = 4; lastKnownFileType = sourcecode.c.h; path = "UIView+WBRecursion.h"; sourceTree = "<group>"; };
		841D7E22202ED8FD00D70A07 /* UIView+WBRecursion.m */ = {isa = PBXFileReference; fileEncoding = 4; lastKnownFileType = sourcecode.c.objc; path = "UIView+WBRecursion.m"; sourceTree = "<group>"; };
		841D7E23202ED8FD00D70A07 /* UIView+WBShake.h */ = {isa = PBXFileReference; fileEncoding = 4; lastKnownFileType = sourcecode.c.h; path = "UIView+WBShake.h"; sourceTree = "<group>"; };
		841D7E24202ED8FD00D70A07 /* UIView+WBShake.m */ = {isa = PBXFileReference; fileEncoding = 4; lastKnownFileType = sourcecode.c.objc; path = "UIView+WBShake.m"; sourceTree = "<group>"; };
		841D7E26202ED8FD00D70A07 /* UIViewController+WBAdditional.h */ = {isa = PBXFileReference; fileEncoding = 4; lastKnownFileType = sourcecode.c.h; path = "UIViewController+WBAdditional.h"; sourceTree = "<group>"; };
		841D7E27202ED8FD00D70A07 /* UIViewController+WBAdditional.m */ = {isa = PBXFileReference; fileEncoding = 4; lastKnownFileType = sourcecode.c.objc; path = "UIViewController+WBAdditional.m"; sourceTree = "<group>"; };
		841D7E28202ED8FD00D70A07 /* UIViewController+WBRemoveTabbarButton.h */ = {isa = PBXFileReference; fileEncoding = 4; lastKnownFileType = sourcecode.c.h; path = "UIViewController+WBRemoveTabbarButton.h"; sourceTree = "<group>"; };
		841D7E29202ED8FD00D70A07 /* UIViewController+WBRemoveTabbarButton.m */ = {isa = PBXFileReference; fileEncoding = 4; lastKnownFileType = sourcecode.c.objc; path = "UIViewController+WBRemoveTabbarButton.m"; sourceTree = "<group>"; };
		841D7E2A202ED8FD00D70A07 /* UIViewController+WBTransition.h */ = {isa = PBXFileReference; fileEncoding = 4; lastKnownFileType = sourcecode.c.h; path = "UIViewController+WBTransition.h"; sourceTree = "<group>"; };
		841D7E2B202ED8FD00D70A07 /* UIViewController+WBTransition.m */ = {isa = PBXFileReference; fileEncoding = 4; lastKnownFileType = sourcecode.c.objc; path = "UIViewController+WBTransition.m"; sourceTree = "<group>"; };
		841D7E2D202ED8FD00D70A07 /* UIWindow+WBHierarchy.h */ = {isa = PBXFileReference; fileEncoding = 4; lastKnownFileType = sourcecode.c.h; path = "UIWindow+WBHierarchy.h"; sourceTree = "<group>"; };
		841D7E2E202ED8FD00D70A07 /* UIWindow+WBHierarchy.m */ = {isa = PBXFileReference; fileEncoding = 4; lastKnownFileType = sourcecode.c.objc; path = "UIWindow+WBHierarchy.m"; sourceTree = "<group>"; };
		841D7E31202ED8FD00D70A07 /* NSArray+WBAdditional.h */ = {isa = PBXFileReference; fileEncoding = 4; lastKnownFileType = sourcecode.c.h; path = "NSArray+WBAdditional.h"; sourceTree = "<group>"; };
		841D7E32202ED8FD00D70A07 /* NSArray+WBAdditional.m */ = {isa = PBXFileReference; fileEncoding = 4; lastKnownFileType = sourcecode.c.objc; path = "NSArray+WBAdditional.m"; sourceTree = "<group>"; };
		841D7E33202ED8FD00D70A07 /* NSMutableArray+WBSort.h */ = {isa = PBXFileReference; fileEncoding = 4; lastKnownFileType = sourcecode.c.h; path = "NSMutableArray+WBSort.h"; sourceTree = "<group>"; };
		841D7E34202ED8FD00D70A07 /* NSMutableArray+WBSort.m */ = {isa = PBXFileReference; fileEncoding = 4; lastKnownFileType = sourcecode.c.objc; path = "NSMutableArray+WBSort.m"; sourceTree = "<group>"; };
		841D7E36202ED8FD00D70A07 /* NSDate+WBAddtional.h */ = {isa = PBXFileReference; fileEncoding = 4; lastKnownFileType = sourcecode.c.h; path = "NSDate+WBAddtional.h"; sourceTree = "<group>"; };
		841D7E37202ED8FD00D70A07 /* NSDate+WBAddtional.m */ = {isa = PBXFileReference; fileEncoding = 4; lastKnownFileType = sourcecode.c.objc; path = "NSDate+WBAddtional.m"; sourceTree = "<group>"; };
		841D7E38202ED8FD00D70A07 /* NSDate+WBDisplayTime.h */ = {isa = PBXFileReference; fileEncoding = 4; lastKnownFileType = sourcecode.c.h; path = "NSDate+WBDisplayTime.h"; sourceTree = "<group>"; };
		841D7E39202ED8FD00D70A07 /* NSDate+WBDisplayTime.m */ = {isa = PBXFileReference; fileEncoding = 4; lastKnownFileType = sourcecode.c.objc; path = "NSDate+WBDisplayTime.m"; sourceTree = "<group>"; };
		841D7E3A202ED8FD00D70A07 /* NSDate+WBTimePredicate.h */ = {isa = PBXFileReference; fileEncoding = 4; lastKnownFileType = sourcecode.c.h; path = "NSDate+WBTimePredicate.h"; sourceTree = "<group>"; };
		841D7E3B202ED8FD00D70A07 /* NSDate+WBTimePredicate.m */ = {isa = PBXFileReference; fileEncoding = 4; lastKnownFileType = sourcecode.c.objc; path = "NSDate+WBTimePredicate.m"; sourceTree = "<group>"; };
		841D7E3E202ED8FD00D70A07 /* WBDateHeaderFile.h */ = {isa = PBXFileReference; fileEncoding = 4; lastKnownFileType = sourcecode.c.h; path = WBDateHeaderFile.h; sourceTree = "<group>"; };
		841D7E40202ED8FD00D70A07 /* NSDictionary+WBAdditional.h */ = {isa = PBXFileReference; fileEncoding = 4; lastKnownFileType = sourcecode.c.h; path = "NSDictionary+WBAdditional.h"; sourceTree = "<group>"; };
		841D7E41202ED8FD00D70A07 /* NSDictionary+WBAdditional.m */ = {isa = PBXFileReference; fileEncoding = 4; lastKnownFileType = sourcecode.c.objc; path = "NSDictionary+WBAdditional.m"; sourceTree = "<group>"; };
		841D7E43202ED8FD00D70A07 /* NSObject+WBJSON.h */ = {isa = PBXFileReference; fileEncoding = 4; lastKnownFileType = sourcecode.c.h; path = "NSObject+WBJSON.h"; sourceTree = "<group>"; };
		841D7E44202ED8FD00D70A07 /* NSObject+WBJSON.m */ = {isa = PBXFileReference; fileEncoding = 4; lastKnownFileType = sourcecode.c.objc; path = "NSObject+WBJSON.m"; sourceTree = "<group>"; };
		841D7E45202ED8FD00D70A07 /* NSObject+WBRuntime.h */ = {isa = PBXFileReference; fileEncoding = 4; lastKnownFileType = sourcecode.c.h; path = "NSObject+WBRuntime.h"; sourceTree = "<group>"; };
		841D7E46202ED8FD00D70A07 /* NSObject+WBRuntime.m */ = {isa = PBXFileReference; fileEncoding = 4; lastKnownFileType = sourcecode.c.objc; path = "NSObject+WBRuntime.m"; sourceTree = "<group>"; };
		841D7E48202ED8FD00D70A07 /* NSString+WBAddtional.h */ = {isa = PBXFileReference; fileEncoding = 4; lastKnownFileType = sourcecode.c.h; path = "NSString+WBAddtional.h"; sourceTree = "<group>"; };
		841D7E49202ED8FD00D70A07 /* NSString+WBAddtional.m */ = {isa = PBXFileReference; fileEncoding = 4; lastKnownFileType = sourcecode.c.objc; path = "NSString+WBAddtional.m"; sourceTree = "<group>"; };
		841D7E4A202ED8FD00D70A07 /* NSString+WBCreateFileName.h */ = {isa = PBXFileReference; fileEncoding = 4; lastKnownFileType = sourcecode.c.h; path = "NSString+WBCreateFileName.h"; sourceTree = "<group>"; };
		841D7E4B202ED8FD00D70A07 /* NSString+WBCreateFileName.m */ = {isa = PBXFileReference; fileEncoding = 4; lastKnownFileType = sourcecode.c.objc; path = "NSString+WBCreateFileName.m"; sourceTree = "<group>"; };
		841D7E4C202ED8FD00D70A07 /* NSString+WBDeviceInfo.h */ = {isa = PBXFileReference; fileEncoding = 4; lastKnownFileType = sourcecode.c.h; path = "NSString+WBDeviceInfo.h"; sourceTree = "<group>"; };
		841D7E4D202ED8FD00D70A07 /* NSString+WBDeviceInfo.m */ = {isa = PBXFileReference; fileEncoding = 4; lastKnownFileType = sourcecode.c.objc; path = "NSString+WBDeviceInfo.m"; sourceTree = "<group>"; };
		841D7E4E202ED8FD00D70A07 /* NSString+WBJavaScript.h */ = {isa = PBXFileReference; fileEncoding = 4; lastKnownFileType = sourcecode.c.h; path = "NSString+WBJavaScript.h"; sourceTree = "<group>"; };
		841D7E4F202ED8FD00D70A07 /* NSString+WBJavaScript.m */ = {isa = PBXFileReference; fileEncoding = 4; lastKnownFileType = sourcecode.c.objc; path = "NSString+WBJavaScript.m"; sourceTree = "<group>"; };
		841D7E50202ED8FD00D70A07 /* NSString+WBPredicate.h */ = {isa = PBXFileReference; fileEncoding = 4; lastKnownFileType = sourcecode.c.h; path = "NSString+WBPredicate.h"; sourceTree = "<group>"; };
		841D7E51202ED8FD00D70A07 /* NSString+WBPredicate.m */ = {isa = PBXFileReference; fileEncoding = 4; lastKnownFileType = sourcecode.c.objc; path = "NSString+WBPredicate.m"; sourceTree = "<group>"; };
		841D7E53202ED8FD00D70A07 /* NSUserDefaults+WBAdditional.h */ = {isa = PBXFileReference; fileEncoding = 4; lastKnownFileType = sourcecode.c.h; path = "NSUserDefaults+WBAdditional.h"; sourceTree = "<group>"; };
		841D7E54202ED8FD00D70A07 /* NSUserDefaults+WBAdditional.m */ = {isa = PBXFileReference; fileEncoding = 4; lastKnownFileType = sourcecode.c.objc; path = "NSUserDefaults+WBAdditional.m"; sourceTree = "<group>"; };
		841D7E56202ED8FD00D70A07 /* UIView+WBCoreAnimation.h */ = {isa = PBXFileReference; fileEncoding = 4; lastKnownFileType = sourcecode.c.h; path = "UIView+WBCoreAnimation.h"; sourceTree = "<group>"; };
		841D7E57202ED8FD00D70A07 /* UIView+WBCoreAnimation.m */ = {isa = PBXFileReference; fileEncoding = 4; lastKnownFileType = sourcecode.c.objc; path = "UIView+WBCoreAnimation.m"; sourceTree = "<group>"; };
		841D7E59202ED8FD00D70A07 /* WBClearWarningMacro.h */ = {isa = PBXFileReference; fileEncoding = 4; lastKnownFileType = sourcecode.c.h; path = WBClearWarningMacro.h; sourceTree = "<group>"; };
		841D7E5A202ED8FD00D70A07 /* WBFontMacro.h */ = {isa = PBXFileReference; fileEncoding = 4; lastKnownFileType = sourcecode.c.h; path = WBFontMacro.h; sourceTree = "<group>"; };
		841D7E5B202ED8FD00D70A07 /* WBMacroDefinition.h */ = {isa = PBXFileReference; fileEncoding = 4; lastKnownFileType = sourcecode.c.h; path = WBMacroDefinition.h; sourceTree = "<group>"; };
		841D7E5C202ED8FD00D70A07 /* WBSingletonMacro.h */ = {isa = PBXFileReference; fileEncoding = 4; lastKnownFileType = sourcecode.c.h; path = WBSingletonMacro.h; sourceTree = "<group>"; };
		84BE3E502030333800AC7B7B /* UIWebView+WBMetaParser.h */ = {isa = PBXFileReference; lastKnownFileType = sourcecode.c.h; path = "UIWebView+WBMetaParser.h"; sourceTree = "<group>"; };
		84BE3E512030333800AC7B7B /* UIWebView+WBMetaParser.m */ = {isa = PBXFileReference; lastKnownFileType = sourcecode.c.objc; path = "UIWebView+WBMetaParser.m"; sourceTree = "<group>"; };
		84BE3E53203033E400AC7B7B /* UIWebView+WBSwipeGesture.h */ = {isa = PBXFileReference; lastKnownFileType = sourcecode.c.h; path = "UIWebView+WBSwipeGesture.h"; sourceTree = "<group>"; };
		84BE3E54203033E400AC7B7B /* UIWebView+WBSwipeGesture.m */ = {isa = PBXFileReference; lastKnownFileType = sourcecode.c.objc; path = "UIWebView+WBSwipeGesture.m"; sourceTree = "<group>"; };
		84BE3E56203035DA00AC7B7B /* UIWebView+WBKeyValueStorage.h */ = {isa = PBXFileReference; lastKnownFileType = sourcecode.c.h; path = "UIWebView+WBKeyValueStorage.h"; sourceTree = "<group>"; };
		84BE3E57203035DA00AC7B7B /* UIWebView+WBKeyValueStorage.m */ = {isa = PBXFileReference; lastKnownFileType = sourcecode.c.objc; path = "UIWebView+WBKeyValueStorage.m"; sourceTree = "<group>"; };
		84BE3E59203036B800AC7B7B /* UIWebView+WBJavaScript.h */ = {isa = PBXFileReference; lastKnownFileType = sourcecode.c.h; path = "UIWebView+WBJavaScript.h"; sourceTree = "<group>"; };
		84BE3E5A203036B800AC7B7B /* UIWebView+WBJavaScript.m */ = {isa = PBXFileReference; lastKnownFileType = sourcecode.c.objc; path = "UIWebView+WBJavaScript.m"; sourceTree = "<group>"; };
		84BE3E5C20303AE000AC7B7B /* UIColor+WBWeb.h */ = {isa = PBXFileReference; lastKnownFileType = sourcecode.c.h; path = "UIColor+WBWeb.h"; sourceTree = "<group>"; };
		84BE3E5D20303AE000AC7B7B /* UIColor+WBWeb.m */ = {isa = PBXFileReference; lastKnownFileType = sourcecode.c.objc; path = "UIColor+WBWeb.m"; sourceTree = "<group>"; };
		84E35FA72029889200E4683F /* WBCategories.app */ = {isa = PBXFileReference; explicitFileType = wrapper.application; includeInIndex = 0; path = WBCategories.app; sourceTree = BUILT_PRODUCTS_DIR; };
		84E35FAA2029889200E4683F /* AppDelegate.h */ = {isa = PBXFileReference; lastKnownFileType = sourcecode.c.h; path = AppDelegate.h; sourceTree = "<group>"; };
		84E35FAB2029889200E4683F /* AppDelegate.m */ = {isa = PBXFileReference; lastKnownFileType = sourcecode.c.objc; path = AppDelegate.m; sourceTree = "<group>"; };
		84E35FAD2029889200E4683F /* ViewController.h */ = {isa = PBXFileReference; lastKnownFileType = sourcecode.c.h; path = ViewController.h; sourceTree = "<group>"; };
		84E35FAE2029889200E4683F /* ViewController.m */ = {isa = PBXFileReference; lastKnownFileType = sourcecode.c.objc; path = ViewController.m; sourceTree = "<group>"; };
		84E35FB12029889200E4683F /* Base */ = {isa = PBXFileReference; lastKnownFileType = file.storyboard; name = Base; path = Base.lproj/Main.storyboard; sourceTree = "<group>"; };
		84E35FB32029889200E4683F /* Assets.xcassets */ = {isa = PBXFileReference; lastKnownFileType = folder.assetcatalog; path = Assets.xcassets; sourceTree = "<group>"; };
		84E35FB62029889200E4683F /* Base */ = {isa = PBXFileReference; lastKnownFileType = file.storyboard; name = Base; path = Base.lproj/LaunchScreen.storyboard; sourceTree = "<group>"; };
		84E35FB82029889200E4683F /* Info.plist */ = {isa = PBXFileReference; lastKnownFileType = text.plist.xml; path = Info.plist; sourceTree = "<group>"; };
		84E35FB92029889200E4683F /* main.m */ = {isa = PBXFileReference; lastKnownFileType = sourcecode.c.objc; path = main.m; sourceTree = "<group>"; };
		C22FC87420D3A4D600222487 /* UIImage+WBCompress.h */ = {isa = PBXFileReference; lastKnownFileType = sourcecode.c.h; path = "UIImage+WBCompress.h"; sourceTree = "<group>"; };
		C22FC87520D3A4D600222487 /* UIImage+WBCompress.m */ = {isa = PBXFileReference; lastKnownFileType = sourcecode.c.objc; path = "UIImage+WBCompress.m"; sourceTree = "<group>"; };
		C25FB1A620E9F18F00CB0FEC /* NSData+WBFragment.h */ = {isa = PBXFileReference; lastKnownFileType = sourcecode.c.h; path = "NSData+WBFragment.h"; sourceTree = "<group>"; };
		C25FB1A720E9F18F00CB0FEC /* NSData+WBFragment.m */ = {isa = PBXFileReference; lastKnownFileType = sourcecode.c.objc; path = "NSData+WBFragment.m"; sourceTree = "<group>"; };
		C286B19120B3C6A2009DBDB9 /* UIAlertController+WBAdditional.h */ = {isa = PBXFileReference; lastKnownFileType = sourcecode.c.h; path = "UIAlertController+WBAdditional.h"; sourceTree = "<group>"; };
		C286B19220B3C6A2009DBDB9 /* UIAlertController+WBAdditional.m */ = {isa = PBXFileReference; lastKnownFileType = sourcecode.c.objc; path = "UIAlertController+WBAdditional.m"; sourceTree = "<group>"; };
		C2C5D6A520A155C500DA8C54 /* NSArray+WBSafe.h */ = {isa = PBXFileReference; lastKnownFileType = sourcecode.c.h; path = "NSArray+WBSafe.h"; sourceTree = "<group>"; };
		C2C5D6A620A155C500DA8C54 /* NSArray+WBSafe.m */ = {isa = PBXFileReference; lastKnownFileType = sourcecode.c.objc; path = "NSArray+WBSafe.m"; sourceTree = "<group>"; };
		C2C5D6A820A1746500DA8C54 /* NSMutableArray+WBSafe.h */ = {isa = PBXFileReference; lastKnownFileType = sourcecode.c.h; path = "NSMutableArray+WBSafe.h"; sourceTree = "<group>"; };
		C2C5D6A920A1746500DA8C54 /* NSMutableArray+WBSafe.m */ = {isa = PBXFileReference; lastKnownFileType = sourcecode.c.objc; path = "NSMutableArray+WBSafe.m"; sourceTree = "<group>"; };
		C2C5D6AB20A17C3900DA8C54 /* NSDictionary+WBSafe.h */ = {isa = PBXFileReference; lastKnownFileType = sourcecode.c.h; path = "NSDictionary+WBSafe.h"; sourceTree = "<group>"; };
		C2C5D6AC20A17C3900DA8C54 /* NSDictionary+WBSafe.m */ = {isa = PBXFileReference; lastKnownFileType = sourcecode.c.objc; path = "NSDictionary+WBSafe.m"; sourceTree = "<group>"; };
		C2C5D6AE20A180E200DA8C54 /* NSMutableDictionary+WBSafe.h */ = {isa = PBXFileReference; lastKnownFileType = sourcecode.c.h; path = "NSMutableDictionary+WBSafe.h"; sourceTree = "<group>"; };
		C2C5D6AF20A180E200DA8C54 /* NSMutableDictionary+WBSafe.m */ = {isa = PBXFileReference; lastKnownFileType = sourcecode.c.objc; path = "NSMutableDictionary+WBSafe.m"; sourceTree = "<group>"; };
		C2C5D6B120A1849400DA8C54 /* NSMutableString+WBSafe.h */ = {isa = PBXFileReference; lastKnownFileType = sourcecode.c.h; path = "NSMutableString+WBSafe.h"; sourceTree = "<group>"; };
		C2C5D6B220A1849400DA8C54 /* NSMutableString+WBSafe.m */ = {isa = PBXFileReference; lastKnownFileType = sourcecode.c.objc; path = "NSMutableString+WBSafe.m"; sourceTree = "<group>"; };
		C2D1C36320AD774E00D1EB39 /* WBDateFormatterPool.h */ = {isa = PBXFileReference; fileEncoding = 4; lastKnownFileType = sourcecode.c.h; path = WBDateFormatterPool.h; sourceTree = "<group>"; };
		C2D1C36420AD774E00D1EB39 /* WBDateFormatterPool.m */ = {isa = PBXFileReference; fileEncoding = 4; lastKnownFileType = sourcecode.c.objc; path = WBDateFormatterPool.m; sourceTree = "<group>"; };
		C2F37BEF20A92E5100577E00 /* UIControl+WBIgnoreMutiple.h */ = {isa = PBXFileReference; fileEncoding = 4; lastKnownFileType = sourcecode.c.h; path = "UIControl+WBIgnoreMutiple.h"; sourceTree = "<group>"; };
		C2F37BF020A92E5200577E00 /* UIControl+WBIgnoreMutiple.m */ = {isa = PBXFileReference; fileEncoding = 4; lastKnownFileType = sourcecode.c.objc; path = "UIControl+WBIgnoreMutiple.m"; sourceTree = "<group>"; };
		C5F8F6EA210A258100FBDABB /* UINavigationController+WBStatusBarStyle.m */ = {isa = PBXFileReference; fileEncoding = 4; lastKnownFileType = sourcecode.c.objc; path = "UINavigationController+WBStatusBarStyle.m"; sourceTree = "<group>"; };
		C5F8F6EB210A258200FBDABB /* UINavigationController+WBStatusBarStyle.h */ = {isa = PBXFileReference; fileEncoding = 4; lastKnownFileType = sourcecode.c.h; path = "UINavigationController+WBStatusBarStyle.h"; sourceTree = "<group>"; };
		CFB7BF25A8BDC4ABEBC4DA61 /* Pods-WBCategories.debug.xcconfig */ = {isa = PBXFileReference; includeInIndex = 1; lastKnownFileType = text.xcconfig; name = "Pods-WBCategories.debug.xcconfig"; path = "Pods/Target Support Files/Pods-WBCategories/Pods-WBCategories.debug.xcconfig"; sourceTree = "<group>"; };
		E5BA29418AFB0FD4A2DB97B8 /* libPods-WBCategories.a */ = {isa = PBXFileReference; explicitFileType = archive.ar; includeInIndex = 0; path = "libPods-WBCategories.a"; sourceTree = BUILT_PRODUCTS_DIR; };
/* End PBXFileReference section */

/* Begin PBXFrameworksBuildPhase section */
		84E35FA42029889200E4683F /* Frameworks */ = {
			isa = PBXFrameworksBuildPhase;
			buildActionMask = 2147483647;
			files = (
				EC710CE97B7D940C77F25DB8 /* libPods-WBCategories.a in Frameworks */,
			);
			runOnlyForDeploymentPostprocessing = 0;
		};
/* End PBXFrameworksBuildPhase section */

/* Begin PBXGroup section */
		667F5C34D4B29C0AFA0151E7 /* Pods */ = {
			isa = PBXGroup;
			children = (
				CFB7BF25A8BDC4ABEBC4DA61 /* Pods-WBCategories.debug.xcconfig */,
				702FEF5FA833A2FFAA60CB42 /* Pods-WBCategories.release.xcconfig */,
			);
			name = Pods;
			sourceTree = "<group>";
		};
		841D7DA5202ED8FC00D70A07 /* UIKit */ = {
			isa = PBXGroup;
			children = (
				C286B19020B3C68E009DBDB9 /* UIAlertController */,
				84BE3E4F2030331600AC7B7B /* UIWebView */,
				841D7DA6202ED8FC00D70A07 /* UIApplication */,
				841D7DAD202ED8FC00D70A07 /* UIBarButtonItem */,
				841D7DB2202ED8FC00D70A07 /* UIButton */,
				841D7DC3202ED8FC00D70A07 /* UICollectionView */,
				841D7DC6202ED8FC00D70A07 /* UIColor */,
				841D7DCB202ED8FC00D70A07 /* UIControl */,
				841D7DD2202ED8FC00D70A07 /* UIDevice */,
				841D7DD7202ED8FC00D70A07 /* UIFont */,
				841D7DDA202ED8FC00D70A07 /* UIImage */,
				841D7DE1202ED8FD00D70A07 /* UIImagePickerController */,
				841D7DE4202ED8FD00D70A07 /* UIImageView */,
				841D7DE7202ED8FD00D70A07 /* UINavigationController */,
				841D7DEA202ED8FD00D70A07 /* UINavigationItem */,
				841D7DF8202ED8FD00D70A07 /* UIScreen */,
				841D7DFB202ED8FD00D70A07 /* UIScrollView */,
				841D7DFE202ED8FD00D70A07 /* UISearchBar */,
				841D7E01202ED8FD00D70A07 /* UITableView */,
				841D7E04202ED8FD00D70A07 /* UITableViewCell */,
				841D7E07202ED8FD00D70A07 /* UITextView */,
				841D7E0A202ED8FD00D70A07 /* UIView */,
				841D7E25202ED8FD00D70A07 /* UIViewController */,
				841D7E2C202ED8FD00D70A07 /* UIWindow */,
			);
			path = UIKit;
			sourceTree = SOURCE_ROOT;
		};
		841D7DA6202ED8FC00D70A07 /* UIApplication */ = {
			isa = PBXGroup;
			children = (
				841D7DA7202ED8FC00D70A07 /* UIApplication+WBApplicationSize.h */,
				841D7DA8202ED8FC00D70A07 /* UIApplication+WBApplicationSize.m */,
				841D7DA9202ED8FC00D70A07 /* UIApplication+WBKeyBoardFrame.h */,
				841D7DAA202ED8FC00D70A07 /* UIApplication+WBKeyBoardFrame.m */,
				841D7DAB202ED8FC00D70A07 /* UIApplication+WBNetworkActivityIndicator.h */,
				841D7DAC202ED8FC00D70A07 /* UIApplication+WBNetworkActivityIndicator.m */,
			);
			path = UIApplication;
			sourceTree = "<group>";
		};
		841D7DAD202ED8FC00D70A07 /* UIBarButtonItem */ = {
			isa = PBXGroup;
			children = (
				841D7DAE202ED8FC00D70A07 /* UIBarButtonItem+WBActionBlock.h */,
				841D7DAF202ED8FC00D70A07 /* UIBarButtonItem+WBActionBlock.m */,
				841D7DB0202ED8FC00D70A07 /* UIBarButtonItem+WBBadge.h */,
				841D7DB1202ED8FC00D70A07 /* UIBarButtonItem+WBBadge.m */,
			);
			path = UIBarButtonItem;
			sourceTree = "<group>";
		};
		841D7DB2202ED8FC00D70A07 /* UIButton */ = {
			isa = PBXGroup;
			children = (
				841D7DB3202ED8FC00D70A07 /* UIButton+WBAdditional.h */,
				841D7DB4202ED8FC00D70A07 /* UIButton+WBAdditional.m */,
				841D7DB5202ED8FC00D70A07 /* UIButton+WBAdjustPosition.h */,
				841D7DB6202ED8FC00D70A07 /* UIButton+WBAdjustPosition.m */,
				841D7DB7202ED8FC00D70A07 /* UIButton+WBBlock.h */,
				841D7DB8202ED8FC00D70A07 /* UIButton+WBBlock.m */,
				841D7DB9202ED8FC00D70A07 /* UIButton+WBCountDown.h */,
				841D7DBA202ED8FC00D70A07 /* UIButton+WBCountDown.m */,
				841D7DBB202ED8FC00D70A07 /* UIButton+WBEnlargeTouchAreas.h */,
				841D7DBC202ED8FC00D70A07 /* UIButton+WBEnlargeTouchAreas.m */,
				841D7DBD202ED8FC00D70A07 /* UIButton+WBImagePosition.h */,
				841D7DBE202ED8FC00D70A07 /* UIButton+WBImagePosition.m */,
				841D7DBF202ED8FC00D70A07 /* UIButton+WBMiddleAlign.h */,
				841D7DC0202ED8FC00D70A07 /* UIButton+WBMiddleAlign.m */,
				841D7DC1202ED8FC00D70A07 /* UIButton+WBShowIndicator.h */,
				841D7DC2202ED8FC00D70A07 /* UIButton+WBShowIndicator.m */,
			);
			path = UIButton;
			sourceTree = "<group>";
		};
		841D7DC3202ED8FC00D70A07 /* UICollectionView */ = {
			isa = PBXGroup;
			children = (
				841D7DC4202ED8FC00D70A07 /* UICollectionView+WBReload.h */,
				841D7DC5202ED8FC00D70A07 /* UICollectionView+WBReload.m */,
			);
			path = UICollectionView;
			sourceTree = "<group>";
		};
		841D7DC6202ED8FC00D70A07 /* UIColor */ = {
			isa = PBXGroup;
			children = (
				841D7DC7202ED8FC00D70A07 /* UIColor+WBAdditional.h */,
				841D7DC8202ED8FC00D70A07 /* UIColor+WBAdditional.m */,
				841D7DC9202ED8FC00D70A07 /* UIColor+WBCommonColor.h */,
				841D7DCA202ED8FC00D70A07 /* UIColor+WBCommonColor.m */,
				84BE3E5C20303AE000AC7B7B /* UIColor+WBWeb.h */,
				84BE3E5D20303AE000AC7B7B /* UIColor+WBWeb.m */,
			);
			path = UIColor;
			sourceTree = "<group>";
		};
		841D7DCB202ED8FC00D70A07 /* UIControl */ = {
			isa = PBXGroup;
			children = (
				841D7DCC202ED8FC00D70A07 /* UIControl+WBAcitonBlock.h */,
				841D7DCD202ED8FC00D70A07 /* UIControl+WBAcitonBlock.m */,
				841D7DCE202ED8FC00D70A07 /* UIControl+WBBlock.h */,
				841D7DCF202ED8FC00D70A07 /* UIControl+WBBlock.m */,
				841D7DD0202ED8FC00D70A07 /* UIControl+WBSound.h */,
				841D7DD1202ED8FC00D70A07 /* UIControl+WBSound.m */,
				C2F37BEF20A92E5100577E00 /* UIControl+WBIgnoreMutiple.h */,
				C2F37BF020A92E5200577E00 /* UIControl+WBIgnoreMutiple.m */,
			);
			path = UIControl;
			sourceTree = "<group>";
		};
		841D7DD2202ED8FC00D70A07 /* UIDevice */ = {
			isa = PBXGroup;
			children = (
				841D7DD3202ED8FC00D70A07 /* UIDevice+WBUUID.h */,
				841D7DD4202ED8FC00D70A07 /* UIDevice+WBUUID.m */,
				841D7DD5202ED8FC00D70A07 /* WBUUID.h */,
				841D7DD6202ED8FC00D70A07 /* WBUUID.m */,
			);
			path = UIDevice;
			sourceTree = "<group>";
		};
		841D7DD7202ED8FC00D70A07 /* UIFont */ = {
			isa = PBXGroup;
			children = (
				841D7DD8202ED8FC00D70A07 /* UIFont+WBRuntimeSize.h */,
				841D7DD9202ED8FC00D70A07 /* UIFont+WBRuntimeSize.m */,
			);
			path = UIFont;
			sourceTree = "<group>";
		};
		841D7DDA202ED8FC00D70A07 /* UIImage */ = {
			isa = PBXGroup;
			children = (
				841D7DDB202ED8FC00D70A07 /* UIImage+WBAdditional.h */,
				841D7DDC202ED8FC00D70A07 /* UIImage+WBAdditional.m */,
				841D7DDD202ED8FC00D70A07 /* UIImage+WBEffect.h */,
				841D7DDE202ED8FC00D70A07 /* UIImage+WBEffect.m */,
				841D7DDF202ED8FC00D70A07 /* UIImage+WBRotate.h */,
				841D7DE0202ED8FD00D70A07 /* UIImage+WBRotate.m */,
				C22FC87420D3A4D600222487 /* UIImage+WBCompress.h */,
				C22FC87520D3A4D600222487 /* UIImage+WBCompress.m */,
			);
			path = UIImage;
			sourceTree = "<group>";
		};
		841D7DE1202ED8FD00D70A07 /* UIImagePickerController */ = {
			isa = PBXGroup;
			children = (
				841D7DE2202ED8FD00D70A07 /* UIImagePickerController+WBAdditional.h */,
				841D7DE3202ED8FD00D70A07 /* UIImagePickerController+WBAdditional.m */,
			);
			path = UIImagePickerController;
			sourceTree = "<group>";
		};
		841D7DE4202ED8FD00D70A07 /* UIImageView */ = {
			isa = PBXGroup;
			children = (
				841D7DE5202ED8FD00D70A07 /* UIImageView+WBWebCache.h */,
				841D7DE6202ED8FD00D70A07 /* UIImageView+WBWebCache.m */,
			);
			path = UIImageView;
			sourceTree = "<group>";
		};
		841D7DE7202ED8FD00D70A07 /* UINavigationController */ = {
			isa = PBXGroup;
			children = (
				841D7DE8202ED8FD00D70A07 /* UINavigationController+WBFullScreen.h */,
				841D7DE9202ED8FD00D70A07 /* UINavigationController+WBFullScreen.m */,
				C5F8F6EB210A258200FBDABB /* UINavigationController+WBStatusBarStyle.h */,
				C5F8F6EA210A258100FBDABB /* UINavigationController+WBStatusBarStyle.m */,
			);
			path = UINavigationController;
			sourceTree = "<group>";
		};
		841D7DEA202ED8FD00D70A07 /* UINavigationItem */ = {
			isa = PBXGroup;
			children = (
				841D7DEB202ED8FD00D70A07 /* UINavigationItem+Margin */,
				841D7DF4202ED8FD00D70A07 /* UINavigationItem+WBLoading.h */,
				841D7DF5202ED8FD00D70A07 /* UINavigationItem+WBLoading.m */,
				841D7DF6202ED8FD00D70A07 /* UINavigationItem+WBLock.h */,
				841D7DF7202ED8FD00D70A07 /* UINavigationItem+WBLock.m */,
			);
			path = UINavigationItem;
			sourceTree = "<group>";
		};
		841D7DEB202ED8FD00D70A07 /* UINavigationItem+Margin */ = {
			isa = PBXGroup;
			children = (
				841D7DEC202ED8FD00D70A07 /* Swizzle.h */,
				841D7DED202ED8FD00D70A07 /* Swizzle.m */,
				841D7DEE202ED8FD00D70A07 /* UINavigationBarContentView+Margin.h */,
				841D7DEF202ED8FD00D70A07 /* UINavigationBarContentView+Margin.m */,
				841D7DF0202ED8FD00D70A07 /* UINavigationBarContentViewLayout+Margin.h */,
				841D7DF1202ED8FD00D70A07 /* UINavigationBarContentViewLayout+Margin.m */,
				841D7DF2202ED8FD00D70A07 /* UINavigationItem+Margin.h */,
				841D7DF3202ED8FD00D70A07 /* UINavigationItem+Margin.m */,
			);
			path = "UINavigationItem+Margin";
			sourceTree = "<group>";
		};
		841D7DF8202ED8FD00D70A07 /* UIScreen */ = {
			isa = PBXGroup;
			children = (
				841D7DF9202ED8FD00D70A07 /* UIScreen+WBFrame.h */,
				841D7DFA202ED8FD00D70A07 /* UIScreen+WBFrame.m */,
			);
			path = UIScreen;
			sourceTree = "<group>";
		};
		841D7DFB202ED8FD00D70A07 /* UIScrollView */ = {
			isa = PBXGroup;
			children = (
				841D7DFC202ED8FD00D70A07 /* UIScrollView+WBAdditional.h */,
				841D7DFD202ED8FD00D70A07 /* UIScrollView+WBAdditional.m */,
			);
			path = UIScrollView;
			sourceTree = "<group>";
		};
		841D7DFE202ED8FD00D70A07 /* UISearchBar */ = {
			isa = PBXGroup;
			children = (
				841D7DFF202ED8FD00D70A07 /* UISearchBar+WBAddition.h */,
				841D7E00202ED8FD00D70A07 /* UISearchBar+WBAddition.m */,
			);
			path = UISearchBar;
			sourceTree = "<group>";
		};
		841D7E01202ED8FD00D70A07 /* UITableView */ = {
			isa = PBXGroup;
			children = (
				841D7E02202ED8FD00D70A07 /* UITableView+WBiOS7Style.h */,
				841D7E03202ED8FD00D70A07 /* UITableView+WBiOS7Style.m */,
			);
			path = UITableView;
			sourceTree = "<group>";
		};
		841D7E04202ED8FD00D70A07 /* UITableViewCell */ = {
			isa = PBXGroup;
			children = (
				841D7E05202ED8FD00D70A07 /* UITableViewCell+FindUITableView.h */,
				841D7E06202ED8FD00D70A07 /* UITableViewCell+FindUITableView.m */,
			);
			path = UITableViewCell;
			sourceTree = "<group>";
		};
		841D7E07202ED8FD00D70A07 /* UITextView */ = {
			isa = PBXGroup;
			children = (
				841D7E08202ED8FD00D70A07 /* UITextView+Placeholder.h */,
				841D7E09202ED8FD00D70A07 /* UITextView+Placeholder.m */,
			);
			path = UITextView;
			sourceTree = "<group>";
		};
		841D7E0A202ED8FD00D70A07 /* UIView */ = {
			isa = PBXGroup;
			children = (
				841D7E0B202ED8FD00D70A07 /* UIView+HGCorner.h */,
				841D7E0C202ED8FD00D70A07 /* UIView+HGCorner.m */,
				841D7E0D202ED8FD00D70A07 /* UIView+WBAdditional.h */,
				841D7E0E202ED8FD00D70A07 /* UIView+WBAdditional.m */,
				841D7E0F202ED8FD00D70A07 /* UIView+WBBasicAnimation.h */,
				841D7E10202ED8FD00D70A07 /* UIView+WBBasicAnimation.m */,
				841D7E11202ED8FD00D70A07 /* UIView+WBBlockGesture.h */,
				841D7E12202ED8FD00D70A07 /* UIView+WBBlockGesture.m */,
				841D7E13202ED8FD00D70A07 /* UIView+WBBlurEffect.h */,
				841D7E14202ED8FD00D70A07 /* UIView+WBBlurEffect.m */,
				841D7E15202ED8FD00D70A07 /* UIView+WBConstraints.h */,
				841D7E16202ED8FD00D70A07 /* UIView+WBConstraints.m */,
				841D7E17202ED8FD00D70A07 /* UIView+WBDismissKeyboard.h */,
				841D7E18202ED8FD00D70A07 /* UIView+WBDismissKeyboard.m */,
				841D7E19202ED8FD00D70A07 /* UIView+WBDraggable.h */,
				841D7E1A202ED8FD00D70A07 /* UIView+WBDraggable.m */,
				841D7E1B202ED8FD00D70A07 /* UIView+WBExtension.h */,
				841D7E1C202ED8FD00D70A07 /* UIView+WBExtension.m */,
				841D7E1D202ED8FD00D70A07 /* UIView+WBFind.h */,
				841D7E1E202ED8FD00D70A07 /* UIView+WBFind.m */,
				841D7E1F202ED8FD00D70A07 /* UIView+WBFrame.h */,
				841D7E20202ED8FD00D70A07 /* UIView+WBFrame.m */,
				841D7E21202ED8FD00D70A07 /* UIView+WBRecursion.h */,
				841D7E22202ED8FD00D70A07 /* UIView+WBRecursion.m */,
				841D7E23202ED8FD00D70A07 /* UIView+WBShake.h */,
				841D7E24202ED8FD00D70A07 /* UIView+WBShake.m */,
			);
			path = UIView;
			sourceTree = "<group>";
		};
		841D7E25202ED8FD00D70A07 /* UIViewController */ = {
			isa = PBXGroup;
			children = (
				841D7E26202ED8FD00D70A07 /* UIViewController+WBAdditional.h */,
				841D7E27202ED8FD00D70A07 /* UIViewController+WBAdditional.m */,
				841D7E28202ED8FD00D70A07 /* UIViewController+WBRemoveTabbarButton.h */,
				841D7E29202ED8FD00D70A07 /* UIViewController+WBRemoveTabbarButton.m */,
				841D7E2A202ED8FD00D70A07 /* UIViewController+WBTransition.h */,
				841D7E2B202ED8FD00D70A07 /* UIViewController+WBTransition.m */,
			);
			path = UIViewController;
			sourceTree = "<group>";
		};
		841D7E2C202ED8FD00D70A07 /* UIWindow */ = {
			isa = PBXGroup;
			children = (
				841D7E2D202ED8FD00D70A07 /* UIWindow+WBHierarchy.h */,
				841D7E2E202ED8FD00D70A07 /* UIWindow+WBHierarchy.m */,
			);
			path = UIWindow;
			sourceTree = "<group>";
		};
		841D7E2F202ED8FD00D70A07 /* Foundation */ = {
			isa = PBXGroup;
			children = (
				C25FB1A520E9F09E00CB0FEC /* NSData */,
				841D7E30202ED8FD00D70A07 /* NSArray */,
				841D7E35202ED8FD00D70A07 /* NSDate */,
				841D7E3F202ED8FD00D70A07 /* NSDictionary */,
				841D7E42202ED8FD00D70A07 /* NSObject */,
				841D7E47202ED8FD00D70A07 /* NSString */,
				841D7E52202ED8FD00D70A07 /* NSUserDefaults */,
			);
			path = Foundation;
			sourceTree = SOURCE_ROOT;
		};
		841D7E30202ED8FD00D70A07 /* NSArray */ = {
			isa = PBXGroup;
			children = (
				841D7E31202ED8FD00D70A07 /* NSArray+WBAdditional.h */,
				841D7E32202ED8FD00D70A07 /* NSArray+WBAdditional.m */,
				841D7E33202ED8FD00D70A07 /* NSMutableArray+WBSort.h */,
				841D7E34202ED8FD00D70A07 /* NSMutableArray+WBSort.m */,
				C2C5D6A520A155C500DA8C54 /* NSArray+WBSafe.h */,
				C2C5D6A620A155C500DA8C54 /* NSArray+WBSafe.m */,
				C2C5D6A820A1746500DA8C54 /* NSMutableArray+WBSafe.h */,
				C2C5D6A920A1746500DA8C54 /* NSMutableArray+WBSafe.m */,
			);
			path = NSArray;
			sourceTree = "<group>";
		};
		841D7E35202ED8FD00D70A07 /* NSDate */ = {
			isa = PBXGroup;
			children = (
				C2D1C36320AD774E00D1EB39 /* WBDateFormatterPool.h */,
				C2D1C36420AD774E00D1EB39 /* WBDateFormatterPool.m */,
				841D7E36202ED8FD00D70A07 /* NSDate+WBAddtional.h */,
				841D7E37202ED8FD00D70A07 /* NSDate+WBAddtional.m */,
				841D7E38202ED8FD00D70A07 /* NSDate+WBDisplayTime.h */,
				841D7E39202ED8FD00D70A07 /* NSDate+WBDisplayTime.m */,
				841D7E3A202ED8FD00D70A07 /* NSDate+WBTimePredicate.h */,
				841D7E3B202ED8FD00D70A07 /* NSDate+WBTimePredicate.m */,
				841D7E3E202ED8FD00D70A07 /* WBDateHeaderFile.h */,
			);
			path = NSDate;
			sourceTree = "<group>";
		};
		841D7E3F202ED8FD00D70A07 /* NSDictionary */ = {
			isa = PBXGroup;
			children = (
				841D7E40202ED8FD00D70A07 /* NSDictionary+WBAdditional.h */,
				841D7E41202ED8FD00D70A07 /* NSDictionary+WBAdditional.m */,
				C2C5D6AB20A17C3900DA8C54 /* NSDictionary+WBSafe.h */,
				C2C5D6AC20A17C3900DA8C54 /* NSDictionary+WBSafe.m */,
				C2C5D6AE20A180E200DA8C54 /* NSMutableDictionary+WBSafe.h */,
				C2C5D6AF20A180E200DA8C54 /* NSMutableDictionary+WBSafe.m */,
			);
			path = NSDictionary;
			sourceTree = "<group>";
		};
		841D7E42202ED8FD00D70A07 /* NSObject */ = {
			isa = PBXGroup;
			children = (
				841D7E43202ED8FD00D70A07 /* NSObject+WBJSON.h */,
				841D7E44202ED8FD00D70A07 /* NSObject+WBJSON.m */,
				841D7E45202ED8FD00D70A07 /* NSObject+WBRuntime.h */,
				841D7E46202ED8FD00D70A07 /* NSObject+WBRuntime.m */,
			);
			path = NSObject;
			sourceTree = "<group>";
		};
		841D7E47202ED8FD00D70A07 /* NSString */ = {
			isa = PBXGroup;
			children = (
				841D7E48202ED8FD00D70A07 /* NSString+WBAddtional.h */,
				841D7E49202ED8FD00D70A07 /* NSString+WBAddtional.m */,
				841D7E4A202ED8FD00D70A07 /* NSString+WBCreateFileName.h */,
				841D7E4B202ED8FD00D70A07 /* NSString+WBCreateFileName.m */,
				841D7E4C202ED8FD00D70A07 /* NSString+WBDeviceInfo.h */,
				841D7E4D202ED8FD00D70A07 /* NSString+WBDeviceInfo.m */,
				841D7E4E202ED8FD00D70A07 /* NSString+WBJavaScript.h */,
				841D7E4F202ED8FD00D70A07 /* NSString+WBJavaScript.m */,
				841D7E50202ED8FD00D70A07 /* NSString+WBPredicate.h */,
				841D7E51202ED8FD00D70A07 /* NSString+WBPredicate.m */,
				C2C5D6B120A1849400DA8C54 /* NSMutableString+WBSafe.h */,
				C2C5D6B220A1849400DA8C54 /* NSMutableString+WBSafe.m */,
			);
			path = NSString;
			sourceTree = "<group>";
		};
		841D7E52202ED8FD00D70A07 /* NSUserDefaults */ = {
			isa = PBXGroup;
			children = (
				841D7E53202ED8FD00D70A07 /* NSUserDefaults+WBAdditional.h */,
				841D7E54202ED8FD00D70A07 /* NSUserDefaults+WBAdditional.m */,
			);
			path = NSUserDefaults;
			sourceTree = "<group>";
		};
		841D7E55202ED8FD00D70A07 /* QuartzCore */ = {
			isa = PBXGroup;
			children = (
				841D7E56202ED8FD00D70A07 /* UIView+WBCoreAnimation.h */,
				841D7E57202ED8FD00D70A07 /* UIView+WBCoreAnimation.m */,
			);
			path = QuartzCore;
			sourceTree = SOURCE_ROOT;
		};
		841D7E58202ED8FD00D70A07 /* Macro */ = {
			isa = PBXGroup;
			children = (
				841D7E59202ED8FD00D70A07 /* WBClearWarningMacro.h */,
				841D7E5A202ED8FD00D70A07 /* WBFontMacro.h */,
				841D7E5B202ED8FD00D70A07 /* WBMacroDefinition.h */,
				841D7E5C202ED8FD00D70A07 /* WBSingletonMacro.h */,
			);
			path = Macro;
			sourceTree = SOURCE_ROOT;
		};
		84BE3E4F2030331600AC7B7B /* UIWebView */ = {
			isa = PBXGroup;
			children = (
				84BE3E502030333800AC7B7B /* UIWebView+WBMetaParser.h */,
				84BE3E512030333800AC7B7B /* UIWebView+WBMetaParser.m */,
				84BE3E53203033E400AC7B7B /* UIWebView+WBSwipeGesture.h */,
				84BE3E54203033E400AC7B7B /* UIWebView+WBSwipeGesture.m */,
				84BE3E56203035DA00AC7B7B /* UIWebView+WBKeyValueStorage.h */,
				84BE3E57203035DA00AC7B7B /* UIWebView+WBKeyValueStorage.m */,
				84BE3E59203036B800AC7B7B /* UIWebView+WBJavaScript.h */,
				84BE3E5A203036B800AC7B7B /* UIWebView+WBJavaScript.m */,
			);
			path = UIWebView;
			sourceTree = "<group>";
		};
		84E35F9E2029889200E4683F = {
			isa = PBXGroup;
			children = (
				84E35FA92029889200E4683F /* WBCategories */,
				84E35FA82029889200E4683F /* Products */,
				667F5C34D4B29C0AFA0151E7 /* Pods */,
				F854FB4B86213C37CD5ED6BD /* Frameworks */,
			);
			sourceTree = "<group>";
		};
		84E35FA82029889200E4683F /* Products */ = {
			isa = PBXGroup;
			children = (
				84E35FA72029889200E4683F /* WBCategories.app */,
			);
			name = Products;
			sourceTree = "<group>";
		};
		84E35FA92029889200E4683F /* WBCategories */ = {
			isa = PBXGroup;
			children = (
				841D7E2F202ED8FD00D70A07 /* Foundation */,
				841D7E58202ED8FD00D70A07 /* Macro */,
				841D7E55202ED8FD00D70A07 /* QuartzCore */,
				841D7DA5202ED8FC00D70A07 /* UIKit */,
				84E35FAA2029889200E4683F /* AppDelegate.h */,
				84E35FAB2029889200E4683F /* AppDelegate.m */,
				84E35FAD2029889200E4683F /* ViewController.h */,
				84E35FAE2029889200E4683F /* ViewController.m */,
				84E35FB02029889200E4683F /* Main.storyboard */,
				84E35FB32029889200E4683F /* Assets.xcassets */,
				84E35FB52029889200E4683F /* LaunchScreen.storyboard */,
				84E35FB82029889200E4683F /* Info.plist */,
				84E35FB92029889200E4683F /* main.m */,
			);
			path = WBCategories;
			sourceTree = "<group>";
		};
		C25FB1A520E9F09E00CB0FEC /* NSData */ = {
			isa = PBXGroup;
			children = (
				C25FB1A620E9F18F00CB0FEC /* NSData+WBFragment.h */,
				C25FB1A720E9F18F00CB0FEC /* NSData+WBFragment.m */,
			);
			path = NSData;
			sourceTree = "<group>";
		};
		C286B19020B3C68E009DBDB9 /* UIAlertController */ = {
			isa = PBXGroup;
			children = (
				C286B19120B3C6A2009DBDB9 /* UIAlertController+WBAdditional.h */,
				C286B19220B3C6A2009DBDB9 /* UIAlertController+WBAdditional.m */,
			);
			path = UIAlertController;
			sourceTree = "<group>";
		};
		F854FB4B86213C37CD5ED6BD /* Frameworks */ = {
			isa = PBXGroup;
			children = (
				E5BA29418AFB0FD4A2DB97B8 /* libPods-WBCategories.a */,
			);
			name = Frameworks;
			sourceTree = "<group>";
		};
/* End PBXGroup section */

/* Begin PBXNativeTarget section */
		84E35FA62029889200E4683F /* WBCategories */ = {
			isa = PBXNativeTarget;
			buildConfigurationList = 84E35FBD2029889200E4683F /* Build configuration list for PBXNativeTarget "WBCategories" */;
			buildPhases = (
				EC6A4A52E123BC15E823E10E /* [CP] Check Pods Manifest.lock */,
				84E35FA32029889200E4683F /* Sources */,
				84E35FA42029889200E4683F /* Frameworks */,
				84E35FA52029889200E4683F /* Resources */,
			);
			buildRules = (
			);
			dependencies = (
			);
			name = WBCategories;
			productName = WBCategories;
			productReference = 84E35FA72029889200E4683F /* WBCategories.app */;
			productType = "com.apple.product-type.application";
		};
/* End PBXNativeTarget section */

/* Begin PBXProject section */
		84E35F9F2029889200E4683F /* Project object */ = {
			isa = PBXProject;
			attributes = {
				LastUpgradeCheck = 0920;
				ORGANIZATIONNAME = WENBO;
				TargetAttributes = {
					84E35FA62029889200E4683F = {
						CreatedOnToolsVersion = 9.2;
						ProvisioningStyle = Automatic;
					};
				};
			};
			buildConfigurationList = 84E35FA22029889200E4683F /* Build configuration list for PBXProject "WBCategories" */;
			compatibilityVersion = "Xcode 8.0";
			developmentRegion = en;
			hasScannedForEncodings = 0;
			knownRegions = (
				en,
				Base,
			);
			mainGroup = 84E35F9E2029889200E4683F;
			productRefGroup = 84E35FA82029889200E4683F /* Products */;
			projectDirPath = "";
			projectRoot = "";
			targets = (
				84E35FA62029889200E4683F /* WBCategories */,
			);
		};
/* End PBXProject section */

/* Begin PBXResourcesBuildPhase section */
		84E35FA52029889200E4683F /* Resources */ = {
			isa = PBXResourcesBuildPhase;
			buildActionMask = 2147483647;
			files = (
				84E35FB72029889200E4683F /* LaunchScreen.storyboard in Resources */,
				84E35FB42029889200E4683F /* Assets.xcassets in Resources */,
				84E35FB22029889200E4683F /* Main.storyboard in Resources */,
			);
			runOnlyForDeploymentPostprocessing = 0;
		};
/* End PBXResourcesBuildPhase section */

/* Begin PBXShellScriptBuildPhase section */
		EC6A4A52E123BC15E823E10E /* [CP] Check Pods Manifest.lock */ = {
			isa = PBXShellScriptBuildPhase;
			buildActionMask = 2147483647;
			files = (
			);
			inputPaths = (
				"${PODS_PODFILE_DIR_PATH}/Podfile.lock",
				"${PODS_ROOT}/Manifest.lock",
			);
			name = "[CP] Check Pods Manifest.lock";
			outputPaths = (
				"$(DERIVED_FILE_DIR)/Pods-WBCategories-checkManifestLockResult.txt",
			);
			runOnlyForDeploymentPostprocessing = 0;
			shellPath = /bin/sh;
			shellScript = "diff \"${PODS_PODFILE_DIR_PATH}/Podfile.lock\" \"${PODS_ROOT}/Manifest.lock\" > /dev/null\nif [ $? != 0 ] ; then\n    # print error to STDERR\n    echo \"error: The sandbox is not in sync with the Podfile.lock. Run 'pod install' or update your CocoaPods installation.\" >&2\n    exit 1\nfi\n# This output is used by Xcode 'outputs' to avoid re-running this script phase.\necho \"SUCCESS\" > \"${SCRIPT_OUTPUT_FILE_0}\"\n";
			showEnvVarsInLog = 0;
		};
/* End PBXShellScriptBuildPhase section */

/* Begin PBXSourcesBuildPhase section */
		84E35FA32029889200E4683F /* Sources */ = {
			isa = PBXSourcesBuildPhase;
			buildActionMask = 2147483647;
			files = (
				841D7E8A202ED8FD00D70A07 /* UIView+WBConstraints.m in Sources */,
				C2C5D6AA20A1746500DA8C54 /* NSMutableArray+WBSafe.m in Sources */,
				841D7E6D202ED8FD00D70A07 /* UIControl+WBAcitonBlock.m in Sources */,
				841D7E78202ED8FD00D70A07 /* UINavigationController+WBFullScreen.m in Sources */,
				841D7E6C202ED8FD00D70A07 /* UIColor+WBCommonColor.m in Sources */,
				841D7E92202ED8FD00D70A07 /* UIViewController+WBAdditional.m in Sources */,
				841D7EA5202ED8FD00D70A07 /* UIView+WBCoreAnimation.m in Sources */,
				841D7E94202ED8FD00D70A07 /* UIViewController+WBTransition.m in Sources */,
				841D7E8E202ED8FD00D70A07 /* UIView+WBFind.m in Sources */,
				841D7E6A202ED8FD00D70A07 /* UICollectionView+WBReload.m in Sources */,
				841D7E5E202ED8FD00D70A07 /* UIApplication+WBKeyBoardFrame.m in Sources */,
				841D7E69202ED8FD00D70A07 /* UIButton+WBShowIndicator.m in Sources */,
				841D7E88202ED8FD00D70A07 /* UIView+WBBlockGesture.m in Sources */,
				C25FB1A820E9F18F00CB0FEC /* NSData+WBFragment.m in Sources */,
				841D7E83202ED8FD00D70A07 /* UITableViewCell+FindUITableView.m in Sources */,
				841D7E6B202ED8FD00D70A07 /* UIColor+WBAdditional.m in Sources */,
				841D7E8F202ED8FD00D70A07 /* UIView+WBFrame.m in Sources */,
				C286B19320B3C6A2009DBDB9 /* UIAlertController+WBAdditional.m in Sources */,
				841D7E68202ED8FD00D70A07 /* UIButton+WBMiddleAlign.m in Sources */,
				841D7E74202ED8FD00D70A07 /* UIImage+WBEffect.m in Sources */,
				841D7E66202ED8FD00D70A07 /* UIButton+WBEnlargeTouchAreas.m in Sources */,
				841D7E9A202ED8FD00D70A07 /* NSDate+WBTimePredicate.m in Sources */,
				841D7E82202ED8FD00D70A07 /* UITableView+WBiOS7Style.m in Sources */,
				C2D1C36520AD774E00D1EB39 /* WBDateFormatterPool.m in Sources */,
				841D7E7C202ED8FD00D70A07 /* UINavigationItem+Margin.m in Sources */,
				C5F8F6EC210A258200FBDABB /* UINavigationController+WBStatusBarStyle.m in Sources */,
				841D7E86202ED8FD00D70A07 /* UIView+WBAdditional.m in Sources */,
				841D7E64202ED8FD00D70A07 /* UIButton+WBBlock.m in Sources */,
				841D7E61202ED8FD00D70A07 /* UIBarButtonItem+WBBadge.m in Sources */,
				841D7E95202ED8FD00D70A07 /* UIWindow+WBHierarchy.m in Sources */,
				C2C5D6AD20A17C3900DA8C54 /* NSDictionary+WBSafe.m in Sources */,
				84BE3E58203035DA00AC7B7B /* UIWebView+WBKeyValueStorage.m in Sources */,
				C22FC87620D3A4D600222487 /* UIImage+WBCompress.m in Sources */,
				C2C5D6B320A1849400DA8C54 /* NSMutableString+WBSafe.m in Sources */,
				841D7E60202ED8FD00D70A07 /* UIBarButtonItem+WBActionBlock.m in Sources */,
				84BE3E5E20303AE000AC7B7B /* UIColor+WBWeb.m in Sources */,
				841D7E62202ED8FD00D70A07 /* UIButton+WBAdditional.m in Sources */,
				841D7E5F202ED8FD00D70A07 /* UIApplication+WBNetworkActivityIndicator.m in Sources */,
				841D7E70202ED8FD00D70A07 /* UIDevice+WBUUID.m in Sources */,
				841D7E77202ED8FD00D70A07 /* UIImageView+WBWebCache.m in Sources */,
				841D7E85202ED8FD00D70A07 /* UIView+HGCorner.m in Sources */,
				841D7E7E202ED8FD00D70A07 /* UINavigationItem+WBLock.m in Sources */,
				841D7E9F202ED8FD00D70A07 /* NSString+WBAddtional.m in Sources */,
				84E35FAF2029889200E4683F /* ViewController.m in Sources */,
				841D7E7A202ED8FD00D70A07 /* UINavigationBarContentView+Margin.m in Sources */,
				84E35FBA2029889200E4683F /* main.m in Sources */,
				84BE3E5B203036B800AC7B7B /* UIWebView+WBJavaScript.m in Sources */,
				841D7E6E202ED8FD00D70A07 /* UIControl+WBBlock.m in Sources */,
				841D7EA4202ED8FD00D70A07 /* NSUserDefaults+WBAdditional.m in Sources */,
				841D7E67202ED8FD00D70A07 /* UIButton+WBImagePosition.m in Sources */,
				841D7E8C202ED8FD00D70A07 /* UIView+WBDraggable.m in Sources */,
				841D7EA3202ED8FD00D70A07 /* NSString+WBPredicate.m in Sources */,
				C2F37BF120A92E5200577E00 /* UIControl+WBIgnoreMutiple.m in Sources */,
				841D7EA0202ED8FD00D70A07 /* NSString+WBCreateFileName.m in Sources */,
				841D7E65202ED8FD00D70A07 /* UIButton+WBCountDown.m in Sources */,
				841D7E73202ED8FD00D70A07 /* UIImage+WBAdditional.m in Sources */,
				841D7E89202ED8FD00D70A07 /* UIView+WBBlurEffect.m in Sources */,
				841D7E98202ED8FD00D70A07 /* NSDate+WBAddtional.m in Sources */,
				841D7E91202ED8FD00D70A07 /* UIView+WBShake.m in Sources */,
				84BE3E55203033E400AC7B7B /* UIWebView+WBSwipeGesture.m in Sources */,
				841D7E7F202ED8FD00D70A07 /* UIScreen+WBFrame.m in Sources */,
				841D7E71202ED8FD00D70A07 /* WBUUID.m in Sources */,
				841D7E6F202ED8FD00D70A07 /* UIControl+WBSound.m in Sources */,
				841D7E90202ED8FD00D70A07 /* UIView+WBRecursion.m in Sources */,
				84E35FAC2029889200E4683F /* AppDelegate.m in Sources */,
				841D7E72202ED8FD00D70A07 /* UIFont+WBRuntimeSize.m in Sources */,
				841D7E9E202ED8FD00D70A07 /* NSObject+WBRuntime.m in Sources */,
				841D7E96202ED8FD00D70A07 /* NSArray+WBAdditional.m in Sources */,
				841D7E75202ED8FD00D70A07 /* UIImage+WBRotate.m in Sources */,
				841D7E9D202ED8FD00D70A07 /* NSObject+WBJSON.m in Sources */,
				841D7E7D202ED8FD00D70A07 /* UINavigationItem+WBLoading.m in Sources */,
				841D7E87202ED8FD00D70A07 /* UIView+WBBasicAnimation.m in Sources */,
				841D7E93202ED8FD00D70A07 /* UIViewController+WBRemoveTabbarButton.m in Sources */,
				841D7E80202ED8FD00D70A07 /* UIScrollView+WBAdditional.m in Sources */,
				841D7EA1202ED8FD00D70A07 /* NSString+WBDeviceInfo.m in Sources */,
				841D7E84202ED8FD00D70A07 /* UITextView+Placeholder.m in Sources */,
				841D7E79202ED8FD00D70A07 /* Swizzle.m in Sources */,
				841D7E63202ED8FD00D70A07 /* UIButton+WBAdjustPosition.m in Sources */,
				841D7E81202ED8FD00D70A07 /* UISearchBar+WBAddition.m in Sources */,
				C2C5D6B020A180E200DA8C54 /* NSMutableDictionary+WBSafe.m in Sources */,
				841D7E99202ED8FD00D70A07 /* NSDate+WBDisplayTime.m in Sources */,
				841D7EA2202ED8FD00D70A07 /* NSString+WBJavaScript.m in Sources */,
				841D7E97202ED8FD00D70A07 /* NSMutableArray+WBSort.m in Sources */,
				C2C5D6A720A155C500DA8C54 /* NSArray+WBSafe.m in Sources */,
				841D7E76202ED8FD00D70A07 /* UIImagePickerController+WBAdditional.m in Sources */,
				841D7E8B202ED8FD00D70A07 /* UIView+WBDismissKeyboard.m in Sources */,
				841D7E8D202ED8FD00D70A07 /* UIView+WBExtension.m in Sources */,
				841D7E9C202ED8FD00D70A07 /* NSDictionary+WBAdditional.m in Sources */,
				841D7E7B202ED8FD00D70A07 /* UINavigationBarContentViewLayout+Margin.m in Sources */,
				84BE3E522030333800AC7B7B /* UIWebView+WBMetaParser.m in Sources */,
				841D7E5D202ED8FD00D70A07 /* UIApplication+WBApplicationSize.m in Sources */,
			);
			runOnlyForDeploymentPostprocessing = 0;
		};
/* End PBXSourcesBuildPhase section */

/* Begin PBXVariantGroup section */
		84E35FB02029889200E4683F /* Main.storyboard */ = {
			isa = PBXVariantGroup;
			children = (
				84E35FB12029889200E4683F /* Base */,
			);
			name = Main.storyboard;
			sourceTree = "<group>";
		};
		84E35FB52029889200E4683F /* LaunchScreen.storyboard */ = {
			isa = PBXVariantGroup;
			children = (
				84E35FB62029889200E4683F /* Base */,
			);
			name = LaunchScreen.storyboard;
			sourceTree = "<group>";
		};
/* End PBXVariantGroup section */

/* Begin XCBuildConfiguration section */
		84E35FBB2029889200E4683F /* Debug */ = {
			isa = XCBuildConfiguration;
			buildSettings = {
				ALWAYS_SEARCH_USER_PATHS = NO;
				CLANG_ANALYZER_NONNULL = YES;
				CLANG_ANALYZER_NUMBER_OBJECT_CONVERSION = YES_AGGRESSIVE;
				CLANG_CXX_LANGUAGE_STANDARD = "gnu++14";
				CLANG_CXX_LIBRARY = "libc++";
				CLANG_ENABLE_MODULES = YES;
				CLANG_ENABLE_OBJC_ARC = YES;
				CLANG_WARN_BLOCK_CAPTURE_AUTORELEASING = YES;
				CLANG_WARN_BOOL_CONVERSION = YES;
				CLANG_WARN_COMMA = YES;
				CLANG_WARN_CONSTANT_CONVERSION = YES;
				CLANG_WARN_DIRECT_OBJC_ISA_USAGE = YES_ERROR;
				CLANG_WARN_DOCUMENTATION_COMMENTS = YES;
				CLANG_WARN_EMPTY_BODY = YES;
				CLANG_WARN_ENUM_CONVERSION = YES;
				CLANG_WARN_INFINITE_RECURSION = YES;
				CLANG_WARN_INT_CONVERSION = YES;
				CLANG_WARN_NON_LITERAL_NULL_CONVERSION = YES;
				CLANG_WARN_OBJC_LITERAL_CONVERSION = YES;
				CLANG_WARN_OBJC_ROOT_CLASS = YES_ERROR;
				CLANG_WARN_RANGE_LOOP_ANALYSIS = YES;
				CLANG_WARN_STRICT_PROTOTYPES = YES;
				CLANG_WARN_SUSPICIOUS_MOVE = YES;
				CLANG_WARN_UNGUARDED_AVAILABILITY = YES_AGGRESSIVE;
				CLANG_WARN_UNREACHABLE_CODE = YES;
				CLANG_WARN__DUPLICATE_METHOD_MATCH = YES;
				CODE_SIGN_IDENTITY = "iPhone Developer";
				COPY_PHASE_STRIP = NO;
				DEBUG_INFORMATION_FORMAT = dwarf;
				ENABLE_STRICT_OBJC_MSGSEND = YES;
				ENABLE_TESTABILITY = YES;
				GCC_C_LANGUAGE_STANDARD = gnu11;
				GCC_DYNAMIC_NO_PIC = NO;
				GCC_NO_COMMON_BLOCKS = YES;
				GCC_OPTIMIZATION_LEVEL = 0;
				GCC_PREPROCESSOR_DEFINITIONS = (
					"DEBUG=1",
					"$(inherited)",
				);
				GCC_WARN_64_TO_32_BIT_CONVERSION = YES;
				GCC_WARN_ABOUT_RETURN_TYPE = YES_ERROR;
				GCC_WARN_UNDECLARED_SELECTOR = YES;
				GCC_WARN_UNINITIALIZED_AUTOS = YES_AGGRESSIVE;
				GCC_WARN_UNUSED_FUNCTION = YES;
				GCC_WARN_UNUSED_VARIABLE = YES;
				IPHONEOS_DEPLOYMENT_TARGET = 11.2;
				MTL_ENABLE_DEBUG_INFO = YES;
				ONLY_ACTIVE_ARCH = YES;
				SDKROOT = iphoneos;
			};
			name = Debug;
		};
		84E35FBC2029889200E4683F /* Release */ = {
			isa = XCBuildConfiguration;
			buildSettings = {
				ALWAYS_SEARCH_USER_PATHS = NO;
				CLANG_ANALYZER_NONNULL = YES;
				CLANG_ANALYZER_NUMBER_OBJECT_CONVERSION = YES_AGGRESSIVE;
				CLANG_CXX_LANGUAGE_STANDARD = "gnu++14";
				CLANG_CXX_LIBRARY = "libc++";
				CLANG_ENABLE_MODULES = YES;
				CLANG_ENABLE_OBJC_ARC = YES;
				CLANG_WARN_BLOCK_CAPTURE_AUTORELEASING = YES;
				CLANG_WARN_BOOL_CONVERSION = YES;
				CLANG_WARN_COMMA = YES;
				CLANG_WARN_CONSTANT_CONVERSION = YES;
				CLANG_WARN_DIRECT_OBJC_ISA_USAGE = YES_ERROR;
				CLANG_WARN_DOCUMENTATION_COMMENTS = YES;
				CLANG_WARN_EMPTY_BODY = YES;
				CLANG_WARN_ENUM_CONVERSION = YES;
				CLANG_WARN_INFINITE_RECURSION = YES;
				CLANG_WARN_INT_CONVERSION = YES;
				CLANG_WARN_NON_LITERAL_NULL_CONVERSION = YES;
				CLANG_WARN_OBJC_LITERAL_CONVERSION = YES;
				CLANG_WARN_OBJC_ROOT_CLASS = YES_ERROR;
				CLANG_WARN_RANGE_LOOP_ANALYSIS = YES;
				CLANG_WARN_STRICT_PROTOTYPES = YES;
				CLANG_WARN_SUSPICIOUS_MOVE = YES;
				CLANG_WARN_UNGUARDED_AVAILABILITY = YES_AGGRESSIVE;
				CLANG_WARN_UNREACHABLE_CODE = YES;
				CLANG_WARN__DUPLICATE_METHOD_MATCH = YES;
				CODE_SIGN_IDENTITY = "iPhone Developer";
				COPY_PHASE_STRIP = NO;
				DEBUG_INFORMATION_FORMAT = "dwarf-with-dsym";
				ENABLE_NS_ASSERTIONS = NO;
				ENABLE_STRICT_OBJC_MSGSEND = YES;
				GCC_C_LANGUAGE_STANDARD = gnu11;
				GCC_NO_COMMON_BLOCKS = YES;
				GCC_WARN_64_TO_32_BIT_CONVERSION = YES;
				GCC_WARN_ABOUT_RETURN_TYPE = YES_ERROR;
				GCC_WARN_UNDECLARED_SELECTOR = YES;
				GCC_WARN_UNINITIALIZED_AUTOS = YES_AGGRESSIVE;
				GCC_WARN_UNUSED_FUNCTION = YES;
				GCC_WARN_UNUSED_VARIABLE = YES;
				IPHONEOS_DEPLOYMENT_TARGET = 11.2;
				MTL_ENABLE_DEBUG_INFO = NO;
				SDKROOT = iphoneos;
				VALIDATE_PRODUCT = YES;
			};
			name = Release;
		};
		84E35FBE2029889200E4683F /* Debug */ = {
			isa = XCBuildConfiguration;
			baseConfigurationReference = CFB7BF25A8BDC4ABEBC4DA61 /* Pods-WBCategories.debug.xcconfig */;
			buildSettings = {
				ASSETCATALOG_COMPILER_APPICON_NAME = AppIcon;
				CODE_SIGN_STYLE = Automatic;
				INFOPLIST_FILE = WBCategories/Info.plist;
				LD_RUNPATH_SEARCH_PATHS = "$(inherited) @executable_path/Frameworks";
				PRODUCT_BUNDLE_IDENTIFIER = WENBO.WBCategories;
				PRODUCT_NAME = "$(TARGET_NAME)";
				TARGETED_DEVICE_FAMILY = "1,2";
			};
			name = Debug;
		};
		84E35FBF2029889200E4683F /* Release */ = {
			isa = XCBuildConfiguration;
			baseConfigurationReference = 702FEF5FA833A2FFAA60CB42 /* Pods-WBCategories.release.xcconfig */;
			buildSettings = {
				ASSETCATALOG_COMPILER_APPICON_NAME = AppIcon;
				CODE_SIGN_STYLE = Automatic;
				INFOPLIST_FILE = WBCategories/Info.plist;
				LD_RUNPATH_SEARCH_PATHS = "$(inherited) @executable_path/Frameworks";
				PRODUCT_BUNDLE_IDENTIFIER = WENBO.WBCategories;
				PRODUCT_NAME = "$(TARGET_NAME)";
				TARGETED_DEVICE_FAMILY = "1,2";
			};
			name = Release;
		};
/* End XCBuildConfiguration section */

/* Begin XCConfigurationList section */
		84E35FA22029889200E4683F /* Build configuration list for PBXProject "WBCategories" */ = {
			isa = XCConfigurationList;
			buildConfigurations = (
				84E35FBB2029889200E4683F /* Debug */,
				84E35FBC2029889200E4683F /* Release */,
			);
			defaultConfigurationIsVisible = 0;
			defaultConfigurationName = Release;
		};
		84E35FBD2029889200E4683F /* Build configuration list for PBXNativeTarget "WBCategories" */ = {
			isa = XCConfigurationList;
			buildConfigurations = (
				84E35FBE2029889200E4683F /* Debug */,
				84E35FBF2029889200E4683F /* Release */,
			);
			defaultConfigurationIsVisible = 0;
			defaultConfigurationName = Release;
		};
/* End XCConfigurationList section */
	};
	rootObject = 84E35F9F2029889200E4683F /* Project object */;
}
