PODS:
  - libextobjc/EXTScope (0.4.1):
    - libextobjc/RuntimeExtensions
  - libextobjc/RuntimeExtensions (0.4.1)
  - SDWebImage (4.2.3):
    - SDWebImage/Core (= 4.2.3)
  - SDWebImage/Core (4.2.3)
  - UICKeyChainStore (2.1.1)

DEPENDENCIES:
  - libextobjc/EXTScope
  - SDWebImage
  - UICKeyChainStore

SPEC REPOS:
  https://github.com/CocoaPods/Specs.git:
    - libextobjc
    - SDWebImage
    - UICKeyChainStore

SPEC CHECKSUMS:
  libextobjc: a650fc1bf489a3d3a9bc2e621efa3e1006fc5471
  SDWebImage: 791bb72962b3492327ddcac4b1880bd1b5458431
  UICKeyChainStore: 239558492fa260531a0774cfc611ea83a6eaff3a

PODFILE CHECKSUM: 2030dcb3131e11455591df50f376d7922ded9b69

COCOAPODS: 1.5.0
